// !$*UTF8*$!
{
	archiveVersion = 1;
	classes = {
	};
	objectVersion = 46;
	objects = {

/* Begin PBXBuildFile section */
		346AAB7926977E73000EFF62 /* TestTupleStruct.swift in Sources */ = {isa = PBXBuildFile; fileRef = 346AAB7626977E72000EFF62 /* TestTupleStruct.swift */; };
		346AAB7A26977E73000EFF62 /* TestStruct.swift in Sources */ = {isa = PBXBuildFile; fileRef = 346AAB7726977E72000EFF62 /* TestStruct.swift */; };
		346AAB7B26977E73000EFF62 /* TestEnum.swift in Sources */ = {isa = PBXBuildFile; fileRef = 346AAB7826977E72000EFF62 /* TestEnum.swift */; };
		4B47548EA462C46F43F0485A /* Pods_IrohaSwiftSDK_Tests.framework in Frameworks */ = {isa = PBXBuildFile; fileRef = C05DCF8BCEA6334FD5B19D51 /* Pods_IrohaSwiftSDK_Tests.framework */; };
		607FACD61AFB9204008FA782 /* AppDelegate.swift in Sources */ = {isa = PBXBuildFile; fileRef = 607FACD51AFB9204008FA782 /* AppDelegate.swift */; };
		607FACD81AFB9204008FA782 /* ViewController.swift in Sources */ = {isa = PBXBuildFile; fileRef = 607FACD71AFB9204008FA782 /* ViewController.swift */; };
		607FACDB1AFB9204008FA782 /* Main.storyboard in Resources */ = {isa = PBXBuildFile; fileRef = 607FACD91AFB9204008FA782 /* Main.storyboard */; };
		607FACDD1AFB9204008FA782 /* Images.xcassets in Resources */ = {isa = PBXBuildFile; fileRef = 607FACDC1AFB9204008FA782 /* Images.xcassets */; };
		607FACE01AFB9204008FA782 /* LaunchScreen.xib in Resources */ = {isa = PBXBuildFile; fileRef = 607FACDE1AFB9204008FA782 /* LaunchScreen.xib */; };
		607FACEC1AFB9204008FA782 /* TestSCALE.swift in Sources */ = {isa = PBXBuildFile; fileRef = 607FACEB1AFB9204008FA782 /* TestSCALE.swift */; };
		6F8752069BE1D43A771489BF /* Pods_IrohaSwiftSDK_Example.framework in Frameworks */ = {isa = PBXBuildFile; fileRef = 7476B63D424EED890142CABA /* Pods_IrohaSwiftSDK_Example.framework */; };
/* End PBXBuildFile section */

/* Begin PBXContainerItemProxy section */
		607FACE61AFB9204008FA782 /* PBXContainerItemProxy */ = {
			isa = PBXContainerItemProxy;
			containerPortal = 607FACC81AFB9204008FA782 /* Project object */;
			proxyType = 1;
			remoteGlobalIDString = 607FACCF1AFB9204008FA782;
			remoteInfo = IrohaSwiftSDK;
		};
/* End PBXContainerItemProxy section */

/* Begin PBXFileReference section */
		027A9E23C295272983196A9A /* Example */ = {isa = PBXFileReference; includeInIndex = 1; lastKnownFileType = text; path = Example; sourceTree = "<group>"; };
		0FF4500B5A271CD9A0C31B83 /* Example */ = {isa = PBXFileReference; includeInIndex = 1; lastKnownFileType = text; path = Example; sourceTree = "<group>"; };
		172B705B79A2B9987D39BEAC /* . */ = {isa = PBXFileReference; includeInIndex = 1; lastKnownFileType = folder; path = .; sourceTree = "<group>"; };
		1E23057455A9AEE4007611F6 /* GeneratedIrohaModel */ = {isa = PBXFileReference; includeInIndex = 1; lastKnownFileType = folder; path = GeneratedIrohaModel; sourceTree = "<group>"; };
		1EB89E5A69C2D30EAC0FAA1C /* Example */ = {isa = PBXFileReference; includeInIndex = 1; lastKnownFileType = text; path = Example; sourceTree = "<group>"; };
		31EE9F542BA27D596AFAAE7E /* README.md */ = {isa = PBXFileReference; includeInIndex = 1; lastKnownFileType = net.daringfireball.markdown; name = README.md; path = ../README.md; sourceTree = "<group>"; };
		342653EA727F5CB8AFA63F44 /* Example */ = {isa = PBXFileReference; includeInIndex = 1; lastKnownFileType = text; path = Example; sourceTree = "<group>"; };
		346AAB7626977E72000EFF62 /* TestTupleStruct.swift */ = {isa = PBXFileReference; fileEncoding = 4; lastKnownFileType = sourcecode.swift; path = TestTupleStruct.swift; sourceTree = "<group>"; };
		346AAB7726977E72000EFF62 /* TestStruct.swift */ = {isa = PBXFileReference; fileEncoding = 4; lastKnownFileType = sourcecode.swift; path = TestStruct.swift; sourceTree = "<group>"; };
		346AAB7826977E72000EFF62 /* TestEnum.swift */ = {isa = PBXFileReference; fileEncoding = 4; lastKnownFileType = sourcecode.swift; path = TestEnum.swift; sourceTree = "<group>"; };
		3CD4E47D26F608EFB345A5A5 /* Pods-IrohaSwiftSDK_Tests.debug.xcconfig */ = {isa = PBXFileReference; includeInIndex = 1; lastKnownFileType = text.xcconfig; name = "Pods-IrohaSwiftSDK_Tests.debug.xcconfig"; path = "Target Support Files/Pods-IrohaSwiftSDK_Tests/Pods-IrohaSwiftSDK_Tests.debug.xcconfig"; sourceTree = "<group>"; };
		44FE9B8642CEE53BA5A04AE8 /* Example */ = {isa = PBXFileReference; includeInIndex = 1; lastKnownFileType = text; path = Example; sourceTree = "<group>"; };
		55F7953D62110B4C7C04184C /* Pods-IrohaSwiftSDK_Tests.release.xcconfig */ = {isa = PBXFileReference; includeInIndex = 1; lastKnownFileType = text.xcconfig; name = "Pods-IrohaSwiftSDK_Tests.release.xcconfig"; path = "Target Support Files/Pods-IrohaSwiftSDK_Tests/Pods-IrohaSwiftSDK_Tests.release.xcconfig"; sourceTree = "<group>"; };
		5FAD02D2599B6590F4403DFA /* Example */ = {isa = PBXFileReference; includeInIndex = 1; lastKnownFileType = text; path = Example; sourceTree = "<group>"; };
		607FACD01AFB9204008FA782 /* IrohaSwiftSDK_Example.app */ = {isa = PBXFileReference; explicitFileType = wrapper.application; includeInIndex = 0; path = IrohaSwiftSDK_Example.app; sourceTree = BUILT_PRODUCTS_DIR; };
		607FACD41AFB9204008FA782 /* Info.plist */ = {isa = PBXFileReference; lastKnownFileType = text.plist.xml; path = Info.plist; sourceTree = "<group>"; };
		607FACD51AFB9204008FA782 /* AppDelegate.swift */ = {isa = PBXFileReference; lastKnownFileType = sourcecode.swift; path = AppDelegate.swift; sourceTree = "<group>"; };
		607FACD71AFB9204008FA782 /* ViewController.swift */ = {isa = PBXFileReference; lastKnownFileType = sourcecode.swift; path = ViewController.swift; sourceTree = "<group>"; };
		607FACDA1AFB9204008FA782 /* Base */ = {isa = PBXFileReference; lastKnownFileType = file.storyboard; name = Base; path = Base.lproj/Main.storyboard; sourceTree = "<group>"; };
		607FACDC1AFB9204008FA782 /* Images.xcassets */ = {isa = PBXFileReference; lastKnownFileType = folder.assetcatalog; path = Images.xcassets; sourceTree = "<group>"; };
		607FACDF1AFB9204008FA782 /* Base */ = {isa = PBXFileReference; lastKnownFileType = file.xib; name = Base; path = Base.lproj/LaunchScreen.xib; sourceTree = "<group>"; };
		607FACE51AFB9204008FA782 /* IrohaSwiftSDK_Tests.xctest */ = {isa = PBXFileReference; explicitFileType = wrapper.cfbundle; includeInIndex = 0; path = IrohaSwiftSDK_Tests.xctest; sourceTree = BUILT_PRODUCTS_DIR; };
		607FACEA1AFB9204008FA782 /* Info.plist */ = {isa = PBXFileReference; lastKnownFileType = text.plist.xml; path = Info.plist; sourceTree = "<group>"; };
		607FACEB1AFB9204008FA782 /* TestSCALE.swift */ = {isa = PBXFileReference; lastKnownFileType = sourcecode.swift; path = TestSCALE.swift; sourceTree = "<group>"; };
		71CEC471A5F48A708137F891 /* Example */ = {isa = PBXFileReference; includeInIndex = 1; lastKnownFileType = text; path = Example; sourceTree = "<group>"; };
		7476B63D424EED890142CABA /* Pods_IrohaSwiftSDK_Example.framework */ = {isa = PBXFileReference; explicitFileType = wrapper.framework; includeInIndex = 0; path = Pods_IrohaSwiftSDK_Example.framework; sourceTree = BUILT_PRODUCTS_DIR; };
		78E8CF70446665ABE6A37E2A /* Example */ = {isa = PBXFileReference; includeInIndex = 1; lastKnownFileType = text; path = Example; sourceTree = "<group>"; };
		7C1EC08AF46F83A890689586 /* Example */ = {isa = PBXFileReference; includeInIndex = 1; lastKnownFileType = text; path = Example; sourceTree = "<group>"; };
		90276E3A47D7093565FAA850 /* Example */ = {isa = PBXFileReference; includeInIndex = 1; lastKnownFileType = text; path = Example; sourceTree = "<group>"; };
		9716B8AA0E4BF1DCE1FE355C /* Example */ = {isa = PBXFileReference; includeInIndex = 1; lastKnownFileType = text; path = Example; sourceTree = "<group>"; };
		A422B2E7724EEB35C9DAA87B /* GeneratedIrohaModel */ = {isa = PBXFileReference; includeInIndex = 1; lastKnownFileType = folder; path = GeneratedIrohaModel; sourceTree = "<group>"; };
		A5A9D295DE765F94C4EDBB54 /* Pods-IrohaSwiftSDK_Example.debug.xcconfig */ = {isa = PBXFileReference; includeInIndex = 1; lastKnownFileType = text.xcconfig; name = "Pods-IrohaSwiftSDK_Example.debug.xcconfig"; path = "Target Support Files/Pods-IrohaSwiftSDK_Example/Pods-IrohaSwiftSDK_Example.debug.xcconfig"; sourceTree = "<group>"; };
		B40B254B7AB1EDDA46D3A945 /* Example */ = {isa = PBXFileReference; includeInIndex = 1; lastKnownFileType = text; path = Example; sourceTree = "<group>"; };
		B7AD81A372A0ADAA9F23DC31 /* Pods-IrohaSwiftSDK_Example.release.xcconfig */ = {isa = PBXFileReference; includeInIndex = 1; lastKnownFileType = text.xcconfig; name = "Pods-IrohaSwiftSDK_Example.release.xcconfig"; path = "Target Support Files/Pods-IrohaSwiftSDK_Example/Pods-IrohaSwiftSDK_Example.release.xcconfig"; sourceTree = "<group>"; };
		C05DCF8BCEA6334FD5B19D51 /* Pods_IrohaSwiftSDK_Tests.framework */ = {isa = PBXFileReference; explicitFileType = wrapper.framework; includeInIndex = 0; path = Pods_IrohaSwiftSDK_Tests.framework; sourceTree = BUILT_PRODUCTS_DIR; };
		CA444B8994A0B4CC8D938894 /* Example */ = {isa = PBXFileReference; includeInIndex = 1; lastKnownFileType = text; path = Example; sourceTree = "<group>"; };
		D9D3F0B19D28EE8879A532FB /* . */ = {isa = PBXFileReference; includeInIndex = 1; lastKnownFileType = folder; path = .; sourceTree = "<group>"; };
		E06FEBB7F63FA1660AF67BE6 /* Example */ = {isa = PBXFileReference; includeInIndex = 1; lastKnownFileType = text; path = Example; sourceTree = "<group>"; };
		E3F7F9D6767C3F402F199CFF /* Example */ = {isa = PBXFileReference; includeInIndex = 1; lastKnownFileType = text; path = Example; sourceTree = "<group>"; };
		E6AC99D43F4BA63C3AF049B3 /* IrohaSwiftSDK.podspec */ = {isa = PBXFileReference; includeInIndex = 1; lastKnownFileType = text; name = IrohaSwiftSDK.podspec; path = ../IrohaSwiftSDK.podspec; sourceTree = "<group>"; xcLanguageSpecificationIdentifier = xcode.lang.ruby; };
		EC85C7BFE1EEB5A953F4ADB4 /* Example */ = {isa = PBXFileReference; includeInIndex = 1; lastKnownFileType = text; path = Example; sourceTree = "<group>"; };
		F527AEBA416E3A797320F81E /* LICENSE */ = {isa = PBXFileReference; includeInIndex = 1; lastKnownFileType = text; name = LICENSE; path = ../LICENSE; sourceTree = "<group>"; };
		F82075F0165DAFE7125D2D9C /* Example */ = {isa = PBXFileReference; includeInIndex = 1; lastKnownFileType = text; path = Example; sourceTree = "<group>"; };
/* End PBXFileReference section */

/* Begin PBXFrameworksBuildPhase section */
		607FACCD1AFB9204008FA782 /* Frameworks */ = {
			isa = PBXFrameworksBuildPhase;
			buildActionMask = 2147483647;
			files = (
				6F8752069BE1D43A771489BF /* Pods_IrohaSwiftSDK_Example.framework in Frameworks */,
			);
			runOnlyForDeploymentPostprocessing = 0;
		};
		607FACE21AFB9204008FA782 /* Frameworks */ = {
			isa = PBXFrameworksBuildPhase;
			buildActionMask = 2147483647;
			files = (
				4B47548EA462C46F43F0485A /* Pods_IrohaSwiftSDK_Tests.framework in Frameworks */,
			);
			runOnlyForDeploymentPostprocessing = 0;
		};
/* End PBXFrameworksBuildPhase section */

/* Begin PBXGroup section */
		346AAB8926979EF8000EFF62 /* Recovered References */ = {
			isa = PBXGroup;
			children = (
				EC85C7BFE1EEB5A953F4ADB4 /* Example */,
				027A9E23C295272983196A9A /* Example */,
				78E8CF70446665ABE6A37E2A /* Example */,
				0FF4500B5A271CD9A0C31B83 /* Example */,
				44FE9B8642CEE53BA5A04AE8 /* Example */,
				E3F7F9D6767C3F402F199CFF /* Example */,
				7C1EC08AF46F83A890689586 /* Example */,
				71CEC471A5F48A708137F891 /* Example */,
				9716B8AA0E4BF1DCE1FE355C /* Example */,
				90276E3A47D7093565FAA850 /* Example */,
				342653EA727F5CB8AFA63F44 /* Example */,
				E06FEBB7F63FA1660AF67BE6 /* Example */,
				B40B254B7AB1EDDA46D3A945 /* Example */,
				F82075F0165DAFE7125D2D9C /* Example */,
				CA444B8994A0B4CC8D938894 /* Example */,
				5FAD02D2599B6590F4403DFA /* Example */,
				1EB89E5A69C2D30EAC0FAA1C /* Example */,
				172B705B79A2B9987D39BEAC /* . */,
				D9D3F0B19D28EE8879A532FB /* . */,
				A422B2E7724EEB35C9DAA87B /* GeneratedIrohaModel */,
				1E23057455A9AEE4007611F6 /* GeneratedIrohaModel */,
			);
			name = "Recovered References";
			sourceTree = "<group>";
		};
		346AAB94269DE553000EFF62 /* SCALE Types */ = {
			isa = PBXGroup;
			children = (
				346AAB7826977E72000EFF62 /* TestEnum.swift */,
				346AAB7726977E72000EFF62 /* TestStruct.swift */,
				346AAB7626977E72000EFF62 /* TestTupleStruct.swift */,
			);
			name = "SCALE Types";
			sourceTree = "<group>";
		};
		38ACF79E5666C3FA60285198 /* Pods */ = {
			isa = PBXGroup;
			children = (
				A5A9D295DE765F94C4EDBB54 /* Pods-IrohaSwiftSDK_Example.debug.xcconfig */,
				B7AD81A372A0ADAA9F23DC31 /* Pods-IrohaSwiftSDK_Example.release.xcconfig */,
				3CD4E47D26F608EFB345A5A5 /* Pods-IrohaSwiftSDK_Tests.debug.xcconfig */,
				55F7953D62110B4C7C04184C /* Pods-IrohaSwiftSDK_Tests.release.xcconfig */,
			);
			path = Pods;
			sourceTree = "<group>";
		};
		46C04661D1802D18A9DBE35E /* Frameworks */ = {
			isa = PBXGroup;
			children = (
				7476B63D424EED890142CABA /* Pods_IrohaSwiftSDK_Example.framework */,
				C05DCF8BCEA6334FD5B19D51 /* Pods_IrohaSwiftSDK_Tests.framework */,
			);
			name = Frameworks;
			sourceTree = "<group>";
		};
		607FACC71AFB9204008FA782 = {
			isa = PBXGroup;
			children = (
				607FACF51AFB993E008FA782 /* Podspec Metadata */,
				607FACD21AFB9204008FA782 /* Example */,
				607FACE81AFB9204008FA782 /* Tests */,
				607FACD11AFB9204008FA782 /* Products */,
				38ACF79E5666C3FA60285198 /* Pods */,
				46C04661D1802D18A9DBE35E /* Frameworks */,
				346AAB8926979EF8000EFF62 /* Recovered References */,
			);
			sourceTree = "<group>";
		};
		607FACD11AFB9204008FA782 /* Products */ = {
			isa = PBXGroup;
			children = (
				607FACD01AFB9204008FA782 /* IrohaSwiftSDK_Example.app */,
				607FACE51AFB9204008FA782 /* IrohaSwiftSDK_Tests.xctest */,
			);
			name = Products;
			sourceTree = "<group>";
		};
		607FACD21AFB9204008FA782 /* Example */ = {
			isa = PBXGroup;
			children = (
				607FACD51AFB9204008FA782 /* AppDelegate.swift */,
				607FACD71AFB9204008FA782 /* ViewController.swift */,
				607FACD91AFB9204008FA782 /* Main.storyboard */,
				607FACDC1AFB9204008FA782 /* Images.xcassets */,
				607FACDE1AFB9204008FA782 /* LaunchScreen.xib */,
				607FACD31AFB9204008FA782 /* Supporting Files */,
			);
			name = Example;
			path = IrohaSwiftSDK;
			sourceTree = "<group>";
		};
		607FACD31AFB9204008FA782 /* Supporting Files */ = {
			isa = PBXGroup;
			children = (
				607FACD41AFB9204008FA782 /* Info.plist */,
			);
			name = "Supporting Files";
			sourceTree = "<group>";
		};
		607FACE81AFB9204008FA782 /* Tests */ = {
			isa = PBXGroup;
			children = (
				607FACEB1AFB9204008FA782 /* TestSCALE.swift */,
				346AAB94269DE553000EFF62 /* SCALE Types */,
				607FACE91AFB9204008FA782 /* Supporting Files */,
			);
			path = Tests;
			sourceTree = "<group>";
		};
		607FACE91AFB9204008FA782 /* Supporting Files */ = {
			isa = PBXGroup;
			children = (
				607FACEA1AFB9204008FA782 /* Info.plist */,
			);
			name = "Supporting Files";
			sourceTree = "<group>";
		};
		607FACF51AFB993E008FA782 /* Podspec Metadata */ = {
			isa = PBXGroup;
			children = (
				E6AC99D43F4BA63C3AF049B3 /* IrohaSwiftSDK.podspec */,
				31EE9F542BA27D596AFAAE7E /* README.md */,
				F527AEBA416E3A797320F81E /* LICENSE */,
			);
			name = "Podspec Metadata";
			sourceTree = "<group>";
		};
/* End PBXGroup section */

/* Begin PBXNativeTarget section */
		607FACCF1AFB9204008FA782 /* IrohaSwiftSDK_Example */ = {
			isa = PBXNativeTarget;
			buildConfigurationList = 607FACEF1AFB9204008FA782 /* Build configuration list for PBXNativeTarget "IrohaSwiftSDK_Example" */;
			buildPhases = (
				2F44C8DDFDE84D9779EDE930 /* [CP] Check Pods Manifest.lock */,
				607FACCC1AFB9204008FA782 /* Sources */,
				607FACCD1AFB9204008FA782 /* Frameworks */,
				607FACCE1AFB9204008FA782 /* Resources */,
				EC295AF97DA557BA80C68866 /* [CP] Embed Pods Frameworks */,
			);
			buildRules = (
			);
			dependencies = (
			);
			name = IrohaSwiftSDK_Example;
			productName = IrohaSwiftSDK;
			productReference = 607FACD01AFB9204008FA782 /* IrohaSwiftSDK_Example.app */;
			productType = "com.apple.product-type.application";
		};
		607FACE41AFB9204008FA782 /* IrohaSwiftSDK_Tests */ = {
			isa = PBXNativeTarget;
			buildConfigurationList = 607FACF21AFB9204008FA782 /* Build configuration list for PBXNativeTarget "IrohaSwiftSDK_Tests" */;
			buildPhases = (
				439A38C766ABE5E9A56F6C9A /* [CP] Check Pods Manifest.lock */,
				607FACE11AFB9204008FA782 /* Sources */,
				607FACE21AFB9204008FA782 /* Frameworks */,
				607FACE31AFB9204008FA782 /* Resources */,
			);
			buildRules = (
			);
			dependencies = (
				607FACE71AFB9204008FA782 /* PBXTargetDependency */,
			);
			name = IrohaSwiftSDK_Tests;
			productName = Tests;
			productReference = 607FACE51AFB9204008FA782 /* IrohaSwiftSDK_Tests.xctest */;
			productType = "com.apple.product-type.bundle.unit-test";
		};
/* End PBXNativeTarget section */

/* Begin PBXProject section */
		607FACC81AFB9204008FA782 /* Project object */ = {
			isa = PBXProject;
			attributes = {
				LastSwiftUpdateCheck = 0830;
				LastUpgradeCheck = 1250;
				ORGANIZATIONNAME = CocoaPods;
				TargetAttributes = {
					607FACCF1AFB9204008FA782 = {
						CreatedOnToolsVersion = 6.3.1;
						LastSwiftMigration = 1250;
					};
					607FACE41AFB9204008FA782 = {
						CreatedOnToolsVersion = 6.3.1;
						LastSwiftMigration = 1250;
						TestTargetID = 607FACCF1AFB9204008FA782;
					};
				};
			};
			buildConfigurationList = 607FACCB1AFB9204008FA782 /* Build configuration list for PBXProject "IrohaSwiftSDK" */;
			compatibilityVersion = "Xcode 3.2";
			developmentRegion = en;
			hasScannedForEncodings = 0;
			knownRegions = (
				en,
				Base,
			);
			mainGroup = 607FACC71AFB9204008FA782;
			productRefGroup = 607FACD11AFB9204008FA782 /* Products */;
			projectDirPath = "";
			projectRoot = "";
			targets = (
				607FACCF1AFB9204008FA782 /* IrohaSwiftSDK_Example */,
				607FACE41AFB9204008FA782 /* IrohaSwiftSDK_Tests */,
			);
		};
/* End PBXProject section */

/* Begin PBXResourcesBuildPhase section */
		607FACCE1AFB9204008FA782 /* Resources */ = {
			isa = PBXResourcesBuildPhase;
			buildActionMask = 2147483647;
			files = (
				607FACDB1AFB9204008FA782 /* Main.storyboard in Resources */,
				607FACE01AFB9204008FA782 /* LaunchScreen.xib in Resources */,
				607FACDD1AFB9204008FA782 /* Images.xcassets in Resources */,
			);
			runOnlyForDeploymentPostprocessing = 0;
		};
		607FACE31AFB9204008FA782 /* Resources */ = {
			isa = PBXResourcesBuildPhase;
			buildActionMask = 2147483647;
			files = (
			);
			runOnlyForDeploymentPostprocessing = 0;
		};
/* End PBXResourcesBuildPhase section */

/* Begin PBXShellScriptBuildPhase section */
		2F44C8DDFDE84D9779EDE930 /* [CP] Check Pods Manifest.lock */ = {
			isa = PBXShellScriptBuildPhase;
			buildActionMask = 2147483647;
			files = (
			);
			inputFileListPaths = (
			);
			inputPaths = (
				"${PODS_PODFILE_DIR_PATH}/Podfile.lock",
				"${PODS_ROOT}/Manifest.lock",
			);
			name = "[CP] Check Pods Manifest.lock";
			outputFileListPaths = (
			);
			outputPaths = (
				"$(DERIVED_FILE_DIR)/Pods-IrohaSwiftSDK_Example-checkManifestLockResult.txt",
			);
			runOnlyForDeploymentPostprocessing = 0;
			shellPath = /bin/sh;
			shellScript = "diff \"${PODS_PODFILE_DIR_PATH}/Podfile.lock\" \"${PODS_ROOT}/Manifest.lock\" > /dev/null\nif [ $? != 0 ] ; then\n    # print error to STDERR\n    echo \"error: The sandbox is not in sync with the Podfile.lock. Run 'pod install' or update your CocoaPods installation.\" >&2\n    exit 1\nfi\n# This output is used by Xcode 'outputs' to avoid re-running this script phase.\necho \"SUCCESS\" > \"${SCRIPT_OUTPUT_FILE_0}\"\n";
			showEnvVarsInLog = 0;
		};
		439A38C766ABE5E9A56F6C9A /* [CP] Check Pods Manifest.lock */ = {
			isa = PBXShellScriptBuildPhase;
			buildActionMask = 2147483647;
			files = (
			);
			inputFileListPaths = (
			);
			inputPaths = (
				"${PODS_PODFILE_DIR_PATH}/Podfile.lock",
				"${PODS_ROOT}/Manifest.lock",
			);
			name = "[CP] Check Pods Manifest.lock";
			outputFileListPaths = (
			);
			outputPaths = (
				"$(DERIVED_FILE_DIR)/Pods-IrohaSwiftSDK_Tests-checkManifestLockResult.txt",
			);
			runOnlyForDeploymentPostprocessing = 0;
			shellPath = /bin/sh;
			shellScript = "diff \"${PODS_PODFILE_DIR_PATH}/Podfile.lock\" \"${PODS_ROOT}/Manifest.lock\" > /dev/null\nif [ $? != 0 ] ; then\n    # print error to STDERR\n    echo \"error: The sandbox is not in sync with the Podfile.lock. Run 'pod install' or update your CocoaPods installation.\" >&2\n    exit 1\nfi\n# This output is used by Xcode 'outputs' to avoid re-running this script phase.\necho \"SUCCESS\" > \"${SCRIPT_OUTPUT_FILE_0}\"\n";
			showEnvVarsInLog = 0;
		};
		EC295AF97DA557BA80C68866 /* [CP] Embed Pods Frameworks */ = {
			isa = PBXShellScriptBuildPhase;
			buildActionMask = 2147483647;
			files = (
			);
			inputPaths = (
				"${PODS_ROOT}/Target Support Files/Pods-IrohaSwiftSDK_Example/Pods-IrohaSwiftSDK_Example-frameworks.sh",
				"${BUILT_PRODUCTS_DIR}/IrohaSwiftSDK/IrohaSwiftSDK.framework",
				"${BUILT_PRODUCTS_DIR}/IrohaSwiftScale/IrohaSwiftScale.framework",
			);
			name = "[CP] Embed Pods Frameworks";
			outputPaths = (
				"${TARGET_BUILD_DIR}/${FRAMEWORKS_FOLDER_PATH}/IrohaSwiftSDK.framework",
				"${TARGET_BUILD_DIR}/${FRAMEWORKS_FOLDER_PATH}/IrohaSwiftScale.framework",
			);
			runOnlyForDeploymentPostprocessing = 0;
			shellPath = /bin/sh;
			shellScript = "\"${PODS_ROOT}/Target Support Files/Pods-IrohaSwiftSDK_Example/Pods-IrohaSwiftSDK_Example-frameworks.sh\"\n";
			showEnvVarsInLog = 0;
		};
/* End PBXShellScriptBuildPhase section */

/* Begin PBXSourcesBuildPhase section */
		607FACCC1AFB9204008FA782 /* Sources */ = {
			isa = PBXSourcesBuildPhase;
			buildActionMask = 2147483647;
			files = (
				607FACD81AFB9204008FA782 /* ViewController.swift in Sources */,
				607FACD61AFB9204008FA782 /* AppDelegate.swift in Sources */,
			);
			runOnlyForDeploymentPostprocessing = 0;
		};
		607FACE11AFB9204008FA782 /* Sources */ = {
			isa = PBXSourcesBuildPhase;
			buildActionMask = 2147483647;
			files = (
				607FACEC1AFB9204008FA782 /* TestSCALE.swift in Sources */,
				346AAB7926977E73000EFF62 /* TestTupleStruct.swift in Sources */,
				346AAB7B26977E73000EFF62 /* TestEnum.swift in Sources */,
				346AAB7A26977E73000EFF62 /* TestStruct.swift in Sources */,
			);
			runOnlyForDeploymentPostprocessing = 0;
		};
/* End PBXSourcesBuildPhase section */

/* Begin PBXTargetDependency section */
		607FACE71AFB9204008FA782 /* PBXTargetDependency */ = {
			isa = PBXTargetDependency;
			target = 607FACCF1AFB9204008FA782 /* IrohaSwiftSDK_Example */;
			targetProxy = 607FACE61AFB9204008FA782 /* PBXContainerItemProxy */;
		};
/* End PBXTargetDependency section */

/* Begin PBXVariantGroup section */
		607FACD91AFB9204008FA782 /* Main.storyboard */ = {
			isa = PBXVariantGroup;
			children = (
				607FACDA1AFB9204008FA782 /* Base */,
			);
			name = Main.storyboard;
			sourceTree = "<group>";
		};
		607FACDE1AFB9204008FA782 /* LaunchScreen.xib */ = {
			isa = PBXVariantGroup;
			children = (
				607FACDF1AFB9204008FA782 /* Base */,
			);
			name = LaunchScreen.xib;
			sourceTree = "<group>";
		};
/* End PBXVariantGroup section */

/* Begin XCBuildConfiguration section */
		607FACED1AFB9204008FA782 /* Debug */ = {
			isa = XCBuildConfiguration;
			buildSettings = {
				ALWAYS_SEARCH_USER_PATHS = NO;
				CLANG_ANALYZER_LOCALIZABILITY_NONLOCALIZED = YES;
				CLANG_CXX_LANGUAGE_STANDARD = "gnu++0x";
				CLANG_CXX_LIBRARY = "libc++";
				CLANG_ENABLE_MODULES = YES;
				CLANG_ENABLE_OBJC_ARC = YES;
				CLANG_WARN_BLOCK_CAPTURE_AUTORELEASING = YES;
				CLANG_WARN_BOOL_CONVERSION = YES;
				CLANG_WARN_COMMA = YES;
				CLANG_WARN_CONSTANT_CONVERSION = YES;
				CLANG_WARN_DEPRECATED_OBJC_IMPLEMENTATIONS = YES;
				CLANG_WARN_DIRECT_OBJC_ISA_USAGE = YES_ERROR;
				CLANG_WARN_EMPTY_BODY = YES;
				CLANG_WARN_ENUM_CONVERSION = YES;
				CLANG_WARN_INFINITE_RECURSION = YES;
				CLANG_WARN_INT_CONVERSION = YES;
				CLANG_WARN_NON_LITERAL_NULL_CONVERSION = YES;
				CLANG_WARN_OBJC_IMPLICIT_RETAIN_SELF = YES;
				CLANG_WARN_OBJC_LITERAL_CONVERSION = YES;
				CLANG_WARN_OBJC_ROOT_CLASS = YES_ERROR;
				CLANG_WARN_QUOTED_INCLUDE_IN_FRAMEWORK_HEADER = YES;
				CLANG_WARN_RANGE_LOOP_ANALYSIS = YES;
				CLANG_WARN_STRICT_PROTOTYPES = YES;
				CLANG_WARN_SUSPICIOUS_MOVE = YES;
				CLANG_WARN_UNREACHABLE_CODE = YES;
				CLANG_WARN__DUPLICATE_METHOD_MATCH = YES;
				"CODE_SIGN_IDENTITY[sdk=iphoneos*]" = "iPhone Developer";
				COPY_PHASE_STRIP = NO;
				DEBUG_INFORMATION_FORMAT = "dwarf-with-dsym";
				ENABLE_STRICT_OBJC_MSGSEND = YES;
				ENABLE_TESTABILITY = YES;
				GCC_C_LANGUAGE_STANDARD = gnu99;
				GCC_DYNAMIC_NO_PIC = NO;
				GCC_NO_COMMON_BLOCKS = YES;
				GCC_OPTIMIZATION_LEVEL = 0;
				GCC_PREPROCESSOR_DEFINITIONS = (
					"DEBUG=1",
					"$(inherited)",
				);
				GCC_SYMBOLS_PRIVATE_EXTERN = NO;
				GCC_WARN_64_TO_32_BIT_CONVERSION = YES;
				GCC_WARN_ABOUT_RETURN_TYPE = YES_ERROR;
				GCC_WARN_UNDECLARED_SELECTOR = YES;
				GCC_WARN_UNINITIALIZED_AUTOS = YES_AGGRESSIVE;
				GCC_WARN_UNUSED_FUNCTION = YES;
				GCC_WARN_UNUSED_VARIABLE = YES;
				IPHONEOS_DEPLOYMENT_TARGET = 12.0;
				MTL_ENABLE_DEBUG_INFO = YES;
				ONLY_ACTIVE_ARCH = YES;
				SDKROOT = iphoneos;
				SWIFT_OPTIMIZATION_LEVEL = "-Onone";
			};
			name = Debug;
		};
		607FACEE1AFB9204008FA782 /* Release */ = {
			isa = XCBuildConfiguration;
			buildSettings = {
				ALWAYS_SEARCH_USER_PATHS = NO;
				CLANG_ANALYZER_LOCALIZABILITY_NONLOCALIZED = YES;
				CLANG_CXX_LANGUAGE_STANDARD = "gnu++0x";
				CLANG_CXX_LIBRARY = "libc++";
				CLANG_ENABLE_MODULES = YES;
				CLANG_ENABLE_OBJC_ARC = YES;
				CLANG_WARN_BLOCK_CAPTURE_AUTORELEASING = YES;
				CLANG_WARN_BOOL_CONVERSION = YES;
				CLANG_WARN_COMMA = YES;
				CLANG_WARN_CONSTANT_CONVERSION = YES;
				CLANG_WARN_DEPRECATED_OBJC_IMPLEMENTATIONS = YES;
				CLANG_WARN_DIRECT_OBJC_ISA_USAGE = YES_ERROR;
				CLANG_WARN_EMPTY_BODY = YES;
				CLANG_WARN_ENUM_CONVERSION = YES;
				CLANG_WARN_INFINITE_RECURSION = YES;
				CLANG_WARN_INT_CONVERSION = YES;
				CLANG_WARN_NON_LITERAL_NULL_CONVERSION = YES;
				CLANG_WARN_OBJC_IMPLICIT_RETAIN_SELF = YES;
				CLANG_WARN_OBJC_LITERAL_CONVERSION = YES;
				CLANG_WARN_OBJC_ROOT_CLASS = YES_ERROR;
				CLANG_WARN_QUOTED_INCLUDE_IN_FRAMEWORK_HEADER = YES;
				CLANG_WARN_RANGE_LOOP_ANALYSIS = YES;
				CLANG_WARN_STRICT_PROTOTYPES = YES;
				CLANG_WARN_SUSPICIOUS_MOVE = YES;
				CLANG_WARN_UNREACHABLE_CODE = YES;
				CLANG_WARN__DUPLICATE_METHOD_MATCH = YES;
				"CODE_SIGN_IDENTITY[sdk=iphoneos*]" = "iPhone Developer";
				COPY_PHASE_STRIP = NO;
				DEBUG_INFORMATION_FORMAT = "dwarf-with-dsym";
				ENABLE_NS_ASSERTIONS = NO;
				ENABLE_STRICT_OBJC_MSGSEND = YES;
				GCC_C_LANGUAGE_STANDARD = gnu99;
				GCC_NO_COMMON_BLOCKS = YES;
				GCC_WARN_64_TO_32_BIT_CONVERSION = YES;
				GCC_WARN_ABOUT_RETURN_TYPE = YES_ERROR;
				GCC_WARN_UNDECLARED_SELECTOR = YES;
				GCC_WARN_UNINITIALIZED_AUTOS = YES_AGGRESSIVE;
				GCC_WARN_UNUSED_FUNCTION = YES;
				GCC_WARN_UNUSED_VARIABLE = YES;
				IPHONEOS_DEPLOYMENT_TARGET = 12.0;
				MTL_ENABLE_DEBUG_INFO = NO;
				SDKROOT = iphoneos;
				SWIFT_OPTIMIZATION_LEVEL = "-Owholemodule";
				VALIDATE_PRODUCT = YES;
			};
			name = Release;
		};
		607FACF01AFB9204008FA782 /* Debug */ = {
			isa = XCBuildConfiguration;
			baseConfigurationReference = A5A9D295DE765F94C4EDBB54 /* Pods-IrohaSwiftSDK_Example.debug.xcconfig */;
			buildSettings = {
				ASSETCATALOG_COMPILER_APPICON_NAME = AppIcon;
				INFOPLIST_FILE = IrohaSwiftSDK/Info.plist;
				LD_RUNPATH_SEARCH_PATHS = "$(inherited) @executable_path/Frameworks";
				MODULE_NAME = ExampleApp;
				PRODUCT_BUNDLE_IDENTIFIER = "org.cocoapods.demo.$(PRODUCT_NAME:rfc1034identifier)";
				PRODUCT_NAME = "$(TARGET_NAME)";
				SWIFT_SWIFT3_OBJC_INFERENCE = Default;
				SWIFT_VERSION = 5.0;
			};
			name = Debug;
		};
		607FACF11AFB9204008FA782 /* Release */ = {
			isa = XCBuildConfiguration;
			baseConfigurationReference = B7AD81A372A0ADAA9F23DC31 /* Pods-IrohaSwiftSDK_Example.release.xcconfig */;
			buildSettings = {
				ASSETCATALOG_COMPILER_APPICON_NAME = AppIcon;
				INFOPLIST_FILE = IrohaSwiftSDK/Info.plist;
				LD_RUNPATH_SEARCH_PATHS = "$(inherited) @executable_path/Frameworks";
				MODULE_NAME = ExampleApp;
				PRODUCT_BUNDLE_IDENTIFIER = "org.cocoapods.demo.$(PRODUCT_NAME:rfc1034identifier)";
				PRODUCT_NAME = "$(TARGET_NAME)";
				SWIFT_SWIFT3_OBJC_INFERENCE = Default;
				SWIFT_VERSION = 5.0;
			};
			name = Release;
		};
		607FACF31AFB9204008FA782 /* Debug */ = {
			isa = XCBuildConfiguration;
			baseConfigurationReference = 3CD4E47D26F608EFB345A5A5 /* Pods-IrohaSwiftSDK_Tests.debug.xcconfig */;
			buildSettings = {
				FRAMEWORK_SEARCH_PATHS = (
					"$(PLATFORM_DIR)/Developer/Library/Frameworks",
					"$(inherited)",
				);
				GCC_PREPROCESSOR_DEFINITIONS = (
					"DEBUG=1",
					"$(inherited)",
				);
				INFOPLIST_FILE = Tests/Info.plist;
				LD_RUNPATH_SEARCH_PATHS = "$(inherited) @executable_path/Frameworks @loader_path/Frameworks";
				PRODUCT_BUNDLE_IDENTIFIER = "org.cocoapods.$(PRODUCT_NAME:rfc1034identifier)";
				PRODUCT_NAME = "$(TARGET_NAME)";
				SWIFT_SWIFT3_OBJC_INFERENCE = Default;
				SWIFT_VERSION = 5.0;
				TEST_HOST = "$(BUILT_PRODUCTS_DIR)/IrohaSwiftSDK_Example.app/IrohaSwiftSDK_Example";
			};
			name = Debug;
		};
		607FACF41AFB9204008FA782 /* Release */ = {
			isa = XCBuildConfiguration;
			baseConfigurationReference = 55F7953D62110B4C7C04184C /* Pods-IrohaSwiftSDK_Tests.release.xcconfig */;
			buildSettings = {
				FRAMEWORK_SEARCH_PATHS = (
					"$(PLATFORM_DIR)/Developer/Library/Frameworks",
					"$(inherited)",
				);
				INFOPLIST_FILE = Tests/Info.plist;
				LD_RUNPATH_SEARCH_PATHS = "$(inherited) @executable_path/Frameworks @loader_path/Frameworks";
				PRODUCT_BUNDLE_IDENTIFIER = "org.cocoapods.$(PRODUCT_NAME:rfc1034identifier)";
				PRODUCT_NAME = "$(TARGET_NAME)";
				SWIFT_SWIFT3_OBJC_INFERENCE = Default;
				SWIFT_VERSION = 5.0;
				TEST_HOST = "$(BUILT_PRODUCTS_DIR)/IrohaSwiftSDK_Example.app/IrohaSwiftSDK_Example";
			};
			name = Release;
		};
/* End XCBuildConfiguration section */

/* Begin XCConfigurationList section */
		607FACCB1AFB9204008FA782 /* Build configuration list for PBXProject "IrohaSwiftSDK" */ = {
			isa = XCConfigurationList;
			buildConfigurations = (
				607FACED1AFB9204008FA782 /* Debug */,
				607FACEE1AFB9204008FA782 /* Release */,
			);
			defaultConfigurationIsVisible = 0;
			defaultConfigurationName = Release;
		};
		607FACEF1AFB9204008FA782 /* Build configuration list for PBXNativeTarget "IrohaSwiftSDK_Example" */ = {
			isa = XCConfigurationList;
			buildConfigurations = (
				607FACF01AFB9204008FA782 /* Debug */,
				607FACF11AFB9204008FA782 /* Release */,
			);
			defaultConfigurationIsVisible = 0;
			defaultConfigurationName = Release;
		};
		607FACF21AFB9204008FA782 /* Build configuration list for PBXNativeTarget "IrohaSwiftSDK_Tests" */ = {
			isa = XCConfigurationList;
			buildConfigurations = (
				607FACF31AFB9204008FA782 /* Debug */,
				607FACF41AFB9204008FA782 /* Release */,
			);
			defaultConfigurationIsVisible = 0;
			defaultConfigurationName = Release;
		};
/* End XCConfigurationList section */
	};
	rootObject = 607FACC81AFB9204008FA782 /* Project object */;
}
