// !$*UTF8*$!
{
	archiveVersion = 1;
	classes = {
	};
	objectVersion = 46;
	objects = {

/* Begin PBXBuildFile section */
		0200345E21C62D3F001A6A53 /* IRDomainTests.m in Sources */ = {isa = PBXBuildFile; fileRef = 0200345C21C62D3F001A6A53 /* IRDomainTests.m */; };
		0200345F21C62D3F001A6A53 /* IRAccountIdTests.m in Sources */ = {isa = PBXBuildFile; fileRef = 0200345D21C62D3F001A6A53 /* IRAccountIdTests.m */; };
		0200346121C63F45001A6A53 /* IRAddressTests.m in Sources */ = {isa = PBXBuildFile; fileRef = 0200346021C63F45001A6A53 /* IRAddressTests.m */; };
		0200346F21C840D1001A6A53 /* IRAmountTests.m in Sources */ = {isa = PBXBuildFile; fileRef = 0200346E21C840D1001A6A53 /* IRAmountTests.m */; };
		0200347121C849FF001A6A53 /* IRAssetIdTests.m in Sources */ = {isa = PBXBuildFile; fileRef = 0200347021C849FF001A6A53 /* IRAssetIdTests.m */; };
		0200347321C84E5C001A6A53 /* IRRoleNameTests.m in Sources */ = {isa = PBXBuildFile; fileRef = 0200347221C84E5C001A6A53 /* IRRoleNameTests.m */; };
		0200347521C8516F001A6A53 /* IRGrantablePermissionTests.m in Sources */ = {isa = PBXBuildFile; fileRef = 0200347421C8516F001A6A53 /* IRGrantablePermissionTests.m */; };
		0200347721C853E2001A6A53 /* IRRolePermissionTests.m in Sources */ = {isa = PBXBuildFile; fileRef = 0200347621C853E2001A6A53 /* IRRolePermissionTests.m */; };
		021C24AF21DCDDE3005D5304 /* IRPaginationTests.m in Sources */ = {isa = PBXBuildFile; fileRef = 021C24AE21DCDDE3005D5304 /* IRPaginationTests.m */; };
		021C24E821DD3C90005D5304 /* IRQueryBuilderTests.m in Sources */ = {isa = PBXBuildFile; fileRef = 021C24E721DD3C90005D5304 /* IRQueryBuilderTests.m */; };
		021C24F021DDF706005D5304 /* IRAccountAssetTests.m in Sources */ = {isa = PBXBuildFile; fileRef = 021C24EF21DDF706005D5304 /* IRAccountAssetTests.m */; };
		021C843D21EA6E950037F633 /* IRBlockQueryBuilderTests.m in Sources */ = {isa = PBXBuildFile; fileRef = 021C843C21EA6E950037F633 /* IRBlockQueryBuilderTests.m */; };
		021C844521EB54080037F633 /* Error+String.swift in Sources */ = {isa = PBXBuildFile; fileRef = 021C844421EB54080037F633 /* Error+String.swift */; };
		021C845A21ED12B40037F633 /* XCTest.framework in Frameworks */ = {isa = PBXBuildFile; fileRef = 6003F5AF195388D20070C39A /* XCTest.framework */; };
		021C845B21ED12B40037F633 /* UIKit.framework in Frameworks */ = {isa = PBXBuildFile; fileRef = 6003F591195388D20070C39A /* UIKit.framework */; };
		021C845C21ED12B40037F633 /* Foundation.framework in Frameworks */ = {isa = PBXBuildFile; fileRef = 6003F58D195388D20070C39A /* Foundation.framework */; };
		02D656AE21F12DC300AAA66A /* IRCreateAssetTest.m in Sources */ = {isa = PBXBuildFile; fileRef = 02D6569F21F12DC300AAA66A /* IRCreateAssetTest.m */; };
		02D656AF21F12DC300AAA66A /* IRCreateAccountTest.m in Sources */ = {isa = PBXBuildFile; fileRef = 02D656A021F12DC300AAA66A /* IRCreateAccountTest.m */; };
		02D656B021F12DC300AAA66A /* IRCreateDomainTest.m in Sources */ = {isa = PBXBuildFile; fileRef = 02D656A121F12DC300AAA66A /* IRCreateDomainTest.m */; };
		02D656B721F12DC300AAA66A /* IRBaseIrohaContainerTests.m in Sources */ = {isa = PBXBuildFile; fileRef = 02D656AA21F12DC300AAA66A /* IRBaseIrohaContainerTests.m */; };
		02D656B821F12DC300AAA66A /* IRIrohaContainer.m in Sources */ = {isa = PBXBuildFile; fileRef = 02D656AB21F12DC300AAA66A /* IRIrohaContainer.m */; };
		02D656BF21F19F7500AAA66A /* IRCreateRoleTest.m in Sources */ = {isa = PBXBuildFile; fileRef = 02D656BD21F19F6B00AAA66A /* IRCreateRoleTest.m */; };
		02D656CD21F285E100AAA66A /* IRCancellableTests.m in Sources */ = {isa = PBXBuildFile; fileRef = 02D656CC21F285E100AAA66A /* IRCancellableTests.m */; };
		02E3198B21D0FEF000B33B66 /* IRTransactionTests.m in Sources */ = {isa = PBXBuildFile; fileRef = 02E3198A21D0FEF000B33B66 /* IRTransactionTests.m */; };
		02E319DD21DBB18500B33B66 /* IRPromiseTests.m in Sources */ = {isa = PBXBuildFile; fileRef = 02E319DC21DBB18500B33B66 /* IRPromiseTests.m */; };
		02E31A2721DC050E00B33B66 /* AppDelegate.swift in Sources */ = {isa = PBXBuildFile; fileRef = 02E31A2621DC050E00B33B66 /* AppDelegate.swift */; };
		02E31A2921DC050E00B33B66 /* ViewController.swift in Sources */ = {isa = PBXBuildFile; fileRef = 02E31A2821DC050E00B33B66 /* ViewController.swift */; };
		02E31A2C21DC050E00B33B66 /* Main.storyboard in Resources */ = {isa = PBXBuildFile; fileRef = 02E31A2A21DC050E00B33B66 /* Main.storyboard */; };
		02E31A2E21DC050E00B33B66 /* Assets.xcassets in Resources */ = {isa = PBXBuildFile; fileRef = 02E31A2D21DC050E00B33B66 /* Assets.xcassets */; };
		02E31A3121DC050E00B33B66 /* LaunchScreen.storyboard in Resources */ = {isa = PBXBuildFile; fileRef = 02E31A2F21DC050E00B33B66 /* LaunchScreen.storyboard */; };
		02ED8DC521EE8DD80068AF05 /* AppDelegate.swift in Sources */ = {isa = PBXBuildFile; fileRef = 02E31A2621DC050E00B33B66 /* AppDelegate.swift */; };
		02ED8DC621EE8DD80068AF05 /* Error+String.swift in Sources */ = {isa = PBXBuildFile; fileRef = 021C844421EB54080037F633 /* Error+String.swift */; };
		02ED8DCA21EE8DD80068AF05 /* LaunchScreen.storyboard in Resources */ = {isa = PBXBuildFile; fileRef = 02E31A2F21DC050E00B33B66 /* LaunchScreen.storyboard */; };
		02ED8DCB21EE8DD80068AF05 /* Assets.xcassets in Resources */ = {isa = PBXBuildFile; fileRef = 02E31A2D21DC050E00B33B66 /* Assets.xcassets */; };
		02ED8DCC21EE8DD80068AF05 /* Main.storyboard in Resources */ = {isa = PBXBuildFile; fileRef = 02E31A2A21DC050E00B33B66 /* Main.storyboard */; };
		02ED8DD521EE8E740068AF05 /* ViewController.swift in Sources */ = {isa = PBXBuildFile; fileRef = 02ED8DD421EE8E740068AF05 /* ViewController.swift */; };
		45A7E684E1D1F39915CA840F /* Pods_IrohaExample.framework in Frameworks */ = {isa = PBXBuildFile; fileRef = F09ACAD13C939D198160D383 /* Pods_IrohaExample.framework */; };
		5E884FDAF0C0DE06A95DD892 /* Pods_IntegrationTests.framework in Frameworks */ = {isa = PBXBuildFile; fileRef = 9CA67C26A81EB59902096272 /* Pods_IntegrationTests.framework */; };
		6003F5B0195388D20070C39A /* XCTest.framework in Frameworks */ = {isa = PBXBuildFile; fileRef = 6003F5AF195388D20070C39A /* XCTest.framework */; };
		6003F5B1195388D20070C39A /* Foundation.framework in Frameworks */ = {isa = PBXBuildFile; fileRef = 6003F58D195388D20070C39A /* Foundation.framework */; };
		6003F5B2195388D20070C39A /* UIKit.framework in Frameworks */ = {isa = PBXBuildFile; fileRef = 6003F591195388D20070C39A /* UIKit.framework */; };
		6003F5BA195388D20070C39A /* InfoPlist.strings in Resources */ = {isa = PBXBuildFile; fileRef = 6003F5B8195388D20070C39A /* InfoPlist.strings */; };
		7C8964A2BAE86B246752F5D5 /* Pods_UnitTests.framework in Frameworks */ = {isa = PBXBuildFile; fileRef = 872B4DCAED8E7A58AFC8B200 /* Pods_UnitTests.framework */; };
		8CA1A478927FFA33BA30A5B4 /* Pods_IntegrationTestHost.framework in Frameworks */ = {isa = PBXBuildFile; fileRef = 175938D8DE70C85E0CEA25AF /* Pods_IntegrationTestHost.framework */; };
/* End PBXBuildFile section */

/* Begin PBXContainerItemProxy section */
		021C844821ED12B40037F633 /* PBXContainerItemProxy */ = {
			isa = PBXContainerItemProxy;
			containerPortal = 6003F582195388D10070C39A /* Project object */;
			proxyType = 1;
			remoteGlobalIDString = 02E31A2321DC050E00B33B66;
			remoteInfo = IrohaExample;
		};
		02E31A3621DC110300B33B66 /* PBXContainerItemProxy */ = {
			isa = PBXContainerItemProxy;
			containerPortal = 6003F582195388D10070C39A /* Project object */;
			proxyType = 1;
			remoteGlobalIDString = 02E31A2321DC050E00B33B66;
			remoteInfo = IrohaExample;
		};
		02ED8DD621EE8EE70068AF05 /* PBXContainerItemProxy */ = {
			isa = PBXContainerItemProxy;
			containerPortal = 6003F582195388D10070C39A /* Project object */;
			proxyType = 1;
			remoteGlobalIDString = 02ED8DC121EE8DD80068AF05;
			remoteInfo = IntegrationTestHost;
		};
		02ED8DD821EE8EF10068AF05 /* PBXContainerItemProxy */ = {
			isa = PBXContainerItemProxy;
			containerPortal = 6003F582195388D10070C39A /* Project object */;
			proxyType = 1;
			remoteGlobalIDString = 02ED8DC121EE8DD80068AF05;
			remoteInfo = IntegrationTestHost;
		};
/* End PBXContainerItemProxy section */

/* Begin PBXFileReference section */
		0200345C21C62D3F001A6A53 /* IRDomainTests.m */ = {isa = PBXFileReference; fileEncoding = 4; lastKnownFileType = sourcecode.c.objc; path = IRDomainTests.m; sourceTree = "<group>"; };
		0200345D21C62D3F001A6A53 /* IRAccountIdTests.m */ = {isa = PBXFileReference; fileEncoding = 4; lastKnownFileType = sourcecode.c.objc; path = IRAccountIdTests.m; sourceTree = "<group>"; };
		0200346021C63F45001A6A53 /* IRAddressTests.m */ = {isa = PBXFileReference; lastKnownFileType = sourcecode.c.objc; path = IRAddressTests.m; sourceTree = "<group>"; };
		0200346E21C840D1001A6A53 /* IRAmountTests.m */ = {isa = PBXFileReference; lastKnownFileType = sourcecode.c.objc; path = IRAmountTests.m; sourceTree = "<group>"; };
		0200347021C849FF001A6A53 /* IRAssetIdTests.m */ = {isa = PBXFileReference; lastKnownFileType = sourcecode.c.objc; path = IRAssetIdTests.m; sourceTree = "<group>"; };
		0200347221C84E5C001A6A53 /* IRRoleNameTests.m */ = {isa = PBXFileReference; lastKnownFileType = sourcecode.c.objc; path = IRRoleNameTests.m; sourceTree = "<group>"; };
		0200347421C8516F001A6A53 /* IRGrantablePermissionTests.m */ = {isa = PBXFileReference; lastKnownFileType = sourcecode.c.objc; path = IRGrantablePermissionTests.m; sourceTree = "<group>"; };
		0200347621C853E2001A6A53 /* IRRolePermissionTests.m */ = {isa = PBXFileReference; lastKnownFileType = sourcecode.c.objc; path = IRRolePermissionTests.m; sourceTree = "<group>"; };
		021C24AE21DCDDE3005D5304 /* IRPaginationTests.m */ = {isa = PBXFileReference; lastKnownFileType = sourcecode.c.objc; path = IRPaginationTests.m; sourceTree = "<group>"; };
		021C24E721DD3C90005D5304 /* IRQueryBuilderTests.m */ = {isa = PBXFileReference; fileEncoding = 4; lastKnownFileType = sourcecode.c.objc; path = IRQueryBuilderTests.m; sourceTree = "<group>"; };
		021C24EF21DDF706005D5304 /* IRAccountAssetTests.m */ = {isa = PBXFileReference; lastKnownFileType = sourcecode.c.objc; path = IRAccountAssetTests.m; sourceTree = "<group>"; };
		021C843C21EA6E950037F633 /* IRBlockQueryBuilderTests.m */ = {isa = PBXFileReference; lastKnownFileType = sourcecode.c.objc; path = IRBlockQueryBuilderTests.m; sourceTree = "<group>"; };
		021C844421EB54080037F633 /* Error+String.swift */ = {isa = PBXFileReference; lastKnownFileType = sourcecode.swift; path = "Error+String.swift"; sourceTree = "<group>"; };
		021C846321ED12B40037F633 /* IntegrationTests.xctest */ = {isa = PBXFileReference; explicitFileType = wrapper.cfbundle; includeInIndex = 0; path = IntegrationTests.xctest; sourceTree = BUILT_PRODUCTS_DIR; };
		02D6569F21F12DC300AAA66A /* IRCreateAssetTest.m */ = {isa = PBXFileReference; fileEncoding = 4; lastKnownFileType = sourcecode.c.objc; path = IRCreateAssetTest.m; sourceTree = "<group>"; };
		02D656A021F12DC300AAA66A /* IRCreateAccountTest.m */ = {isa = PBXFileReference; fileEncoding = 4; lastKnownFileType = sourcecode.c.objc; path = IRCreateAccountTest.m; sourceTree = "<group>"; };
		02D656A121F12DC300AAA66A /* IRCreateDomainTest.m */ = {isa = PBXFileReference; fileEncoding = 4; lastKnownFileType = sourcecode.c.objc; path = IRCreateDomainTest.m; sourceTree = "<group>"; };
		02D656AA21F12DC300AAA66A /* IRBaseIrohaContainerTests.m */ = {isa = PBXFileReference; fileEncoding = 4; lastKnownFileType = sourcecode.c.objc; path = IRBaseIrohaContainerTests.m; sourceTree = "<group>"; };
		02D656AB21F12DC300AAA66A /* IRIrohaContainer.m */ = {isa = PBXFileReference; fileEncoding = 4; lastKnownFileType = sourcecode.c.objc; path = IRIrohaContainer.m; sourceTree = "<group>"; };
		02D656AC21F12DC300AAA66A /* IRBaseIrohaContainerTests.h */ = {isa = PBXFileReference; fileEncoding = 4; lastKnownFileType = sourcecode.c.h; path = IRBaseIrohaContainerTests.h; sourceTree = "<group>"; };
		02D656AD21F12DC300AAA66A /* IRIrohaContainer.h */ = {isa = PBXFileReference; fileEncoding = 4; lastKnownFileType = sourcecode.c.h; path = IRIrohaContainer.h; sourceTree = "<group>"; };
		02D656BC21F12E7700AAA66A /* IntegrationTests-Info.plist */ = {isa = PBXFileReference; lastKnownFileType = text.plist.xml; path = "IntegrationTests-Info.plist"; sourceTree = SOURCE_ROOT; };
		02D656BD21F19F6B00AAA66A /* IRCreateRoleTest.m */ = {isa = PBXFileReference; lastKnownFileType = sourcecode.c.objc; path = IRCreateRoleTest.m; sourceTree = "<group>"; };
		02D656CC21F285E100AAA66A /* IRCancellableTests.m */ = {isa = PBXFileReference; lastKnownFileType = sourcecode.c.objc; path = IRCancellableTests.m; sourceTree = "<group>"; };
		02E3198A21D0FEF000B33B66 /* IRTransactionTests.m */ = {isa = PBXFileReference; lastKnownFileType = sourcecode.c.objc; path = IRTransactionTests.m; sourceTree = "<group>"; };
		02E319DC21DBB18500B33B66 /* IRPromiseTests.m */ = {isa = PBXFileReference; fileEncoding = 4; lastKnownFileType = sourcecode.c.objc; path = IRPromiseTests.m; sourceTree = "<group>"; };
		02E31A2421DC050E00B33B66 /* IrohaExample.app */ = {isa = PBXFileReference; explicitFileType = wrapper.application; includeInIndex = 0; path = IrohaExample.app; sourceTree = BUILT_PRODUCTS_DIR; };
		02E31A2621DC050E00B33B66 /* AppDelegate.swift */ = {isa = PBXFileReference; lastKnownFileType = sourcecode.swift; path = AppDelegate.swift; sourceTree = "<group>"; };
		02E31A2821DC050E00B33B66 /* ViewController.swift */ = {isa = PBXFileReference; lastKnownFileType = sourcecode.swift; path = ViewController.swift; sourceTree = "<group>"; };
		02E31A2B21DC050E00B33B66 /* Base */ = {isa = PBXFileReference; lastKnownFileType = file.storyboard; name = Base; path = Base.lproj/Main.storyboard; sourceTree = "<group>"; };
		02E31A2D21DC050E00B33B66 /* Assets.xcassets */ = {isa = PBXFileReference; lastKnownFileType = folder.assetcatalog; path = Assets.xcassets; sourceTree = "<group>"; };
		02E31A3021DC050E00B33B66 /* Base */ = {isa = PBXFileReference; lastKnownFileType = file.storyboard; name = Base; path = Base.lproj/LaunchScreen.storyboard; sourceTree = "<group>"; };
		02E31A3221DC050E00B33B66 /* Info.plist */ = {isa = PBXFileReference; lastKnownFileType = text.plist.xml; path = Info.plist; sourceTree = "<group>"; };
		02ED8DD121EE8DD80068AF05 /* IntegrationTestHost.app */ = {isa = PBXFileReference; explicitFileType = wrapper.application; includeInIndex = 0; path = IntegrationTestHost.app; sourceTree = BUILT_PRODUCTS_DIR; };
		02ED8DD221EE8DD90068AF05 /* IntegrationTestHost-Info.plist */ = {isa = PBXFileReference; lastKnownFileType = text.plist.xml; name = "IntegrationTestHost-Info.plist"; path = "/Users/rirussel/Documents/Projects/Soramitsu/Frameworks/IrohaCommunication/IrohaCommunication/Example/IntegrationTestHost-Info.plist"; sourceTree = "<absolute>"; };
		02ED8DD421EE8E740068AF05 /* ViewController.swift */ = {isa = PBXFileReference; fileEncoding = 4; lastKnownFileType = sourcecode.swift; path = ViewController.swift; sourceTree = "<group>"; };
		109EB0565C980D706D1D0911 /* Pods-Iroha-All-IrohaExample.debug.xcconfig */ = {isa = PBXFileReference; includeInIndex = 1; lastKnownFileType = text.xcconfig; name = "Pods-Iroha-All-IrohaExample.debug.xcconfig"; path = "Pods/Target Support Files/Pods-Iroha-All-IrohaExample/Pods-Iroha-All-IrohaExample.debug.xcconfig"; sourceTree = "<group>"; };
		175938D8DE70C85E0CEA25AF /* Pods_IntegrationTestHost.framework */ = {isa = PBXFileReference; explicitFileType = wrapper.framework; includeInIndex = 0; path = Pods_IntegrationTestHost.framework; sourceTree = BUILT_PRODUCTS_DIR; };
		1DFCD90933C08A54D1B3AA8D /* Pods-IrohaExample-IntegrationTestHost.debug.xcconfig */ = {isa = PBXFileReference; includeInIndex = 1; lastKnownFileType = text.xcconfig; name = "Pods-IrohaExample-IntegrationTestHost.debug.xcconfig"; path = "Pods/Target Support Files/Pods-IrohaExample-IntegrationTestHost/Pods-IrohaExample-IntegrationTestHost.debug.xcconfig"; sourceTree = "<group>"; };
		31FEE7B1F9E4A5606D72321F /* Pods-IntegrationTestHost.debug.xcconfig */ = {isa = PBXFileReference; includeInIndex = 1; lastKnownFileType = text.xcconfig; name = "Pods-IntegrationTestHost.debug.xcconfig"; path = "Pods/Target Support Files/Pods-IntegrationTestHost/Pods-IntegrationTestHost.debug.xcconfig"; sourceTree = "<group>"; };
		3432D55320A9387DC8836321 /* Pods-UnitTests.debug.xcconfig */ = {isa = PBXFileReference; includeInIndex = 1; lastKnownFileType = text.xcconfig; name = "Pods-UnitTests.debug.xcconfig"; path = "Pods/Target Support Files/Pods-UnitTests/Pods-UnitTests.debug.xcconfig"; sourceTree = "<group>"; };
		454C37BD32614589BBE894AA /* Pods-IrohaExample.debug.xcconfig */ = {isa = PBXFileReference; includeInIndex = 1; lastKnownFileType = text.xcconfig; name = "Pods-IrohaExample.debug.xcconfig"; path = "Pods/Target Support Files/Pods-IrohaExample/Pods-IrohaExample.debug.xcconfig"; sourceTree = "<group>"; };
		46039629AA9ED80C7E9721D8 /* Pods-IntegrationTestHost.release.xcconfig */ = {isa = PBXFileReference; includeInIndex = 1; lastKnownFileType = text.xcconfig; name = "Pods-IntegrationTestHost.release.xcconfig"; path = "Pods/Target Support Files/Pods-IntegrationTestHost/Pods-IntegrationTestHost.release.xcconfig"; sourceTree = "<group>"; };
		55D980CEB7E9C5BA9DA95FC2 /* Pods-IntegrationTests.release.xcconfig */ = {isa = PBXFileReference; includeInIndex = 1; lastKnownFileType = text.xcconfig; name = "Pods-IntegrationTests.release.xcconfig"; path = "Pods/Target Support Files/Pods-IntegrationTests/Pods-IntegrationTests.release.xcconfig"; sourceTree = "<group>"; };
		6003F58D195388D20070C39A /* Foundation.framework */ = {isa = PBXFileReference; lastKnownFileType = wrapper.framework; name = Foundation.framework; path = System/Library/Frameworks/Foundation.framework; sourceTree = SDKROOT; };
		6003F58F195388D20070C39A /* CoreGraphics.framework */ = {isa = PBXFileReference; lastKnownFileType = wrapper.framework; name = CoreGraphics.framework; path = System/Library/Frameworks/CoreGraphics.framework; sourceTree = SDKROOT; };
		6003F591195388D20070C39A /* UIKit.framework */ = {isa = PBXFileReference; lastKnownFileType = wrapper.framework; name = UIKit.framework; path = System/Library/Frameworks/UIKit.framework; sourceTree = SDKROOT; };
		6003F5AE195388D20070C39A /* UnitTests.xctest */ = {isa = PBXFileReference; explicitFileType = wrapper.cfbundle; includeInIndex = 0; path = UnitTests.xctest; sourceTree = BUILT_PRODUCTS_DIR; };
		6003F5AF195388D20070C39A /* XCTest.framework */ = {isa = PBXFileReference; lastKnownFileType = wrapper.framework; name = XCTest.framework; path = Library/Frameworks/XCTest.framework; sourceTree = DEVELOPER_DIR; };
		6003F5B7195388D20070C39A /* Tests-Info.plist */ = {isa = PBXFileReference; lastKnownFileType = text.plist.xml; path = "Tests-Info.plist"; sourceTree = "<group>"; };
		6003F5B9195388D20070C39A /* en */ = {isa = PBXFileReference; lastKnownFileType = text.plist.strings; name = en; path = en.lproj/InfoPlist.strings; sourceTree = "<group>"; };
		606FC2411953D9B200FFA9A0 /* Tests-Prefix.pch */ = {isa = PBXFileReference; lastKnownFileType = sourcecode.c.h; path = "Tests-Prefix.pch"; sourceTree = "<group>"; };
		6BF3097DA0B1239D7D3C0799 /* Pods-UnitTests.release.xcconfig */ = {isa = PBXFileReference; includeInIndex = 1; lastKnownFileType = text.xcconfig; name = "Pods-UnitTests.release.xcconfig"; path = "Pods/Target Support Files/Pods-UnitTests/Pods-UnitTests.release.xcconfig"; sourceTree = "<group>"; };
		74D33D817C5F7989BD3071B1 /* README.md */ = {isa = PBXFileReference; includeInIndex = 1; lastKnownFileType = net.daringfireball.markdown; name = README.md; path = ../README.md; sourceTree = "<group>"; };
		84EA860F14455E442B5C9B29 /* IrohaCommunication.podspec */ = {isa = PBXFileReference; includeInIndex = 1; lastKnownFileType = text; name = IrohaCommunication.podspec; path = ../IrohaCommunication.podspec; sourceTree = "<group>"; xcLanguageSpecificationIdentifier = xcode.lang.ruby; };
		86F19532265991B547599707 /* Pods-IrohaExample.release.xcconfig */ = {isa = PBXFileReference; includeInIndex = 1; lastKnownFileType = text.xcconfig; name = "Pods-IrohaExample.release.xcconfig"; path = "Pods/Target Support Files/Pods-IrohaExample/Pods-IrohaExample.release.xcconfig"; sourceTree = "<group>"; };
		872B4DCAED8E7A58AFC8B200 /* Pods_UnitTests.framework */ = {isa = PBXFileReference; explicitFileType = wrapper.framework; includeInIndex = 0; path = Pods_UnitTests.framework; sourceTree = BUILT_PRODUCTS_DIR; };
		9CA67C26A81EB59902096272 /* Pods_IntegrationTests.framework */ = {isa = PBXFileReference; explicitFileType = wrapper.framework; includeInIndex = 0; path = Pods_IntegrationTests.framework; sourceTree = BUILT_PRODUCTS_DIR; };
		B877F0064619F03D2B560C12 /* LICENSE */ = {isa = PBXFileReference; includeInIndex = 1; lastKnownFileType = text; name = LICENSE; path = ../LICENSE; sourceTree = "<group>"; };
		BE1A149366A65576BDC46228 /* Pods-IntegrationTests.debug.xcconfig */ = {isa = PBXFileReference; includeInIndex = 1; lastKnownFileType = text.xcconfig; name = "Pods-IntegrationTests.debug.xcconfig"; path = "Pods/Target Support Files/Pods-IntegrationTests/Pods-IntegrationTests.debug.xcconfig"; sourceTree = "<group>"; };
		CDBA8FB052C0408339D3459F /* Pods-Iroha-All-IntegrationTestHost.release.xcconfig */ = {isa = PBXFileReference; includeInIndex = 1; lastKnownFileType = text.xcconfig; name = "Pods-Iroha-All-IntegrationTestHost.release.xcconfig"; path = "Pods/Target Support Files/Pods-Iroha-All-IntegrationTestHost/Pods-Iroha-All-IntegrationTestHost.release.xcconfig"; sourceTree = "<group>"; };
		DF55521408D01989DF087B1D /* Pods-IrohaExample-IntegrationTestHost.release.xcconfig */ = {isa = PBXFileReference; includeInIndex = 1; lastKnownFileType = text.xcconfig; name = "Pods-IrohaExample-IntegrationTestHost.release.xcconfig"; path = "Pods/Target Support Files/Pods-IrohaExample-IntegrationTestHost/Pods-IrohaExample-IntegrationTestHost.release.xcconfig"; sourceTree = "<group>"; };
		E07693A22A3171BB16EAA94E /* Pods-Iroha-All-IntegrationTestHost.debug.xcconfig */ = {isa = PBXFileReference; includeInIndex = 1; lastKnownFileType = text.xcconfig; name = "Pods-Iroha-All-IntegrationTestHost.debug.xcconfig"; path = "Pods/Target Support Files/Pods-Iroha-All-IntegrationTestHost/Pods-Iroha-All-IntegrationTestHost.debug.xcconfig"; sourceTree = "<group>"; };
		E2382400CCF8AD81C516AE4F /* Pods-Iroha-All-IrohaExample.release.xcconfig */ = {isa = PBXFileReference; includeInIndex = 1; lastKnownFileType = text.xcconfig; name = "Pods-Iroha-All-IrohaExample.release.xcconfig"; path = "Pods/Target Support Files/Pods-Iroha-All-IrohaExample/Pods-Iroha-All-IrohaExample.release.xcconfig"; sourceTree = "<group>"; };
		F09ACAD13C939D198160D383 /* Pods_IrohaExample.framework */ = {isa = PBXFileReference; explicitFileType = wrapper.framework; includeInIndex = 0; path = Pods_IrohaExample.framework; sourceTree = BUILT_PRODUCTS_DIR; };
		F3C2E3C307CA9E650EA3CF68 /* Pods-IntegrationTestHost-IrohaExample.release.xcconfig */ = {isa = PBXFileReference; includeInIndex = 1; lastKnownFileType = text.xcconfig; name = "Pods-IntegrationTestHost-IrohaExample.release.xcconfig"; path = "Pods/Target Support Files/Pods-IntegrationTestHost-IrohaExample/Pods-IntegrationTestHost-IrohaExample.release.xcconfig"; sourceTree = "<group>"; };
		F51A19C84977A821F9B19CB6 /* Pods-IntegrationTestHost-IrohaExample.debug.xcconfig */ = {isa = PBXFileReference; includeInIndex = 1; lastKnownFileType = text.xcconfig; name = "Pods-IntegrationTestHost-IrohaExample.debug.xcconfig"; path = "Pods/Target Support Files/Pods-IntegrationTestHost-IrohaExample/Pods-IntegrationTestHost-IrohaExample.debug.xcconfig"; sourceTree = "<group>"; };
/* End PBXFileReference section */

/* Begin PBXFrameworksBuildPhase section */
		021C845921ED12B40037F633 /* Frameworks */ = {
			isa = PBXFrameworksBuildPhase;
			buildActionMask = 2147483647;
			files = (
				021C845A21ED12B40037F633 /* XCTest.framework in Frameworks */,
				021C845B21ED12B40037F633 /* UIKit.framework in Frameworks */,
				021C845C21ED12B40037F633 /* Foundation.framework in Frameworks */,
				5E884FDAF0C0DE06A95DD892 /* Pods_IntegrationTests.framework in Frameworks */,
			);
			runOnlyForDeploymentPostprocessing = 0;
		};
		02E31A2121DC050E00B33B66 /* Frameworks */ = {
			isa = PBXFrameworksBuildPhase;
			buildActionMask = 2147483647;
			files = (
				45A7E684E1D1F39915CA840F /* Pods_IrohaExample.framework in Frameworks */,
			);
			runOnlyForDeploymentPostprocessing = 0;
		};
		02ED8DC721EE8DD80068AF05 /* Frameworks */ = {
			isa = PBXFrameworksBuildPhase;
			buildActionMask = 2147483647;
			files = (
				8CA1A478927FFA33BA30A5B4 /* Pods_IntegrationTestHost.framework in Frameworks */,
			);
			runOnlyForDeploymentPostprocessing = 0;
		};
		6003F5AB195388D20070C39A /* Frameworks */ = {
			isa = PBXFrameworksBuildPhase;
			buildActionMask = 2147483647;
			files = (
				6003F5B0195388D20070C39A /* XCTest.framework in Frameworks */,
				6003F5B2195388D20070C39A /* UIKit.framework in Frameworks */,
				6003F5B1195388D20070C39A /* Foundation.framework in Frameworks */,
				7C8964A2BAE86B246752F5D5 /* Pods_UnitTests.framework in Frameworks */,
			);
			runOnlyForDeploymentPostprocessing = 0;
		};
/* End PBXFrameworksBuildPhase section */

/* Begin PBXGroup section */
		0200345B21C62D3F001A6A53 /* Model */ = {
			isa = PBXGroup;
			children = (
				0200345C21C62D3F001A6A53 /* IRDomainTests.m */,
				0200345D21C62D3F001A6A53 /* IRAccountIdTests.m */,
				0200346021C63F45001A6A53 /* IRAddressTests.m */,
				0200346E21C840D1001A6A53 /* IRAmountTests.m */,
				0200347021C849FF001A6A53 /* IRAssetIdTests.m */,
				0200347221C84E5C001A6A53 /* IRRoleNameTests.m */,
				0200347421C8516F001A6A53 /* IRGrantablePermissionTests.m */,
				0200347621C853E2001A6A53 /* IRRolePermissionTests.m */,
				021C24AE21DCDDE3005D5304 /* IRPaginationTests.m */,
				021C24EF21DDF706005D5304 /* IRAccountAssetTests.m */,
			);
			name = Model;
			path = ../../Tests/Model;
			sourceTree = "<group>";
		};
		021C24E621DD3C90005D5304 /* Query */ = {
			isa = PBXGroup;
			children = (
				021C24E721DD3C90005D5304 /* IRQueryBuilderTests.m */,
				021C843C21EA6E950037F633 /* IRBlockQueryBuilderTests.m */,
			);
			name = Query;
			path = ../../Tests/Query;
			sourceTree = "<group>";
		};
		02D6569D21F12DC300AAA66A /* IntegrationTests */ = {
			isa = PBXGroup;
			children = (
				02D656CB21F285C500AAA66A /* Service */,
				02D6569E21F12DC300AAA66A /* Scenarious */,
				02D656A921F12DC300AAA66A /* IrohaContainer */,
				02D656B921F12DD600AAA66A /* Supporting Files */,
			);
			name = IntegrationTests;
			path = ../IntegrationTests;
			sourceTree = "<group>";
		};
		02D6569E21F12DC300AAA66A /* Scenarious */ = {
			isa = PBXGroup;
			children = (
				02D6569F21F12DC300AAA66A /* IRCreateAssetTest.m */,
				02D656A021F12DC300AAA66A /* IRCreateAccountTest.m */,
				02D656A121F12DC300AAA66A /* IRCreateDomainTest.m */,
				02D656BD21F19F6B00AAA66A /* IRCreateRoleTest.m */,
			);
			path = Scenarious;
			sourceTree = "<group>";
		};
		02D656A921F12DC300AAA66A /* IrohaContainer */ = {
			isa = PBXGroup;
			children = (
				02D656AA21F12DC300AAA66A /* IRBaseIrohaContainerTests.m */,
				02D656AB21F12DC300AAA66A /* IRIrohaContainer.m */,
				02D656AC21F12DC300AAA66A /* IRBaseIrohaContainerTests.h */,
				02D656AD21F12DC300AAA66A /* IRIrohaContainer.h */,
			);
			path = IrohaContainer;
			sourceTree = "<group>";
		};
		02D656B921F12DD600AAA66A /* Supporting Files */ = {
			isa = PBXGroup;
			children = (
				02D656BC21F12E7700AAA66A /* IntegrationTests-Info.plist */,
			);
			name = "Supporting Files";
			sourceTree = "<group>";
		};
		02D656CB21F285C500AAA66A /* Service */ = {
			isa = PBXGroup;
			children = (
				02D656CC21F285E100AAA66A /* IRCancellableTests.m */,
			);
			path = Service;
			sourceTree = "<group>";
		};
		02E3198921D0FED500B33B66 /* Transaction */ = {
			isa = PBXGroup;
			children = (
				02E3198A21D0FEF000B33B66 /* IRTransactionTests.m */,
			);
			name = Transaction;
			path = ../../Tests/Transaction;
			sourceTree = "<group>";
		};
		02E319DB21DBB18500B33B66 /* Promise */ = {
			isa = PBXGroup;
			children = (
				02E319DC21DBB18500B33B66 /* IRPromiseTests.m */,
			);
			name = Promise;
			path = ../../Tests/Promise;
			sourceTree = "<group>";
		};
		02E31A2521DC050E00B33B66 /* IrohaExample */ = {
			isa = PBXGroup;
			children = (
				02E31A2621DC050E00B33B66 /* AppDelegate.swift */,
				02E31A2821DC050E00B33B66 /* ViewController.swift */,
				021C844421EB54080037F633 /* Error+String.swift */,
				02E31A2A21DC050E00B33B66 /* Main.storyboard */,
				02E31A2D21DC050E00B33B66 /* Assets.xcassets */,
				02E31A2F21DC050E00B33B66 /* LaunchScreen.storyboard */,
				02E31A3221DC050E00B33B66 /* Info.plist */,
			);
			path = IrohaExample;
			sourceTree = "<group>";
		};
		02ED8DD321EE8E430068AF05 /* IntegrationTestHost */ = {
			isa = PBXGroup;
			children = (
				02ED8DD421EE8E740068AF05 /* ViewController.swift */,
				02ED8DD221EE8DD90068AF05 /* IntegrationTestHost-Info.plist */,
			);
			path = IntegrationTestHost;
			sourceTree = "<group>";
		};
		2EFE64D960ACD758C9C23090 /* Pods */ = {
			isa = PBXGroup;
			children = (
				BE1A149366A65576BDC46228 /* Pods-IntegrationTests.debug.xcconfig */,
				55D980CEB7E9C5BA9DA95FC2 /* Pods-IntegrationTests.release.xcconfig */,
				454C37BD32614589BBE894AA /* Pods-IrohaExample.debug.xcconfig */,
				86F19532265991B547599707 /* Pods-IrohaExample.release.xcconfig */,
				3432D55320A9387DC8836321 /* Pods-UnitTests.debug.xcconfig */,
				6BF3097DA0B1239D7D3C0799 /* Pods-UnitTests.release.xcconfig */,
				1DFCD90933C08A54D1B3AA8D /* Pods-IrohaExample-IntegrationTestHost.debug.xcconfig */,
				DF55521408D01989DF087B1D /* Pods-IrohaExample-IntegrationTestHost.release.xcconfig */,
				E07693A22A3171BB16EAA94E /* Pods-Iroha-All-IntegrationTestHost.debug.xcconfig */,
				CDBA8FB052C0408339D3459F /* Pods-Iroha-All-IntegrationTestHost.release.xcconfig */,
				109EB0565C980D706D1D0911 /* Pods-Iroha-All-IrohaExample.debug.xcconfig */,
				E2382400CCF8AD81C516AE4F /* Pods-Iroha-All-IrohaExample.release.xcconfig */,
				31FEE7B1F9E4A5606D72321F /* Pods-IntegrationTestHost.debug.xcconfig */,
				46039629AA9ED80C7E9721D8 /* Pods-IntegrationTestHost.release.xcconfig */,
				F51A19C84977A821F9B19CB6 /* Pods-IntegrationTestHost-IrohaExample.debug.xcconfig */,
				F3C2E3C307CA9E650EA3CF68 /* Pods-IntegrationTestHost-IrohaExample.release.xcconfig */,
			);
			name = Pods;
			sourceTree = "<group>";
		};
		6003F581195388D10070C39A = {
			isa = PBXGroup;
			children = (
				02ED8DD321EE8E430068AF05 /* IntegrationTestHost */,
				60FF7A9C1954A5C5007DD14C /* Podspec Metadata */,
				02D6569D21F12DC300AAA66A /* IntegrationTests */,
				6003F5B5195388D20070C39A /* Tests */,
				02E31A2521DC050E00B33B66 /* IrohaExample */,
				6003F58C195388D20070C39A /* Frameworks */,
				6003F58B195388D20070C39A /* Products */,
				2EFE64D960ACD758C9C23090 /* Pods */,
			);
			sourceTree = "<group>";
		};
		6003F58B195388D20070C39A /* Products */ = {
			isa = PBXGroup;
			children = (
				6003F5AE195388D20070C39A /* UnitTests.xctest */,
				02E31A2421DC050E00B33B66 /* IrohaExample.app */,
				021C846321ED12B40037F633 /* IntegrationTests.xctest */,
				02ED8DD121EE8DD80068AF05 /* IntegrationTestHost.app */,
			);
			name = Products;
			sourceTree = "<group>";
		};
		6003F58C195388D20070C39A /* Frameworks */ = {
			isa = PBXGroup;
			children = (
				6003F58D195388D20070C39A /* Foundation.framework */,
				6003F58F195388D20070C39A /* CoreGraphics.framework */,
				6003F591195388D20070C39A /* UIKit.framework */,
				6003F5AF195388D20070C39A /* XCTest.framework */,
				F09ACAD13C939D198160D383 /* Pods_IrohaExample.framework */,
				9CA67C26A81EB59902096272 /* Pods_IntegrationTests.framework */,
				872B4DCAED8E7A58AFC8B200 /* Pods_UnitTests.framework */,
				175938D8DE70C85E0CEA25AF /* Pods_IntegrationTestHost.framework */,
			);
			name = Frameworks;
			sourceTree = "<group>";
		};
		6003F5B5195388D20070C39A /* Tests */ = {
			isa = PBXGroup;
			children = (
				021C24E621DD3C90005D5304 /* Query */,
				02E319DB21DBB18500B33B66 /* Promise */,
				02E3198921D0FED500B33B66 /* Transaction */,
				0200345B21C62D3F001A6A53 /* Model */,
				6003F5B6195388D20070C39A /* Supporting Files */,
			);
			path = Tests;
			sourceTree = "<group>";
		};
		6003F5B6195388D20070C39A /* Supporting Files */ = {
			isa = PBXGroup;
			children = (
				6003F5B7195388D20070C39A /* Tests-Info.plist */,
				6003F5B8195388D20070C39A /* InfoPlist.strings */,
				606FC2411953D9B200FFA9A0 /* Tests-Prefix.pch */,
			);
			name = "Supporting Files";
			sourceTree = "<group>";
		};
		60FF7A9C1954A5C5007DD14C /* Podspec Metadata */ = {
			isa = PBXGroup;
			children = (
				84EA860F14455E442B5C9B29 /* IrohaCommunication.podspec */,
				74D33D817C5F7989BD3071B1 /* README.md */,
				B877F0064619F03D2B560C12 /* LICENSE */,
			);
			name = "Podspec Metadata";
			sourceTree = "<group>";
		};
/* End PBXGroup section */

/* Begin PBXNativeTarget section */
		021C844621ED12B40037F633 /* IntegrationTests */ = {
			isa = PBXNativeTarget;
			buildConfigurationList = 021C846021ED12B40037F633 /* Build configuration list for PBXNativeTarget "IntegrationTests" */;
			buildPhases = (
				021C844921ED12B40037F633 /* [CP] Check Pods Manifest.lock */,
				021C844A21ED12B40037F633 /* Sources */,
				021C845921ED12B40037F633 /* Frameworks */,
				021C845E21ED12B40037F633 /* Resources */,
			);
			buildRules = (
			);
			dependencies = (
				021C844721ED12B40037F633 /* PBXTargetDependency */,
				02ED8DD921EE8EF10068AF05 /* PBXTargetDependency */,
			);
			name = IntegrationTests;
			productName = IrohaCommunicationTests;
			productReference = 021C846321ED12B40037F633 /* IntegrationTests.xctest */;
			productType = "com.apple.product-type.bundle.unit-test";
		};
		02E31A2321DC050E00B33B66 /* IrohaExample */ = {
			isa = PBXNativeTarget;
			buildConfigurationList = 02E31A3521DC050E00B33B66 /* Build configuration list for PBXNativeTarget "IrohaExample" */;
			buildPhases = (
				61C741C1BEB08954483D478B /* [CP] Check Pods Manifest.lock */,
				02E31A2021DC050E00B33B66 /* Sources */,
				02E31A2121DC050E00B33B66 /* Frameworks */,
				02E31A2221DC050E00B33B66 /* Resources */,
				F038CD8710A254DFB6ADBE4A /* [CP] Embed Pods Frameworks */,
			);
			buildRules = (
			);
			dependencies = (
			);
			name = IrohaExample;
			productName = IrohaExample;
			productReference = 02E31A2421DC050E00B33B66 /* IrohaExample.app */;
			productType = "com.apple.product-type.application";
		};
		02ED8DC121EE8DD80068AF05 /* IntegrationTestHost */ = {
			isa = PBXNativeTarget;
			buildConfigurationList = 02ED8DCE21EE8DD80068AF05 /* Build configuration list for PBXNativeTarget "IntegrationTestHost" */;
			buildPhases = (
				624456EEB6C187247917F664 /* [CP] Check Pods Manifest.lock */,
				02ED8DC321EE8DD80068AF05 /* Sources */,
				02ED8DC721EE8DD80068AF05 /* Frameworks */,
				02ED8DC921EE8DD80068AF05 /* Resources */,
				8A7F8EA690AB1FBF1F59EC5D /* [CP] Embed Pods Frameworks */,
			);
			buildRules = (
			);
			dependencies = (
			);
			name = IntegrationTestHost;
			productName = IrohaExample;
			productReference = 02ED8DD121EE8DD80068AF05 /* IntegrationTestHost.app */;
			productType = "com.apple.product-type.application";
		};
		6003F5AD195388D20070C39A /* UnitTests */ = {
			isa = PBXNativeTarget;
			buildConfigurationList = 6003F5C2195388D20070C39A /* Build configuration list for PBXNativeTarget "UnitTests" */;
			buildPhases = (
				20D9708930E539B477DDBC93 /* [CP] Check Pods Manifest.lock */,
				6003F5AA195388D20070C39A /* Sources */,
				6003F5AB195388D20070C39A /* Frameworks */,
				6003F5AC195388D20070C39A /* Resources */,
			);
			buildRules = (
			);
			dependencies = (
				02E31A3721DC110300B33B66 /* PBXTargetDependency */,
				02ED8DD721EE8EE70068AF05 /* PBXTargetDependency */,
			);
			name = UnitTests;
			productName = IrohaCommunicationTests;
			productReference = 6003F5AE195388D20070C39A /* UnitTests.xctest */;
			productType = "com.apple.product-type.bundle.unit-test";
		};
/* End PBXNativeTarget section */

/* Begin PBXProject section */
		6003F582195388D10070C39A /* Project object */ = {
			isa = PBXProject;
			attributes = {
				CLASSPREFIX = IR;
				LastSwiftUpdateCheck = 1010;
				LastUpgradeCheck = 0720;
				ORGANIZATIONNAME = Russel;
				TargetAttributes = {
					021C844621ED12B40037F633 = {
						DevelopmentTeam = YLWWUD25VZ;
						TestTargetID = 02ED8DC121EE8DD80068AF05;
					};
					02E31A2321DC050E00B33B66 = {
						CreatedOnToolsVersion = 10.1;
						DevelopmentTeam = YLWWUD25VZ;
						ProvisioningStyle = Automatic;
					};
					02ED8DC121EE8DD80068AF05 = {
						DevelopmentTeam = YLWWUD25VZ;
						ProvisioningStyle = Automatic;
					};
					6003F5AD195388D20070C39A = {
						DevelopmentTeam = YLWWUD25VZ;
						TestTargetID = 02ED8DC121EE8DD80068AF05;
					};
				};
			};
			buildConfigurationList = 6003F585195388D10070C39A /* Build configuration list for PBXProject "IrohaCommunication" */;
			compatibilityVersion = "Xcode 3.2";
			developmentRegion = English;
			hasScannedForEncodings = 0;
			knownRegions = (
				en,
				Base,
			);
			mainGroup = 6003F581195388D10070C39A;
			productRefGroup = 6003F58B195388D20070C39A /* Products */;
			projectDirPath = "";
			projectRoot = "";
			targets = (
				02E31A2321DC050E00B33B66 /* IrohaExample */,
				6003F5AD195388D20070C39A /* UnitTests */,
				021C844621ED12B40037F633 /* IntegrationTests */,
				02ED8DC121EE8DD80068AF05 /* IntegrationTestHost */,
			);
		};
/* End PBXProject section */

/* Begin PBXResourcesBuildPhase section */
		021C845E21ED12B40037F633 /* Resources */ = {
			isa = PBXResourcesBuildPhase;
			buildActionMask = 2147483647;
			files = (
			);
			runOnlyForDeploymentPostprocessing = 0;
		};
		02E31A2221DC050E00B33B66 /* Resources */ = {
			isa = PBXResourcesBuildPhase;
			buildActionMask = 2147483647;
			files = (
				02E31A3121DC050E00B33B66 /* LaunchScreen.storyboard in Resources */,
				02E31A2E21DC050E00B33B66 /* Assets.xcassets in Resources */,
				02E31A2C21DC050E00B33B66 /* Main.storyboard in Resources */,
			);
			runOnlyForDeploymentPostprocessing = 0;
		};
		02ED8DC921EE8DD80068AF05 /* Resources */ = {
			isa = PBXResourcesBuildPhase;
			buildActionMask = 2147483647;
			files = (
				02ED8DCA21EE8DD80068AF05 /* LaunchScreen.storyboard in Resources */,
				02ED8DCB21EE8DD80068AF05 /* Assets.xcassets in Resources */,
				02ED8DCC21EE8DD80068AF05 /* Main.storyboard in Resources */,
			);
			runOnlyForDeploymentPostprocessing = 0;
		};
		6003F5AC195388D20070C39A /* Resources */ = {
			isa = PBXResourcesBuildPhase;
			buildActionMask = 2147483647;
			files = (
				6003F5BA195388D20070C39A /* InfoPlist.strings in Resources */,
			);
			runOnlyForDeploymentPostprocessing = 0;
		};
/* End PBXResourcesBuildPhase section */

/* Begin PBXShellScriptBuildPhase section */
		021C844921ED12B40037F633 /* [CP] Check Pods Manifest.lock */ = {
			isa = PBXShellScriptBuildPhase;
			buildActionMask = 2147483647;
			files = (
			);
			inputFileListPaths = (
			);
			inputPaths = (
				"${PODS_PODFILE_DIR_PATH}/Podfile.lock",
				"${PODS_ROOT}/Manifest.lock",
			);
			name = "[CP] Check Pods Manifest.lock";
			outputFileListPaths = (
			);
			outputPaths = (
				"$(DERIVED_FILE_DIR)/Pods-IntegrationTests-checkManifestLockResult.txt",
			);
			runOnlyForDeploymentPostprocessing = 0;
			shellPath = /bin/sh;
			shellScript = "diff \"${PODS_PODFILE_DIR_PATH}/Podfile.lock\" \"${PODS_ROOT}/Manifest.lock\" > /dev/null\nif [ $? != 0 ] ; then\n    # print error to STDERR\n    echo \"error: The sandbox is not in sync with the Podfile.lock. Run 'pod install' or update your CocoaPods installation.\" >&2\n    exit 1\nfi\n# This output is used by Xcode 'outputs' to avoid re-running this script phase.\necho \"SUCCESS\" > \"${SCRIPT_OUTPUT_FILE_0}\"\n";
			showEnvVarsInLog = 0;
		};
		20D9708930E539B477DDBC93 /* [CP] Check Pods Manifest.lock */ = {
			isa = PBXShellScriptBuildPhase;
			buildActionMask = 2147483647;
			files = (
			);
			inputFileListPaths = (
			);
			inputPaths = (
				"${PODS_PODFILE_DIR_PATH}/Podfile.lock",
				"${PODS_ROOT}/Manifest.lock",
			);
			name = "[CP] Check Pods Manifest.lock";
			outputFileListPaths = (
			);
			outputPaths = (
				"$(DERIVED_FILE_DIR)/Pods-UnitTests-checkManifestLockResult.txt",
			);
			runOnlyForDeploymentPostprocessing = 0;
			shellPath = /bin/sh;
			shellScript = "diff \"${PODS_PODFILE_DIR_PATH}/Podfile.lock\" \"${PODS_ROOT}/Manifest.lock\" > /dev/null\nif [ $? != 0 ] ; then\n    # print error to STDERR\n    echo \"error: The sandbox is not in sync with the Podfile.lock. Run 'pod install' or update your CocoaPods installation.\" >&2\n    exit 1\nfi\n# This output is used by Xcode 'outputs' to avoid re-running this script phase.\necho \"SUCCESS\" > \"${SCRIPT_OUTPUT_FILE_0}\"\n";
			showEnvVarsInLog = 0;
		};
		61C741C1BEB08954483D478B /* [CP] Check Pods Manifest.lock */ = {
			isa = PBXShellScriptBuildPhase;
			buildActionMask = 2147483647;
			files = (
			);
			inputFileListPaths = (
			);
			inputPaths = (
				"${PODS_PODFILE_DIR_PATH}/Podfile.lock",
				"${PODS_ROOT}/Manifest.lock",
			);
			name = "[CP] Check Pods Manifest.lock";
			outputFileListPaths = (
			);
			outputPaths = (
				"$(DERIVED_FILE_DIR)/Pods-IrohaExample-checkManifestLockResult.txt",
			);
			runOnlyForDeploymentPostprocessing = 0;
			shellPath = /bin/sh;
			shellScript = "diff \"${PODS_PODFILE_DIR_PATH}/Podfile.lock\" \"${PODS_ROOT}/Manifest.lock\" > /dev/null\nif [ $? != 0 ] ; then\n    # print error to STDERR\n    echo \"error: The sandbox is not in sync with the Podfile.lock. Run 'pod install' or update your CocoaPods installation.\" >&2\n    exit 1\nfi\n# This output is used by Xcode 'outputs' to avoid re-running this script phase.\necho \"SUCCESS\" > \"${SCRIPT_OUTPUT_FILE_0}\"\n";
			showEnvVarsInLog = 0;
		};
		624456EEB6C187247917F664 /* [CP] Check Pods Manifest.lock */ = {
			isa = PBXShellScriptBuildPhase;
			buildActionMask = 2147483647;
			files = (
			);
			inputFileListPaths = (
			);
			inputPaths = (
				"${PODS_PODFILE_DIR_PATH}/Podfile.lock",
				"${PODS_ROOT}/Manifest.lock",
			);
			name = "[CP] Check Pods Manifest.lock";
			outputFileListPaths = (
			);
			outputPaths = (
				"$(DERIVED_FILE_DIR)/Pods-IntegrationTestHost-checkManifestLockResult.txt",
			);
			runOnlyForDeploymentPostprocessing = 0;
			shellPath = /bin/sh;
			shellScript = "diff \"${PODS_PODFILE_DIR_PATH}/Podfile.lock\" \"${PODS_ROOT}/Manifest.lock\" > /dev/null\nif [ $? != 0 ] ; then\n    # print error to STDERR\n    echo \"error: The sandbox is not in sync with the Podfile.lock. Run 'pod install' or update your CocoaPods installation.\" >&2\n    exit 1\nfi\n# This output is used by Xcode 'outputs' to avoid re-running this script phase.\necho \"SUCCESS\" > \"${SCRIPT_OUTPUT_FILE_0}\"\n";
			showEnvVarsInLog = 0;
		};
		8A7F8EA690AB1FBF1F59EC5D /* [CP] Embed Pods Frameworks */ = {
			isa = PBXShellScriptBuildPhase;
			buildActionMask = 2147483647;
			files = (
			);
			inputFileListPaths = (
			);
			inputPaths = (
				"${SRCROOT}/Pods/Target Support Files/Pods-IntegrationTestHost/Pods-IntegrationTestHost-frameworks.sh",
				"${BUILT_PRODUCTS_DIR}/BoringSSL/openssl.framework",
				"${BUILT_PRODUCTS_DIR}/IrohaCommunication/IrohaCommunication.framework",
				"${BUILT_PRODUCTS_DIR}/IrohaCrypto/IrohaCrypto.framework",
				"${BUILT_PRODUCTS_DIR}/Protobuf/Protobuf.framework",
				"${BUILT_PRODUCTS_DIR}/gRPC/GRPCClient.framework",
				"${BUILT_PRODUCTS_DIR}/gRPC-Core/grpc.framework",
				"${BUILT_PRODUCTS_DIR}/gRPC-ProtoRPC/ProtoRPC.framework",
				"${BUILT_PRODUCTS_DIR}/gRPC-RxLibrary/RxLibrary.framework",
				"${BUILT_PRODUCTS_DIR}/nanopb/nanopb.framework",
			);
			name = "[CP] Embed Pods Frameworks";
			outputFileListPaths = (
			);
			outputPaths = (
				"${TARGET_BUILD_DIR}/${FRAMEWORKS_FOLDER_PATH}/openssl.framework",
				"${TARGET_BUILD_DIR}/${FRAMEWORKS_FOLDER_PATH}/IrohaCommunication.framework",
				"${TARGET_BUILD_DIR}/${FRAMEWORKS_FOLDER_PATH}/IrohaCrypto.framework",
				"${TARGET_BUILD_DIR}/${FRAMEWORKS_FOLDER_PATH}/Protobuf.framework",
				"${TARGET_BUILD_DIR}/${FRAMEWORKS_FOLDER_PATH}/GRPCClient.framework",
				"${TARGET_BUILD_DIR}/${FRAMEWORKS_FOLDER_PATH}/grpc.framework",
				"${TARGET_BUILD_DIR}/${FRAMEWORKS_FOLDER_PATH}/ProtoRPC.framework",
				"${TARGET_BUILD_DIR}/${FRAMEWORKS_FOLDER_PATH}/RxLibrary.framework",
				"${TARGET_BUILD_DIR}/${FRAMEWORKS_FOLDER_PATH}/nanopb.framework",
			);
			runOnlyForDeploymentPostprocessing = 0;
			shellPath = /bin/sh;
			shellScript = "\"${SRCROOT}/Pods/Target Support Files/Pods-IntegrationTestHost/Pods-IntegrationTestHost-frameworks.sh\"\n";
			showEnvVarsInLog = 0;
		};
		F038CD8710A254DFB6ADBE4A /* [CP] Embed Pods Frameworks */ = {
			isa = PBXShellScriptBuildPhase;
			buildActionMask = 2147483647;
			files = (
			);
			inputFileListPaths = (
			);
			inputPaths = (
				"${SRCROOT}/Pods/Target Support Files/Pods-IrohaExample/Pods-IrohaExample-frameworks.sh",
				"${BUILT_PRODUCTS_DIR}/BoringSSL/openssl.framework",
				"${BUILT_PRODUCTS_DIR}/IrohaCommunication/IrohaCommunication.framework",
				"${BUILT_PRODUCTS_DIR}/IrohaCrypto/IrohaCrypto.framework",
				"${BUILT_PRODUCTS_DIR}/Protobuf/Protobuf.framework",
				"${BUILT_PRODUCTS_DIR}/gRPC/GRPCClient.framework",
				"${BUILT_PRODUCTS_DIR}/gRPC-Core/grpc.framework",
				"${BUILT_PRODUCTS_DIR}/gRPC-ProtoRPC/ProtoRPC.framework",
				"${BUILT_PRODUCTS_DIR}/gRPC-RxLibrary/RxLibrary.framework",
				"${BUILT_PRODUCTS_DIR}/nanopb/nanopb.framework",
			);
			name = "[CP] Embed Pods Frameworks";
			outputFileListPaths = (
			);
			outputPaths = (
				"${TARGET_BUILD_DIR}/${FRAMEWORKS_FOLDER_PATH}/openssl.framework",
				"${TARGET_BUILD_DIR}/${FRAMEWORKS_FOLDER_PATH}/IrohaCommunication.framework",
				"${TARGET_BUILD_DIR}/${FRAMEWORKS_FOLDER_PATH}/IrohaCrypto.framework",
				"${TARGET_BUILD_DIR}/${FRAMEWORKS_FOLDER_PATH}/Protobuf.framework",
				"${TARGET_BUILD_DIR}/${FRAMEWORKS_FOLDER_PATH}/GRPCClient.framework",
				"${TARGET_BUILD_DIR}/${FRAMEWORKS_FOLDER_PATH}/grpc.framework",
				"${TARGET_BUILD_DIR}/${FRAMEWORKS_FOLDER_PATH}/ProtoRPC.framework",
				"${TARGET_BUILD_DIR}/${FRAMEWORKS_FOLDER_PATH}/RxLibrary.framework",
				"${TARGET_BUILD_DIR}/${FRAMEWORKS_FOLDER_PATH}/nanopb.framework",
			);
			runOnlyForDeploymentPostprocessing = 0;
			shellPath = /bin/sh;
			shellScript = "\"${SRCROOT}/Pods/Target Support Files/Pods-IrohaExample/Pods-IrohaExample-frameworks.sh\"\n";
			showEnvVarsInLog = 0;
		};
/* End PBXShellScriptBuildPhase section */

/* Begin PBXSourcesBuildPhase section */
		021C844A21ED12B40037F633 /* Sources */ = {
			isa = PBXSourcesBuildPhase;
			buildActionMask = 2147483647;
			files = (
				02D656B821F12DC300AAA66A /* IRIrohaContainer.m in Sources */,
				02D656B021F12DC300AAA66A /* IRCreateDomainTest.m in Sources */,
				02D656BF21F19F7500AAA66A /* IRCreateRoleTest.m in Sources */,
				02D656B721F12DC300AAA66A /* IRBaseIrohaContainerTests.m in Sources */,
				02D656AF21F12DC300AAA66A /* IRCreateAccountTest.m in Sources */,
				02D656CD21F285E100AAA66A /* IRCancellableTests.m in Sources */,
				02D656AE21F12DC300AAA66A /* IRCreateAssetTest.m in Sources */,
			);
			runOnlyForDeploymentPostprocessing = 0;
		};
		02E31A2021DC050E00B33B66 /* Sources */ = {
			isa = PBXSourcesBuildPhase;
			buildActionMask = 2147483647;
			files = (
				02E31A2921DC050E00B33B66 /* ViewController.swift in Sources */,
				02E31A2721DC050E00B33B66 /* AppDelegate.swift in Sources */,
				021C844521EB54080037F633 /* Error+String.swift in Sources */,
			);
			runOnlyForDeploymentPostprocessing = 0;
		};
		02ED8DC321EE8DD80068AF05 /* Sources */ = {
			isa = PBXSourcesBuildPhase;
			buildActionMask = 2147483647;
			files = (
				02ED8DC521EE8DD80068AF05 /* AppDelegate.swift in Sources */,
				02ED8DD521EE8E740068AF05 /* ViewController.swift in Sources */,
				02ED8DC621EE8DD80068AF05 /* Error+String.swift in Sources */,
			);
			runOnlyForDeploymentPostprocessing = 0;
		};
		6003F5AA195388D20070C39A /* Sources */ = {
			isa = PBXSourcesBuildPhase;
			buildActionMask = 2147483647;
			files = (
				02E3198B21D0FEF000B33B66 /* IRTransactionTests.m in Sources */,
				0200346F21C840D1001A6A53 /* IRAmountTests.m in Sources */,
				02E319DD21DBB18500B33B66 /* IRPromiseTests.m in Sources */,
				0200347521C8516F001A6A53 /* IRGrantablePermissionTests.m in Sources */,
				0200347121C849FF001A6A53 /* IRAssetIdTests.m in Sources */,
				021C24E821DD3C90005D5304 /* IRQueryBuilderTests.m in Sources */,
				0200347721C853E2001A6A53 /* IRRolePermissionTests.m in Sources */,
				021C24F021DDF706005D5304 /* IRAccountAssetTests.m in Sources */,
				0200345E21C62D3F001A6A53 /* IRDomainTests.m in Sources */,
				021C843D21EA6E950037F633 /* IRBlockQueryBuilderTests.m in Sources */,
				0200345F21C62D3F001A6A53 /* IRAccountIdTests.m in Sources */,
				0200346121C63F45001A6A53 /* IRAddressTests.m in Sources */,
				021C24AF21DCDDE3005D5304 /* IRPaginationTests.m in Sources */,
				0200347321C84E5C001A6A53 /* IRRoleNameTests.m in Sources */,
			);
			runOnlyForDeploymentPostprocessing = 0;
		};
/* End PBXSourcesBuildPhase section */

/* Begin PBXTargetDependency section */
		021C844721ED12B40037F633 /* PBXTargetDependency */ = {
			isa = PBXTargetDependency;
			target = 02E31A2321DC050E00B33B66 /* IrohaExample */;
			targetProxy = 021C844821ED12B40037F633 /* PBXContainerItemProxy */;
		};
		02E31A3721DC110300B33B66 /* PBXTargetDependency */ = {
			isa = PBXTargetDependency;
			target = 02E31A2321DC050E00B33B66 /* IrohaExample */;
			targetProxy = 02E31A3621DC110300B33B66 /* PBXContainerItemProxy */;
		};
		02ED8DD721EE8EE70068AF05 /* PBXTargetDependency */ = {
			isa = PBXTargetDependency;
			target = 02ED8DC121EE8DD80068AF05 /* IntegrationTestHost */;
			targetProxy = 02ED8DD621EE8EE70068AF05 /* PBXContainerItemProxy */;
		};
		02ED8DD921EE8EF10068AF05 /* PBXTargetDependency */ = {
			isa = PBXTargetDependency;
			target = 02ED8DC121EE8DD80068AF05 /* IntegrationTestHost */;
			targetProxy = 02ED8DD821EE8EF10068AF05 /* PBXContainerItemProxy */;
		};
/* End PBXTargetDependency section */

/* Begin PBXVariantGroup section */
		02E31A2A21DC050E00B33B66 /* Main.storyboard */ = {
			isa = PBXVariantGroup;
			children = (
				02E31A2B21DC050E00B33B66 /* Base */,
			);
			name = Main.storyboard;
			sourceTree = "<group>";
		};
		02E31A2F21DC050E00B33B66 /* LaunchScreen.storyboard */ = {
			isa = PBXVariantGroup;
			children = (
				02E31A3021DC050E00B33B66 /* Base */,
			);
			name = LaunchScreen.storyboard;
			sourceTree = "<group>";
		};
		6003F5B8195388D20070C39A /* InfoPlist.strings */ = {
			isa = PBXVariantGroup;
			children = (
				6003F5B9195388D20070C39A /* en */,
			);
			name = InfoPlist.strings;
			sourceTree = "<group>";
		};
/* End PBXVariantGroup section */

/* Begin XCBuildConfiguration section */
		021C846121ED12B40037F633 /* Debug */ = {
			isa = XCBuildConfiguration;
			baseConfigurationReference = BE1A149366A65576BDC46228 /* Pods-IntegrationTests.debug.xcconfig */;
			buildSettings = {
				ALWAYS_EMBED_SWIFT_STANDARD_LIBRARIES = YES;
				DEVELOPMENT_TEAM = YLWWUD25VZ;
				FRAMEWORK_SEARCH_PATHS = (
					"$(inherited)",
					"$(DEVELOPER_FRAMEWORKS_DIR)",
				);
				GCC_PRECOMPILE_PREFIX_HEADER = YES;
				GCC_PREFIX_HEADER = "Tests/Tests-Prefix.pch";
				GCC_PREPROCESSOR_DEFINITIONS = (
					"DEBUG=1",
					"$(inherited)",
				);
				INFOPLIST_FILE = "IntegrationTests-Info.plist";
				IPHONEOS_DEPLOYMENT_TARGET = 9.0;
				PRODUCT_BUNDLE_IDENTIFIER = "org.cocoapods.demo.${PRODUCT_NAME:rfc1034identifier}";
				PRODUCT_NAME = "$(TARGET_NAME)";
				TEST_HOST = "$(BUILT_PRODUCTS_DIR)/IntegrationTestHost.app/IntegrationTestHost";
				WRAPPER_EXTENSION = xctest;
			};
			name = Debug;
		};
		021C846221ED12B40037F633 /* Release */ = {
			isa = XCBuildConfiguration;
			baseConfigurationReference = 55D980CEB7E9C5BA9DA95FC2 /* Pods-IntegrationTests.release.xcconfig */;
			buildSettings = {
				ALWAYS_EMBED_SWIFT_STANDARD_LIBRARIES = YES;
				DEVELOPMENT_TEAM = YLWWUD25VZ;
				FRAMEWORK_SEARCH_PATHS = (
					"$(inherited)",
					"$(DEVELOPER_FRAMEWORKS_DIR)",
				);
				GCC_PRECOMPILE_PREFIX_HEADER = YES;
				GCC_PREFIX_HEADER = "Tests/Tests-Prefix.pch";
				INFOPLIST_FILE = "IntegrationTests-Info.plist";
				IPHONEOS_DEPLOYMENT_TARGET = 9.0;
				PRODUCT_BUNDLE_IDENTIFIER = "org.cocoapods.demo.${PRODUCT_NAME:rfc1034identifier}";
				PRODUCT_NAME = "$(TARGET_NAME)";
				TEST_HOST = "$(BUILT_PRODUCTS_DIR)/IntegrationTestHost.app/IntegrationTestHost";
				WRAPPER_EXTENSION = xctest;
			};
			name = Release;
		};
		02E31A3321DC050E00B33B66 /* Debug */ = {
			isa = XCBuildConfiguration;
			baseConfigurationReference = 454C37BD32614589BBE894AA /* Pods-IrohaExample.debug.xcconfig */;
			buildSettings = {
				ASSETCATALOG_COMPILER_APPICON_NAME = AppIcon;
				CLANG_ANALYZER_NONNULL = YES;
				CLANG_ANALYZER_NUMBER_OBJECT_CONVERSION = YES_AGGRESSIVE;
				CLANG_CXX_LANGUAGE_STANDARD = "gnu++14";
				CLANG_ENABLE_OBJC_WEAK = YES;
				CLANG_WARN_BLOCK_CAPTURE_AUTORELEASING = YES;
				CLANG_WARN_COMMA = YES;
				CLANG_WARN_DEPRECATED_OBJC_IMPLEMENTATIONS = YES;
				CLANG_WARN_DOCUMENTATION_COMMENTS = YES;
				CLANG_WARN_INFINITE_RECURSION = YES;
				CLANG_WARN_NON_LITERAL_NULL_CONVERSION = YES;
				CLANG_WARN_OBJC_IMPLICIT_RETAIN_SELF = YES;
				CLANG_WARN_OBJC_LITERAL_CONVERSION = YES;
				CLANG_WARN_RANGE_LOOP_ANALYSIS = YES;
				CLANG_WARN_STRICT_PROTOTYPES = YES;
				CLANG_WARN_SUSPICIOUS_MOVE = YES;
				CLANG_WARN_UNGUARDED_AVAILABILITY = YES_AGGRESSIVE;
				CLANG_WARN_UNREACHABLE_CODE = YES;
				CODE_SIGN_IDENTITY = "iPhone Developer";
				CODE_SIGN_STYLE = Automatic;
				DEBUG_INFORMATION_FORMAT = dwarf;
				DEVELOPMENT_TEAM = YLWWUD25VZ;
				ENABLE_STRICT_OBJC_MSGSEND = YES;
				GCC_C_LANGUAGE_STANDARD = gnu11;
				GCC_NO_COMMON_BLOCKS = YES;
				INFOPLIST_FILE = IrohaExample/Info.plist;
				IPHONEOS_DEPLOYMENT_TARGET = 12.1;
				LD_RUNPATH_SEARCH_PATHS = "$(inherited) @executable_path/Frameworks";
				MTL_ENABLE_DEBUG_INFO = INCLUDE_SOURCE;
				MTL_FAST_MATH = YES;
				PRODUCT_BUNDLE_IDENTIFIER = co.jp.soramitsu.IrohaExample;
				PRODUCT_NAME = "$(TARGET_NAME)";
				SWIFT_ACTIVE_COMPILATION_CONDITIONS = DEBUG;
				SWIFT_OPTIMIZATION_LEVEL = "-Onone";
				SWIFT_VERSION = 4.2;
				TARGETED_DEVICE_FAMILY = "1,2";
			};
			name = Debug;
		};
		02E31A3421DC050E00B33B66 /* Release */ = {
			isa = XCBuildConfiguration;
			baseConfigurationReference = 86F19532265991B547599707 /* Pods-IrohaExample.release.xcconfig */;
			buildSettings = {
				ASSETCATALOG_COMPILER_APPICON_NAME = AppIcon;
				CLANG_ANALYZER_NONNULL = YES;
				CLANG_ANALYZER_NUMBER_OBJECT_CONVERSION = YES_AGGRESSIVE;
				CLANG_CXX_LANGUAGE_STANDARD = "gnu++14";
				CLANG_ENABLE_OBJC_WEAK = YES;
				CLANG_WARN_BLOCK_CAPTURE_AUTORELEASING = YES;
				CLANG_WARN_COMMA = YES;
				CLANG_WARN_DEPRECATED_OBJC_IMPLEMENTATIONS = YES;
				CLANG_WARN_DOCUMENTATION_COMMENTS = YES;
				CLANG_WARN_INFINITE_RECURSION = YES;
				CLANG_WARN_NON_LITERAL_NULL_CONVERSION = YES;
				CLANG_WARN_OBJC_IMPLICIT_RETAIN_SELF = YES;
				CLANG_WARN_OBJC_LITERAL_CONVERSION = YES;
				CLANG_WARN_RANGE_LOOP_ANALYSIS = YES;
				CLANG_WARN_STRICT_PROTOTYPES = YES;
				CLANG_WARN_SUSPICIOUS_MOVE = YES;
				CLANG_WARN_UNGUARDED_AVAILABILITY = YES_AGGRESSIVE;
				CLANG_WARN_UNREACHABLE_CODE = YES;
				CODE_SIGN_IDENTITY = "iPhone Developer";
				CODE_SIGN_STYLE = Automatic;
				COPY_PHASE_STRIP = NO;
				DEBUG_INFORMATION_FORMAT = "dwarf-with-dsym";
				DEVELOPMENT_TEAM = YLWWUD25VZ;
				ENABLE_STRICT_OBJC_MSGSEND = YES;
				GCC_C_LANGUAGE_STANDARD = gnu11;
				GCC_NO_COMMON_BLOCKS = YES;
				INFOPLIST_FILE = IrohaExample/Info.plist;
				IPHONEOS_DEPLOYMENT_TARGET = 12.1;
				LD_RUNPATH_SEARCH_PATHS = "$(inherited) @executable_path/Frameworks";
				MTL_ENABLE_DEBUG_INFO = NO;
				MTL_FAST_MATH = YES;
				PRODUCT_BUNDLE_IDENTIFIER = co.jp.soramitsu.IrohaExample;
				PRODUCT_NAME = "$(TARGET_NAME)";
				SWIFT_OPTIMIZATION_LEVEL = "-Owholemodule";
				SWIFT_VERSION = 4.2;
				TARGETED_DEVICE_FAMILY = "1,2";
			};
			name = Release;
		};
		02ED8DCF21EE8DD80068AF05 /* Debug */ = {
			isa = XCBuildConfiguration;
			baseConfigurationReference = 31FEE7B1F9E4A5606D72321F /* Pods-IntegrationTestHost.debug.xcconfig */;
			buildSettings = {
				ASSETCATALOG_COMPILER_APPICON_NAME = AppIcon;
				CLANG_ANALYZER_NONNULL = YES;
				CLANG_ANALYZER_NUMBER_OBJECT_CONVERSION = YES_AGGRESSIVE;
				CLANG_CXX_LANGUAGE_STANDARD = "gnu++14";
				CLANG_ENABLE_OBJC_WEAK = YES;
				CLANG_WARN_BLOCK_CAPTURE_AUTORELEASING = YES;
				CLANG_WARN_COMMA = YES;
				CLANG_WARN_DEPRECATED_OBJC_IMPLEMENTATIONS = YES;
				CLANG_WARN_DOCUMENTATION_COMMENTS = YES;
				CLANG_WARN_INFINITE_RECURSION = YES;
				CLANG_WARN_NON_LITERAL_NULL_CONVERSION = YES;
				CLANG_WARN_OBJC_IMPLICIT_RETAIN_SELF = YES;
				CLANG_WARN_OBJC_LITERAL_CONVERSION = YES;
				CLANG_WARN_RANGE_LOOP_ANALYSIS = YES;
				CLANG_WARN_STRICT_PROTOTYPES = YES;
				CLANG_WARN_SUSPICIOUS_MOVE = YES;
				CLANG_WARN_UNGUARDED_AVAILABILITY = YES_AGGRESSIVE;
				CLANG_WARN_UNREACHABLE_CODE = YES;
				CODE_SIGN_IDENTITY = "iPhone Developer";
				CODE_SIGN_STYLE = Automatic;
				DEBUG_INFORMATION_FORMAT = dwarf;
				DEVELOPMENT_TEAM = YLWWUD25VZ;
				ENABLE_STRICT_OBJC_MSGSEND = YES;
				GCC_C_LANGUAGE_STANDARD = gnu11;
				GCC_NO_COMMON_BLOCKS = YES;
				INFOPLIST_FILE = "IntegrationTestHost-Info.plist";
				IPHONEOS_DEPLOYMENT_TARGET = 12.1;
				LD_RUNPATH_SEARCH_PATHS = "$(inherited) @executable_path/Frameworks";
				MTL_ENABLE_DEBUG_INFO = INCLUDE_SOURCE;
				MTL_FAST_MATH = YES;
				PRODUCT_BUNDLE_IDENTIFIER = co.jp.soramitsu.IntegrationTestHost;
				PRODUCT_NAME = "$(TARGET_NAME)";
				SWIFT_ACTIVE_COMPILATION_CONDITIONS = DEBUG;
				SWIFT_OPTIMIZATION_LEVEL = "-Onone";
				SWIFT_VERSION = 4.2;
				TARGETED_DEVICE_FAMILY = "1,2";
			};
			name = Debug;
		};
		02ED8DD021EE8DD80068AF05 /* Release */ = {
			isa = XCBuildConfiguration;
			baseConfigurationReference = 46039629AA9ED80C7E9721D8 /* Pods-IntegrationTestHost.release.xcconfig */;
			buildSettings = {
				ASSETCATALOG_COMPILER_APPICON_NAME = AppIcon;
				CLANG_ANALYZER_NONNULL = YES;
				CLANG_ANALYZER_NUMBER_OBJECT_CONVERSION = YES_AGGRESSIVE;
				CLANG_CXX_LANGUAGE_STANDARD = "gnu++14";
				CLANG_ENABLE_OBJC_WEAK = YES;
				CLANG_WARN_BLOCK_CAPTURE_AUTORELEASING = YES;
				CLANG_WARN_COMMA = YES;
				CLANG_WARN_DEPRECATED_OBJC_IMPLEMENTATIONS = YES;
				CLANG_WARN_DOCUMENTATION_COMMENTS = YES;
				CLANG_WARN_INFINITE_RECURSION = YES;
				CLANG_WARN_NON_LITERAL_NULL_CONVERSION = YES;
				CLANG_WARN_OBJC_IMPLICIT_RETAIN_SELF = YES;
				CLANG_WARN_OBJC_LITERAL_CONVERSION = YES;
				CLANG_WARN_RANGE_LOOP_ANALYSIS = YES;
				CLANG_WARN_STRICT_PROTOTYPES = YES;
				CLANG_WARN_SUSPICIOUS_MOVE = YES;
				CLANG_WARN_UNGUARDED_AVAILABILITY = YES_AGGRESSIVE;
				CLANG_WARN_UNREACHABLE_CODE = YES;
				CODE_SIGN_IDENTITY = "iPhone Developer";
				CODE_SIGN_STYLE = Automatic;
				COPY_PHASE_STRIP = NO;
				DEBUG_INFORMATION_FORMAT = "dwarf-with-dsym";
				DEVELOPMENT_TEAM = YLWWUD25VZ;
				ENABLE_STRICT_OBJC_MSGSEND = YES;
				GCC_C_LANGUAGE_STANDARD = gnu11;
				GCC_NO_COMMON_BLOCKS = YES;
				INFOPLIST_FILE = "IntegrationTestHost-Info.plist";
				IPHONEOS_DEPLOYMENT_TARGET = 12.1;
				LD_RUNPATH_SEARCH_PATHS = "$(inherited) @executable_path/Frameworks";
				MTL_ENABLE_DEBUG_INFO = NO;
				MTL_FAST_MATH = YES;
				PRODUCT_BUNDLE_IDENTIFIER = co.jp.soramitsu.IntegrationTestHost;
				PRODUCT_NAME = "$(TARGET_NAME)";
				SWIFT_OPTIMIZATION_LEVEL = "-Owholemodule";
				SWIFT_VERSION = 4.2;
				TARGETED_DEVICE_FAMILY = "1,2";
			};
			name = Release;
		};
		6003F5BD195388D20070C39A /* Debug */ = {
			isa = XCBuildConfiguration;
			buildSettings = {
				ALWAYS_SEARCH_USER_PATHS = NO;
				CLANG_CXX_LANGUAGE_STANDARD = "gnu++0x";
				CLANG_CXX_LIBRARY = "libc++";
				CLANG_ENABLE_MODULES = YES;
				CLANG_ENABLE_OBJC_ARC = YES;
				CLANG_WARN_BOOL_CONVERSION = YES;
				CLANG_WARN_CONSTANT_CONVERSION = YES;
				CLANG_WARN_DIRECT_OBJC_ISA_USAGE = YES_ERROR;
				CLANG_WARN_EMPTY_BODY = YES;
				CLANG_WARN_ENUM_CONVERSION = YES;
				CLANG_WARN_INT_CONVERSION = YES;
				CLANG_WARN_OBJC_ROOT_CLASS = YES_ERROR;
				CLANG_WARN__DUPLICATE_METHOD_MATCH = YES;
				"CODE_SIGN_IDENTITY[sdk=iphoneos*]" = "iPhone Developer";
				COPY_PHASE_STRIP = NO;
				ENABLE_TESTABILITY = YES;
				GCC_C_LANGUAGE_STANDARD = gnu99;
				GCC_DYNAMIC_NO_PIC = NO;
				GCC_OPTIMIZATION_LEVEL = 0;
				GCC_PREPROCESSOR_DEFINITIONS = (
					"DEBUG=1",
					"$(inherited)",
				);
				GCC_SYMBOLS_PRIVATE_EXTERN = NO;
				GCC_WARN_64_TO_32_BIT_CONVERSION = YES;
				GCC_WARN_ABOUT_RETURN_TYPE = YES_ERROR;
				GCC_WARN_UNDECLARED_SELECTOR = YES;
				GCC_WARN_UNINITIALIZED_AUTOS = YES_AGGRESSIVE;
				GCC_WARN_UNUSED_FUNCTION = YES;
				GCC_WARN_UNUSED_VARIABLE = YES;
				IPHONEOS_DEPLOYMENT_TARGET = 9.3;
				ONLY_ACTIVE_ARCH = YES;
				SDKROOT = iphoneos;
				TARGETED_DEVICE_FAMILY = "1,2";
			};
			name = Debug;
		};
		6003F5BE195388D20070C39A /* Release */ = {
			isa = XCBuildConfiguration;
			buildSettings = {
				ALWAYS_SEARCH_USER_PATHS = NO;
				CLANG_CXX_LANGUAGE_STANDARD = "gnu++0x";
				CLANG_CXX_LIBRARY = "libc++";
				CLANG_ENABLE_MODULES = YES;
				CLANG_ENABLE_OBJC_ARC = YES;
				CLANG_WARN_BOOL_CONVERSION = YES;
				CLANG_WARN_CONSTANT_CONVERSION = YES;
				CLANG_WARN_DIRECT_OBJC_ISA_USAGE = YES_ERROR;
				CLANG_WARN_EMPTY_BODY = YES;
				CLANG_WARN_ENUM_CONVERSION = YES;
				CLANG_WARN_INT_CONVERSION = YES;
				CLANG_WARN_OBJC_ROOT_CLASS = YES_ERROR;
				CLANG_WARN__DUPLICATE_METHOD_MATCH = YES;
				"CODE_SIGN_IDENTITY[sdk=iphoneos*]" = "iPhone Developer";
				COPY_PHASE_STRIP = YES;
				ENABLE_NS_ASSERTIONS = NO;
				GCC_C_LANGUAGE_STANDARD = gnu99;
				GCC_WARN_64_TO_32_BIT_CONVERSION = YES;
				GCC_WARN_ABOUT_RETURN_TYPE = YES_ERROR;
				GCC_WARN_UNDECLARED_SELECTOR = YES;
				GCC_WARN_UNINITIALIZED_AUTOS = YES_AGGRESSIVE;
				GCC_WARN_UNUSED_FUNCTION = YES;
				GCC_WARN_UNUSED_VARIABLE = YES;
				IPHONEOS_DEPLOYMENT_TARGET = 9.3;
				SDKROOT = iphoneos;
				TARGETED_DEVICE_FAMILY = "1,2";
				VALIDATE_PRODUCT = YES;
			};
			name = Release;
		};
		6003F5C3195388D20070C39A /* Debug */ = {
			isa = XCBuildConfiguration;
			baseConfigurationReference = 3432D55320A9387DC8836321 /* Pods-UnitTests.debug.xcconfig */;
			buildSettings = {
				ALWAYS_EMBED_SWIFT_STANDARD_LIBRARIES = YES;
				DEVELOPMENT_TEAM = YLWWUD25VZ;
				FRAMEWORK_SEARCH_PATHS = (
					"$(inherited)",
					"$(DEVELOPER_FRAMEWORKS_DIR)",
				);
				GCC_PRECOMPILE_PREFIX_HEADER = YES;
				GCC_PREFIX_HEADER = "Tests/Tests-Prefix.pch";
				GCC_PREPROCESSOR_DEFINITIONS = (
					"DEBUG=1",
					"$(inherited)",
				);
				INFOPLIST_FILE = "Tests/Tests-Info.plist";
				IPHONEOS_DEPLOYMENT_TARGET = 9.0;
				PRODUCT_BUNDLE_IDENTIFIER = "org.cocoapods.demo.${PRODUCT_NAME:rfc1034identifier}";
				PRODUCT_NAME = "$(TARGET_NAME)";
				TEST_HOST = "$(BUILT_PRODUCTS_DIR)/IntegrationTestHost.app/IntegrationTestHost";
				WRAPPER_EXTENSION = xctest;
			};
			name = Debug;
		};
		6003F5C4195388D20070C39A /* Release */ = {
			isa = XCBuildConfiguration;
			baseConfigurationReference = 6BF3097DA0B1239D7D3C0799 /* Pods-UnitTests.release.xcconfig */;
			buildSettings = {
				ALWAYS_EMBED_SWIFT_STANDARD_LIBRARIES = YES;
				DEVELOPMENT_TEAM = YLWWUD25VZ;
				FRAMEWORK_SEARCH_PATHS = (
					"$(inherited)",
					"$(DEVELOPER_FRAMEWORKS_DIR)",
				);
				GCC_PRECOMPILE_PREFIX_HEADER = YES;
				GCC_PREFIX_HEADER = "Tests/Tests-Prefix.pch";
				INFOPLIST_FILE = "Tests/Tests-Info.plist";
				IPHONEOS_DEPLOYMENT_TARGET = 9.0;
				PRODUCT_BUNDLE_IDENTIFIER = "org.cocoapods.demo.${PRODUCT_NAME:rfc1034identifier}";
				PRODUCT_NAME = "$(TARGET_NAME)";
				TEST_HOST = "$(BUILT_PRODUCTS_DIR)/IntegrationTestHost.app/IntegrationTestHost";
				WRAPPER_EXTENSION = xctest;
			};
			name = Release;
		};
/* End XCBuildConfiguration section */

/* Begin XCConfigurationList section */
		021C846021ED12B40037F633 /* Build configuration list for PBXNativeTarget "IntegrationTests" */ = {
			isa = XCConfigurationList;
			buildConfigurations = (
				021C846121ED12B40037F633 /* Debug */,
				021C846221ED12B40037F633 /* Release */,
			);
			defaultConfigurationIsVisible = 0;
			defaultConfigurationName = Release;
		};
		02E31A3521DC050E00B33B66 /* Build configuration list for PBXNativeTarget "IrohaExample" */ = {
			isa = XCConfigurationList;
			buildConfigurations = (
				02E31A3321DC050E00B33B66 /* Debug */,
				02E31A3421DC050E00B33B66 /* Release */,
			);
			defaultConfigurationIsVisible = 0;
			defaultConfigurationName = Release;
		};
		02ED8DCE21EE8DD80068AF05 /* Build configuration list for PBXNativeTarget "IntegrationTestHost" */ = {
			isa = XCConfigurationList;
			buildConfigurations = (
				02ED8DCF21EE8DD80068AF05 /* Debug */,
				02ED8DD021EE8DD80068AF05 /* Release */,
			);
			defaultConfigurationIsVisible = 0;
			defaultConfigurationName = Release;
		};
		6003F585195388D10070C39A /* Build configuration list for PBXProject "IrohaCommunication" */ = {
			isa = XCConfigurationList;
			buildConfigurations = (
				6003F5BD195388D20070C39A /* Debug */,
				6003F5BE195388D20070C39A /* Release */,
			);
			defaultConfigurationIsVisible = 0;
			defaultConfigurationName = Release;
		};
		6003F5C2195388D20070C39A /* Build configuration list for PBXNativeTarget "UnitTests" */ = {
			isa = XCConfigurationList;
			buildConfigurations = (
				6003F5C3195388D20070C39A /* Debug */,
				6003F5C4195388D20070C39A /* Release */,
			);
			defaultConfigurationIsVisible = 0;
			defaultConfigurationName = Release;
		};
/* End XCConfigurationList section */
	};
	rootObject = 6003F582195388D10070C39A /* Project object */;
}
