// !$*UTF8*$!
{
	archiveVersion = 1;
	classes = {
	};
	objectVersion = 48;
	objects = {

/* Begin PBXBuildFile section */
		8A28A5D72034EB1200E900F5 /* primitive.pb.swift in Sources */ = {isa = PBXBuildFile; fileRef = 8A28A5C62034EB1200E900F5 /* primitive.pb.swift */; };
		8A28A5D82034EB1200E900F5 /* responses.pb.swift in Sources */ = {isa = PBXBuildFile; fileRef = 8A28A5C72034EB1200E900F5 /* responses.pb.swift */; };
		8A28A5DA2034EB1200E900F5 /* endpoint.pb.swift in Sources */ = {isa = PBXBuildFile; fileRef = 8A28A5C92034EB1200E900F5 /* endpoint.pb.swift */; };
		8A28A5DC2034EB1200E900F5 /* commands.pb.swift in Sources */ = {isa = PBXBuildFile; fileRef = 8A28A5CB2034EB1200E900F5 /* commands.pb.swift */; };
		8A28A5DE2034EB1200E900F5 /* yac.pb.swift in Sources */ = {isa = PBXBuildFile; fileRef = 8A28A5CD2034EB1200E900F5 /* yac.pb.swift */; };
		8A28A5E02034EB1200E900F5 /* block.pb.swift in Sources */ = {isa = PBXBuildFile; fileRef = 8A28A5CF2034EB1200E900F5 /* block.pb.swift */; };
		8A28A5E32034EB1200E900F5 /* queries.pb.swift in Sources */ = {isa = PBXBuildFile; fileRef = 8A28A5D22034EB1200E900F5 /* queries.pb.swift */; };
		8A28A5E42034EB1200E900F5 /* ordering.pb.swift in Sources */ = {isa = PBXBuildFile; fileRef = 8A28A5D32034EB1200E900F5 /* ordering.pb.swift */; };
		8A28A5E62034EB1200E900F5 /* loader.pb.swift in Sources */ = {isa = PBXBuildFile; fileRef = 8A28A5D52034EB1200E900F5 /* loader.pb.swift */; };
		8A28A5E82034F3A600E900F5 /* Cartfile in Resources */ = {isa = PBXBuildFile; fileRef = 8A28A5E72034F3A500E900F5 /* Cartfile */; };
		8A42B20B2057EC9400FA320D /* gRPC.framework in Frameworks */ = {isa = PBXBuildFile; fileRef = 8A42B1D62057EBA800FA320D /* gRPC.framework */; };
		8A42B20C2057EC9400FA320D /* gRPC.framework in Embed Frameworks */ = {isa = PBXBuildFile; fileRef = 8A42B1D62057EBA800FA320D /* gRPC.framework */; settings = {ATTRIBUTES = (CodeSignOnCopy, RemoveHeadersOnCopy, ); }; };
		8A42B20F2057EC9A00FA320D /* CgRPC.framework in Frameworks */ = {isa = PBXBuildFile; fileRef = 8A42B1D82057EBA800FA320D /* CgRPC.framework */; };
		8A42B2102057EC9A00FA320D /* CgRPC.framework in Embed Frameworks */ = {isa = PBXBuildFile; fileRef = 8A42B1D82057EBA800FA320D /* CgRPC.framework */; settings = {ATTRIBUTES = (CodeSignOnCopy, RemoveHeadersOnCopy, ); }; };
		8A42B2132057EC9C00FA320D /* BoringSSL.framework in Frameworks */ = {isa = PBXBuildFile; fileRef = 8A42B1DA2057EBA800FA320D /* BoringSSL.framework */; };
		8A42B2142057EC9C00FA320D /* BoringSSL.framework in Embed Frameworks */ = {isa = PBXBuildFile; fileRef = 8A42B1DA2057EBA800FA320D /* BoringSSL.framework */; settings = {ATTRIBUTES = (CodeSignOnCopy, RemoveHeadersOnCopy, ); }; };
		8A42B2172057EC9F00FA320D /* SwiftProtobufPluginLibrary.framework in Frameworks */ = {isa = PBXBuildFile; fileRef = 8A42B1DE2057EBA800FA320D /* SwiftProtobufPluginLibrary.framework */; };
		8A42B2182057EC9F00FA320D /* SwiftProtobufPluginLibrary.framework in Embed Frameworks */ = {isa = PBXBuildFile; fileRef = 8A42B1DE2057EBA800FA320D /* SwiftProtobufPluginLibrary.framework */; settings = {ATTRIBUTES = (CodeSignOnCopy, RemoveHeadersOnCopy, ); }; };
		8A42B21B2057ECA100FA320D /* SwiftProtobuf.framework in Frameworks */ = {isa = PBXBuildFile; fileRef = 8A42B1E02057EBA800FA320D /* SwiftProtobuf.framework */; };
		8A42B21C2057ECA100FA320D /* SwiftProtobuf.framework in Embed Frameworks */ = {isa = PBXBuildFile; fileRef = 8A42B1E02057EBA800FA320D /* SwiftProtobuf.framework */; settings = {ATTRIBUTES = (CodeSignOnCopy, RemoveHeadersOnCopy, ); }; };
		8A42B21F2057ECA300FA320D /* Czlib.framework in Frameworks */ = {isa = PBXBuildFile; fileRef = 8A42B1E42057EBA800FA320D /* Czlib.framework */; };
		8A42B2202057ECA300FA320D /* Czlib.framework in Embed Frameworks */ = {isa = PBXBuildFile; fileRef = 8A42B1E42057EBA800FA320D /* Czlib.framework */; settings = {ATTRIBUTES = (CodeSignOnCopy, RemoveHeadersOnCopy, ); }; };
		8A7FE09F202A22EC009A12FD /* AppDelegate.swift in Sources */ = {isa = PBXBuildFile; fileRef = 8A7FE09E202A22EC009A12FD /* AppDelegate.swift */; };
		8A7FE0A1202A22EC009A12FD /* ViewController.swift in Sources */ = {isa = PBXBuildFile; fileRef = 8A7FE0A0202A22EC009A12FD /* ViewController.swift */; };
		8A7FE0A4202A22EC009A12FD /* Main.storyboard in Resources */ = {isa = PBXBuildFile; fileRef = 8A7FE0A2202A22EC009A12FD /* Main.storyboard */; };
		8A7FE0A6202A22EC009A12FD /* Assets.xcassets in Resources */ = {isa = PBXBuildFile; fileRef = 8A7FE0A5202A22EC009A12FD /* Assets.xcassets */; };
		8A7FE0A9202A22EC009A12FD /* LaunchScreen.storyboard in Resources */ = {isa = PBXBuildFile; fileRef = 8A7FE0A7202A22EC009A12FD /* LaunchScreen.storyboard */; };
		8A8CEDB820363C3B00D7BBB5 /* iroha.protocol.client.pb.swift in Sources */ = {isa = PBXBuildFile; fileRef = 8A8CEDB720363C3B00D7BBB5 /* iroha.protocol.client.pb.swift */; };
		8AAE72D8204DF2D800C39147 /* SwiftyIroha.framework in Frameworks */ = {isa = PBXBuildFile; fileRef = 8AAE7288204DE85400C39147 /* SwiftyIroha.framework */; };
		8AAE72D9204DF2D800C39147 /* SwiftyIroha.framework in Embed Frameworks */ = {isa = PBXBuildFile; fileRef = 8AAE7288204DE85400C39147 /* SwiftyIroha.framework */; settings = {ATTRIBUTES = (CodeSignOnCopy, RemoveHeadersOnCopy, ); }; };
/* End PBXBuildFile section */

/* Begin PBXContainerItemProxy section */
		8A42B1D12057EBA800FA320D /* PBXContainerItemProxy */ = {
			isa = PBXContainerItemProxy;
			containerPortal = 8A42B1BF2057EBA700FA320D /* SwiftGRPC.xcodeproj */;
			proxyType = 2;
			remoteGlobalIDString = "SwiftGRPC::RootsEncoder::Product";
			remoteInfo = RootsEncoder;
		};
		8A42B1D32057EBA800FA320D /* PBXContainerItemProxy */ = {
			isa = PBXContainerItemProxy;
			containerPortal = 8A42B1BF2057EBA700FA320D /* SwiftGRPC.xcodeproj */;
			proxyType = 2;
			remoteGlobalIDString = "SwiftGRPC::gRPCTests::Product";
			remoteInfo = gRPCTests;
		};
		8A42B1D52057EBA800FA320D /* PBXContainerItemProxy */ = {
			isa = PBXContainerItemProxy;
			containerPortal = 8A42B1BF2057EBA700FA320D /* SwiftGRPC.xcodeproj */;
			proxyType = 2;
			remoteGlobalIDString = "SwiftGRPC::gRPC::Product";
			remoteInfo = gRPC;
		};
		8A42B1D72057EBA800FA320D /* PBXContainerItemProxy */ = {
			isa = PBXContainerItemProxy;
			containerPortal = 8A42B1BF2057EBA700FA320D /* SwiftGRPC.xcodeproj */;
			proxyType = 2;
			remoteGlobalIDString = "SwiftGRPC::CgRPC::Product";
			remoteInfo = CgRPC;
		};
		8A42B1D92057EBA800FA320D /* PBXContainerItemProxy */ = {
			isa = PBXContainerItemProxy;
			containerPortal = 8A42B1BF2057EBA700FA320D /* SwiftGRPC.xcodeproj */;
			proxyType = 2;
			remoteGlobalIDString = "SwiftGRPC::BoringSSL::Product";
			remoteInfo = BoringSSL;
		};
		8A42B1DB2057EBA800FA320D /* PBXContainerItemProxy */ = {
			isa = PBXContainerItemProxy;
			containerPortal = 8A42B1BF2057EBA700FA320D /* SwiftGRPC.xcodeproj */;
			proxyType = 2;
			remoteGlobalIDString = "SwiftProtobuf::protoc-gen-swift::Product";
			remoteInfo = "protoc-gen-swift";
		};
		8A42B1DD2057EBA800FA320D /* PBXContainerItemProxy */ = {
			isa = PBXContainerItemProxy;
			containerPortal = 8A42B1BF2057EBA700FA320D /* SwiftGRPC.xcodeproj */;
			proxyType = 2;
			remoteGlobalIDString = "SwiftProtobuf::SwiftProtobufPluginLibrary::Product";
			remoteInfo = SwiftProtobufPluginLibrary;
		};
		8A42B1DF2057EBA800FA320D /* PBXContainerItemProxy */ = {
			isa = PBXContainerItemProxy;
			containerPortal = 8A42B1BF2057EBA700FA320D /* SwiftGRPC.xcodeproj */;
			proxyType = 2;
			remoteGlobalIDString = "SwiftProtobuf::SwiftProtobuf::Product";
			remoteInfo = SwiftProtobuf;
		};
		8A42B1E12057EBA800FA320D /* PBXContainerItemProxy */ = {
			isa = PBXContainerItemProxy;
			containerPortal = 8A42B1BF2057EBA700FA320D /* SwiftGRPC.xcodeproj */;
			proxyType = 2;
			remoteGlobalIDString = "zlib::zlib-example::Product";
			remoteInfo = "zlib-example";
		};
		8A42B1E32057EBA800FA320D /* PBXContainerItemProxy */ = {
			isa = PBXContainerItemProxy;
			containerPortal = 8A42B1BF2057EBA700FA320D /* SwiftGRPC.xcodeproj */;
			proxyType = 2;
			remoteGlobalIDString = "zlib::Czlib::Product";
			remoteInfo = Czlib;
		};
		8A42B20D2057EC9400FA320D /* PBXContainerItemProxy */ = {
			isa = PBXContainerItemProxy;
			containerPortal = 8A42B1BF2057EBA700FA320D /* SwiftGRPC.xcodeproj */;
			proxyType = 1;
			remoteGlobalIDString = "SwiftGRPC::gRPC";
			remoteInfo = gRPC;
		};
		8A42B2112057EC9A00FA320D /* PBXContainerItemProxy */ = {
			isa = PBXContainerItemProxy;
			containerPortal = 8A42B1BF2057EBA700FA320D /* SwiftGRPC.xcodeproj */;
			proxyType = 1;
			remoteGlobalIDString = "SwiftGRPC::CgRPC";
			remoteInfo = CgRPC;
		};
		8A42B2152057EC9C00FA320D /* PBXContainerItemProxy */ = {
			isa = PBXContainerItemProxy;
			containerPortal = 8A42B1BF2057EBA700FA320D /* SwiftGRPC.xcodeproj */;
			proxyType = 1;
			remoteGlobalIDString = "SwiftGRPC::BoringSSL";
			remoteInfo = BoringSSL;
		};
		8A42B2192057EC9F00FA320D /* PBXContainerItemProxy */ = {
			isa = PBXContainerItemProxy;
			containerPortal = 8A42B1BF2057EBA700FA320D /* SwiftGRPC.xcodeproj */;
			proxyType = 1;
			remoteGlobalIDString = "SwiftProtobuf::SwiftProtobufPluginLibrary";
			remoteInfo = SwiftProtobufPluginLibrary;
		};
		8A42B21D2057ECA100FA320D /* PBXContainerItemProxy */ = {
			isa = PBXContainerItemProxy;
			containerPortal = 8A42B1BF2057EBA700FA320D /* SwiftGRPC.xcodeproj */;
			proxyType = 1;
			remoteGlobalIDString = "SwiftProtobuf::SwiftProtobuf";
			remoteInfo = SwiftProtobuf;
		};
		8A42B2212057ECA300FA320D /* PBXContainerItemProxy */ = {
			isa = PBXContainerItemProxy;
			containerPortal = 8A42B1BF2057EBA700FA320D /* SwiftGRPC.xcodeproj */;
			proxyType = 1;
			remoteGlobalIDString = "zlib::Czlib";
			remoteInfo = Czlib;
		};
/* End PBXContainerItemProxy section */

/* Begin PBXCopyFilesBuildPhase section */
		8AAE72BF204DEC6C00C39147 /* Embed Frameworks */ = {
			isa = PBXCopyFilesBuildPhase;
			buildActionMask = 2147483647;
			dstPath = "";
			dstSubfolderSpec = 10;
			files = (
				8A42B2102057EC9A00FA320D /* CgRPC.framework in Embed Frameworks */,
				8A42B21C2057ECA100FA320D /* SwiftProtobuf.framework in Embed Frameworks */,
				8A42B20C2057EC9400FA320D /* gRPC.framework in Embed Frameworks */,
				8A42B2142057EC9C00FA320D /* BoringSSL.framework in Embed Frameworks */,
				8AAE72D9204DF2D800C39147 /* SwiftyIroha.framework in Embed Frameworks */,
				8A42B2202057ECA300FA320D /* Czlib.framework in Embed Frameworks */,
				8A42B2182057EC9F00FA320D /* SwiftProtobufPluginLibrary.framework in Embed Frameworks */,
			);
			name = "Embed Frameworks";
			runOnlyForDeploymentPostprocessing = 0;
		};
/* End PBXCopyFilesBuildPhase section */

/* Begin PBXFileReference section */
		8A28A5C62034EB1200E900F5 /* primitive.pb.swift */ = {isa = PBXFileReference; fileEncoding = 4; lastKnownFileType = sourcecode.swift; path = primitive.pb.swift; sourceTree = "<group>"; };
		8A28A5C72034EB1200E900F5 /* responses.pb.swift */ = {isa = PBXFileReference; fileEncoding = 4; lastKnownFileType = sourcecode.swift; path = responses.pb.swift; sourceTree = "<group>"; };
		8A28A5C92034EB1200E900F5 /* endpoint.pb.swift */ = {isa = PBXFileReference; fileEncoding = 4; lastKnownFileType = sourcecode.swift; path = endpoint.pb.swift; sourceTree = "<group>"; };
		8A28A5CB2034EB1200E900F5 /* commands.pb.swift */ = {isa = PBXFileReference; fileEncoding = 4; lastKnownFileType = sourcecode.swift; path = commands.pb.swift; sourceTree = "<group>"; };
		8A28A5CD2034EB1200E900F5 /* yac.pb.swift */ = {isa = PBXFileReference; fileEncoding = 4; lastKnownFileType = sourcecode.swift; path = yac.pb.swift; sourceTree = "<group>"; };
		8A28A5CF2034EB1200E900F5 /* block.pb.swift */ = {isa = PBXFileReference; fileEncoding = 4; lastKnownFileType = sourcecode.swift; path = block.pb.swift; sourceTree = "<group>"; };
		8A28A5D22034EB1200E900F5 /* queries.pb.swift */ = {isa = PBXFileReference; fileEncoding = 4; lastKnownFileType = sourcecode.swift; path = queries.pb.swift; sourceTree = "<group>"; };
		8A28A5D32034EB1200E900F5 /* ordering.pb.swift */ = {isa = PBXFileReference; fileEncoding = 4; lastKnownFileType = sourcecode.swift; path = ordering.pb.swift; sourceTree = "<group>"; };
		8A28A5D52034EB1200E900F5 /* loader.pb.swift */ = {isa = PBXFileReference; fileEncoding = 4; lastKnownFileType = sourcecode.swift; path = loader.pb.swift; sourceTree = "<group>"; };
		8A28A5E72034F3A500E900F5 /* Cartfile */ = {isa = PBXFileReference; fileEncoding = 1; lastKnownFileType = text; path = Cartfile; sourceTree = "<group>"; };
		8A42B1BF2057EBA700FA320D /* SwiftGRPC.xcodeproj */ = {isa = PBXFileReference; lastKnownFileType = "wrapper.pb-project"; name = SwiftGRPC.xcodeproj; path = "grpc-swift/SwiftGRPC.xcodeproj"; sourceTree = "<group>"; };
		8A7FE09B202A22EC009A12FD /* SwiftyIrohaExample.app */ = {isa = PBXFileReference; explicitFileType = wrapper.application; includeInIndex = 0; path = SwiftyIrohaExample.app; sourceTree = BUILT_PRODUCTS_DIR; };
		8A7FE09E202A22EC009A12FD /* AppDelegate.swift */ = {isa = PBXFileReference; lastKnownFileType = sourcecode.swift; path = AppDelegate.swift; sourceTree = "<group>"; };
		8A7FE0A0202A22EC009A12FD /* ViewController.swift */ = {isa = PBXFileReference; lastKnownFileType = sourcecode.swift; path = ViewController.swift; sourceTree = "<group>"; };
		8A7FE0A3202A22EC009A12FD /* Base */ = {isa = PBXFileReference; lastKnownFileType = file.storyboard; name = Base; path = Base.lproj/Main.storyboard; sourceTree = "<group>"; };
		8A7FE0A5202A22EC009A12FD /* Assets.xcassets */ = {isa = PBXFileReference; lastKnownFileType = folder.assetcatalog; path = Assets.xcassets; sourceTree = "<group>"; };
		8A7FE0A8202A22EC009A12FD /* Base */ = {isa = PBXFileReference; lastKnownFileType = file.storyboard; name = Base; path = Base.lproj/LaunchScreen.storyboard; sourceTree = "<group>"; };
		8A7FE0AA202A22EC009A12FD /* Info.plist */ = {isa = PBXFileReference; lastKnownFileType = text.plist.xml; path = Info.plist; sourceTree = "<group>"; };
		8A8CEDB720363C3B00D7BBB5 /* iroha.protocol.client.pb.swift */ = {isa = PBXFileReference; fileEncoding = 4; lastKnownFileType = sourcecode.swift; path = iroha.protocol.client.pb.swift; sourceTree = "<group>"; };
		8AAE7288204DE85400C39147 /* SwiftyIroha.framework */ = {isa = PBXFileReference; lastKnownFileType = wrapper.framework; path = SwiftyIroha.framework; sourceTree = "<group>"; };
/* End PBXFileReference section */

/* Begin PBXFrameworksBuildPhase section */
		8A7FE098202A22EC009A12FD /* Frameworks */ = {
			isa = PBXFrameworksBuildPhase;
			buildActionMask = 2147483647;
			files = (
				8A42B20F2057EC9A00FA320D /* CgRPC.framework in Frameworks */,
				8A42B21B2057ECA100FA320D /* SwiftProtobuf.framework in Frameworks */,
				8A42B20B2057EC9400FA320D /* gRPC.framework in Frameworks */,
				8A42B2132057EC9C00FA320D /* BoringSSL.framework in Frameworks */,
				8AAE72D8204DF2D800C39147 /* SwiftyIroha.framework in Frameworks */,
				8A42B21F2057ECA300FA320D /* Czlib.framework in Frameworks */,
				8A42B2172057EC9F00FA320D /* SwiftProtobufPluginLibrary.framework in Frameworks */,
			);
			runOnlyForDeploymentPostprocessing = 0;
		};
/* End PBXFrameworksBuildPhase section */

/* Begin PBXGroup section */
		8A28A5BE2034E54C00E900F5 /* GRPC */ = {
			isa = PBXGroup;
			children = (
				8A28A5C42034EB1200E900F5 /* ProtoClasses */,
			);
			path = GRPC;
			sourceTree = "<group>";
		};
		8A28A5C42034EB1200E900F5 /* ProtoClasses */ = {
			isa = PBXGroup;
			children = (
				8A8CEDB720363C3B00D7BBB5 /* iroha.protocol.client.pb.swift */,
				8A28A5C62034EB1200E900F5 /* primitive.pb.swift */,
				8A28A5C72034EB1200E900F5 /* responses.pb.swift */,
				8A28A5C92034EB1200E900F5 /* endpoint.pb.swift */,
				8A28A5CB2034EB1200E900F5 /* commands.pb.swift */,
				8A28A5CD2034EB1200E900F5 /* yac.pb.swift */,
				8A28A5CF2034EB1200E900F5 /* block.pb.swift */,
				8A28A5D22034EB1200E900F5 /* queries.pb.swift */,
				8A28A5D32034EB1200E900F5 /* ordering.pb.swift */,
				8A28A5D52034EB1200E900F5 /* loader.pb.swift */,
			);
			path = ProtoClasses;
			sourceTree = "<group>";
		};
		8A42B1C02057EBA700FA320D /* Products */ = {
			isa = PBXGroup;
			children = (
				8A42B1D22057EBA800FA320D /* RootsEncoder */,
				8A42B1D42057EBA800FA320D /* gRPCTests.xctest */,
				8A42B1D62057EBA800FA320D /* gRPC.framework */,
				8A42B1D82057EBA800FA320D /* CgRPC.framework */,
				8A42B1DA2057EBA800FA320D /* BoringSSL.framework */,
				8A42B1DC2057EBA800FA320D /* protoc-gen-swift */,
				8A42B1DE2057EBA800FA320D /* SwiftProtobufPluginLibrary.framework */,
				8A42B1E02057EBA800FA320D /* SwiftProtobuf.framework */,
				8A42B1E22057EBA800FA320D /* zlib-example */,
				8A42B1E42057EBA800FA320D /* Czlib.framework */,
			);
			name = Products;
			sourceTree = "<group>";
		};
		8A7FE092202A22EC009A12FD = {
			isa = PBXGroup;
			children = (
				8A42B1BF2057EBA700FA320D /* SwiftGRPC.xcodeproj */,
				8A28A5E72034F3A500E900F5 /* Cartfile */,
				8ADDCF0420350C6E00BABBDF /* Frameworks */,
				8A7FE09D202A22EC009A12FD /* SwiftyIrohaExample */,
				8A7FE09C202A22EC009A12FD /* Products */,
			);
			sourceTree = "<group>";
		};
		8A7FE09C202A22EC009A12FD /* Products */ = {
			isa = PBXGroup;
			children = (
				8A7FE09B202A22EC009A12FD /* SwiftyIrohaExample.app */,
			);
			name = Products;
			sourceTree = "<group>";
		};
		8A7FE09D202A22EC009A12FD /* SwiftyIrohaExample */ = {
			isa = PBXGroup;
			children = (
				8A28A5BE2034E54C00E900F5 /* GRPC */,
				8A7FE09E202A22EC009A12FD /* AppDelegate.swift */,
				8A7FE0A0202A22EC009A12FD /* ViewController.swift */,
				8A7FE0A2202A22EC009A12FD /* Main.storyboard */,
				8A7FE0A5202A22EC009A12FD /* Assets.xcassets */,
				8A7FE0A7202A22EC009A12FD /* LaunchScreen.storyboard */,
				8A7FE0AA202A22EC009A12FD /* Info.plist */,
			);
			path = SwiftyIrohaExample;
			sourceTree = "<group>";
		};
		8ADDCF0420350C6E00BABBDF /* Frameworks */ = {
			isa = PBXGroup;
			children = (
				8AAE7288204DE85400C39147 /* SwiftyIroha.framework */,
			);
			path = Frameworks;
			sourceTree = "<group>";
		};
/* End PBXGroup section */

/* Begin PBXNativeTarget section */
		8A7FE09A202A22EC009A12FD /* SwiftyIrohaExample */ = {
			isa = PBXNativeTarget;
			buildConfigurationList = 8A7FE0AD202A22EC009A12FD /* Build configuration list for PBXNativeTarget "SwiftyIrohaExample" */;
			buildPhases = (
				8A7FE097202A22EC009A12FD /* Sources */,
				8A7FE098202A22EC009A12FD /* Frameworks */,
				8A7FE099202A22EC009A12FD /* Resources */,
				8AAE72BF204DEC6C00C39147 /* Embed Frameworks */,
			);
			buildRules = (
			);
			dependencies = (
				8A42B20E2057EC9400FA320D /* PBXTargetDependency */,
				8A42B2122057EC9A00FA320D /* PBXTargetDependency */,
				8A42B2162057EC9C00FA320D /* PBXTargetDependency */,
				8A42B21A2057EC9F00FA320D /* PBXTargetDependency */,
				8A42B21E2057ECA100FA320D /* PBXTargetDependency */,
				8A42B2222057ECA300FA320D /* PBXTargetDependency */,
			);
			name = SwiftyIrohaExample;
			productName = SwiftyIroha;
			productReference = 8A7FE09B202A22EC009A12FD /* SwiftyIrohaExample.app */;
			productType = "com.apple.product-type.application";
		};
/* End PBXNativeTarget section */

/* Begin PBXProject section */
		8A7FE093202A22EC009A12FD /* Project object */ = {
			isa = PBXProject;
			attributes = {
				LastSwiftUpdateCheck = 0920;
				LastUpgradeCheck = 0920;
				ORGANIZATIONNAME = AlexeyMukhin;
				TargetAttributes = {
					8A7FE09A202A22EC009A12FD = {
						CreatedOnToolsVersion = 9.2;
						LastSwiftMigration = 0920;
						ProvisioningStyle = Automatic;
					};
				};
			};
			buildConfigurationList = 8A7FE096202A22EC009A12FD /* Build configuration list for PBXProject "SwiftyIrohaExample" */;
			compatibilityVersion = "Xcode 8.0";
			developmentRegion = en;
			hasScannedForEncodings = 0;
			knownRegions = (
				en,
				Base,
			);
			mainGroup = 8A7FE092202A22EC009A12FD;
			productRefGroup = 8A7FE09C202A22EC009A12FD /* Products */;
			projectDirPath = "";
			projectReferences = (
				{
					ProductGroup = 8A42B1C02057EBA700FA320D /* Products */;
					ProjectRef = 8A42B1BF2057EBA700FA320D /* SwiftGRPC.xcodeproj */;
				},
			);
			projectRoot = "";
			targets = (
				8A7FE09A202A22EC009A12FD /* SwiftyIrohaExample */,
			);
		};
/* End PBXProject section */

/* Begin PBXReferenceProxy section */
		8A42B1D22057EBA800FA320D /* RootsEncoder */ = {
			isa = PBXReferenceProxy;
			fileType = text;
			path = RootsEncoder;
			remoteRef = 8A42B1D12057EBA800FA320D /* PBXContainerItemProxy */;
			sourceTree = BUILT_PRODUCTS_DIR;
		};
		8A42B1D42057EBA800FA320D /* gRPCTests.xctest */ = {
			isa = PBXReferenceProxy;
			fileType = file;
			path = gRPCTests.xctest;
			remoteRef = 8A42B1D32057EBA800FA320D /* PBXContainerItemProxy */;
			sourceTree = BUILT_PRODUCTS_DIR;
		};
		8A42B1D62057EBA800FA320D /* gRPC.framework */ = {
			isa = PBXReferenceProxy;
			fileType = wrapper.framework;
			path = gRPC.framework;
			remoteRef = 8A42B1D52057EBA800FA320D /* PBXContainerItemProxy */;
			sourceTree = BUILT_PRODUCTS_DIR;
		};
		8A42B1D82057EBA800FA320D /* CgRPC.framework */ = {
			isa = PBXReferenceProxy;
			fileType = wrapper.framework;
			path = CgRPC.framework;
			remoteRef = 8A42B1D72057EBA800FA320D /* PBXContainerItemProxy */;
			sourceTree = BUILT_PRODUCTS_DIR;
		};
		8A42B1DA2057EBA800FA320D /* BoringSSL.framework */ = {
			isa = PBXReferenceProxy;
			fileType = wrapper.framework;
			path = BoringSSL.framework;
			remoteRef = 8A42B1D92057EBA800FA320D /* PBXContainerItemProxy */;
			sourceTree = BUILT_PRODUCTS_DIR;
		};
		8A42B1DC2057EBA800FA320D /* protoc-gen-swift */ = {
			isa = PBXReferenceProxy;
			fileType = text;
			path = "protoc-gen-swift";
			remoteRef = 8A42B1DB2057EBA800FA320D /* PBXContainerItemProxy */;
			sourceTree = BUILT_PRODUCTS_DIR;
		};
		8A42B1DE2057EBA800FA320D /* SwiftProtobufPluginLibrary.framework */ = {
			isa = PBXReferenceProxy;
			fileType = wrapper.framework;
			path = SwiftProtobufPluginLibrary.framework;
			remoteRef = 8A42B1DD2057EBA800FA320D /* PBXContainerItemProxy */;
			sourceTree = BUILT_PRODUCTS_DIR;
		};
		8A42B1E02057EBA800FA320D /* SwiftProtobuf.framework */ = {
			isa = PBXReferenceProxy;
			fileType = wrapper.framework;
			path = SwiftProtobuf.framework;
			remoteRef = 8A42B1DF2057EBA800FA320D /* PBXContainerItemProxy */;
			sourceTree = BUILT_PRODUCTS_DIR;
		};
		8A42B1E22057EBA800FA320D /* zlib-example */ = {
			isa = PBXReferenceProxy;
			fileType = text;
			path = "zlib-example";
			remoteRef = 8A42B1E12057EBA800FA320D /* PBXContainerItemProxy */;
			sourceTree = BUILT_PRODUCTS_DIR;
		};
		8A42B1E42057EBA800FA320D /* Czlib.framework */ = {
			isa = PBXReferenceProxy;
			fileType = wrapper.framework;
			path = Czlib.framework;
			remoteRef = 8A42B1E32057EBA800FA320D /* PBXContainerItemProxy */;
			sourceTree = BUILT_PRODUCTS_DIR;
		};
/* End PBXReferenceProxy section */

/* Begin PBXResourcesBuildPhase section */
		8A7FE099202A22EC009A12FD /* Resources */ = {
			isa = PBXResourcesBuildPhase;
			buildActionMask = 2147483647;
			files = (
				8A28A5E82034F3A600E900F5 /* Cartfile in Resources */,
				8A7FE0A9202A22EC009A12FD /* LaunchScreen.storyboard in Resources */,
				8A7FE0A6202A22EC009A12FD /* Assets.xcassets in Resources */,
				8A7FE0A4202A22EC009A12FD /* Main.storyboard in Resources */,
			);
			runOnlyForDeploymentPostprocessing = 0;
		};
/* End PBXResourcesBuildPhase section */

/* Begin PBXSourcesBuildPhase section */
		8A7FE097202A22EC009A12FD /* Sources */ = {
			isa = PBXSourcesBuildPhase;
			buildActionMask = 2147483647;
			files = (
				8A28A5D72034EB1200E900F5 /* primitive.pb.swift in Sources */,
				8A28A5E62034EB1200E900F5 /* loader.pb.swift in Sources */,
				8A28A5D82034EB1200E900F5 /* responses.pb.swift in Sources */,
				8A7FE0A1202A22EC009A12FD /* ViewController.swift in Sources */,
				8A28A5DE2034EB1200E900F5 /* yac.pb.swift in Sources */,
				8A28A5E32034EB1200E900F5 /* queries.pb.swift in Sources */,
				8A28A5E02034EB1200E900F5 /* block.pb.swift in Sources */,
				8A28A5DA2034EB1200E900F5 /* endpoint.pb.swift in Sources */,
				8A8CEDB820363C3B00D7BBB5 /* iroha.protocol.client.pb.swift in Sources */,
				8A28A5E42034EB1200E900F5 /* ordering.pb.swift in Sources */,
				8A7FE09F202A22EC009A12FD /* AppDelegate.swift in Sources */,
				8A28A5DC2034EB1200E900F5 /* commands.pb.swift in Sources */,
			);
			runOnlyForDeploymentPostprocessing = 0;
		};
/* End PBXSourcesBuildPhase section */

/* Begin PBXTargetDependency section */
		8A42B20E2057EC9400FA320D /* PBXTargetDependency */ = {
			isa = PBXTargetDependency;
			name = gRPC;
			targetProxy = 8A42B20D2057EC9400FA320D /* PBXContainerItemProxy */;
		};
		8A42B2122057EC9A00FA320D /* PBXTargetDependency */ = {
			isa = PBXTargetDependency;
			name = CgRPC;
			targetProxy = 8A42B2112057EC9A00FA320D /* PBXContainerItemProxy */;
		};
		8A42B2162057EC9C00FA320D /* PBXTargetDependency */ = {
			isa = PBXTargetDependency;
			name = BoringSSL;
			targetProxy = 8A42B2152057EC9C00FA320D /* PBXContainerItemProxy */;
		};
		8A42B21A2057EC9F00FA320D /* PBXTargetDependency */ = {
			isa = PBXTargetDependency;
			name = SwiftProtobufPluginLibrary;
			targetProxy = 8A42B2192057EC9F00FA320D /* PBXContainerItemProxy */;
		};
		8A42B21E2057ECA100FA320D /* PBXTargetDependency */ = {
			isa = PBXTargetDependency;
			name = SwiftProtobuf;
			targetProxy = 8A42B21D2057ECA100FA320D /* PBXContainerItemProxy */;
		};
		8A42B2222057ECA300FA320D /* PBXTargetDependency */ = {
			isa = PBXTargetDependency;
			name = Czlib;
			targetProxy = 8A42B2212057ECA300FA320D /* PBXContainerItemProxy */;
		};
/* End PBXTargetDependency section */

/* Begin PBXVariantGroup section */
		8A7FE0A2202A22EC009A12FD /* Main.storyboard */ = {
			isa = PBXVariantGroup;
			children = (
				8A7FE0A3202A22EC009A12FD /* Base */,
			);
			name = Main.storyboard;
			sourceTree = "<group>";
		};
		8A7FE0A7202A22EC009A12FD /* LaunchScreen.storyboard */ = {
			isa = PBXVariantGroup;
			children = (
				8A7FE0A8202A22EC009A12FD /* Base */,
			);
			name = LaunchScreen.storyboard;
			sourceTree = "<group>";
		};
/* End PBXVariantGroup section */

/* Begin XCBuildConfiguration section */
		8A7FE0AB202A22EC009A12FD /* Debug */ = {
			isa = XCBuildConfiguration;
			buildSettings = {
				ALWAYS_SEARCH_USER_PATHS = NO;
				CLANG_ANALYZER_NONNULL = YES;
				CLANG_ANALYZER_NUMBER_OBJECT_CONVERSION = YES_AGGRESSIVE;
				CLANG_CXX_LANGUAGE_STANDARD = "gnu++14";
				CLANG_CXX_LIBRARY = "libc++";
				CLANG_ENABLE_MODULES = YES;
				CLANG_ENABLE_OBJC_ARC = YES;
				CLANG_WARN_BLOCK_CAPTURE_AUTORELEASING = YES;
				CLANG_WARN_BOOL_CONVERSION = YES;
				CLANG_WARN_COMMA = YES;
				CLANG_WARN_CONSTANT_CONVERSION = YES;
				CLANG_WARN_DIRECT_OBJC_ISA_USAGE = YES_ERROR;
				CLANG_WARN_DOCUMENTATION_COMMENTS = YES;
				CLANG_WARN_EMPTY_BODY = YES;
				CLANG_WARN_ENUM_CONVERSION = YES;
				CLANG_WARN_INFINITE_RECURSION = YES;
				CLANG_WARN_INT_CONVERSION = YES;
				CLANG_WARN_NON_LITERAL_NULL_CONVERSION = YES;
				CLANG_WARN_OBJC_LITERAL_CONVERSION = YES;
				CLANG_WARN_OBJC_ROOT_CLASS = YES_ERROR;
				CLANG_WARN_RANGE_LOOP_ANALYSIS = YES;
				CLANG_WARN_STRICT_PROTOTYPES = YES;
				CLANG_WARN_SUSPICIOUS_MOVE = YES;
				CLANG_WARN_UNGUARDED_AVAILABILITY = YES_AGGRESSIVE;
				CLANG_WARN_UNREACHABLE_CODE = YES;
				CLANG_WARN__DUPLICATE_METHOD_MATCH = YES;
				CODE_SIGN_IDENTITY = "iPhone Developer";
				COPY_PHASE_STRIP = NO;
				DEBUG_INFORMATION_FORMAT = dwarf;
				ENABLE_BITCODE = NO;
				ENABLE_STRICT_OBJC_MSGSEND = YES;
				ENABLE_TESTABILITY = YES;
				GCC_C_LANGUAGE_STANDARD = gnu11;
				GCC_DYNAMIC_NO_PIC = NO;
				GCC_NO_COMMON_BLOCKS = YES;
				GCC_OPTIMIZATION_LEVEL = 0;
				GCC_PREPROCESSOR_DEFINITIONS = (
					"DEBUG=1",
					"$(inherited)",
				);
				GCC_WARN_64_TO_32_BIT_CONVERSION = YES;
				GCC_WARN_ABOUT_RETURN_TYPE = YES_ERROR;
				GCC_WARN_UNDECLARED_SELECTOR = YES;
				GCC_WARN_UNINITIALIZED_AUTOS = YES_AGGRESSIVE;
				GCC_WARN_UNUSED_FUNCTION = YES;
				GCC_WARN_UNUSED_VARIABLE = YES;
				IPHONEOS_DEPLOYMENT_TARGET = 11.2;
				MTL_ENABLE_DEBUG_INFO = YES;
				ONLY_ACTIVE_ARCH = YES;
				SDKROOT = iphoneos;
				SWIFT_ACTIVE_COMPILATION_CONDITIONS = DEBUG;
				SWIFT_OPTIMIZATION_LEVEL = "-Onone";
			};
			name = Debug;
		};
		8A7FE0AC202A22EC009A12FD /* Release */ = {
			isa = XCBuildConfiguration;
			buildSettings = {
				ALWAYS_SEARCH_USER_PATHS = NO;
				CLANG_ANALYZER_NONNULL = YES;
				CLANG_ANALYZER_NUMBER_OBJECT_CONVERSION = YES_AGGRESSIVE;
				CLANG_CXX_LANGUAGE_STANDARD = "gnu++14";
				CLANG_CXX_LIBRARY = "libc++";
				CLANG_ENABLE_MODULES = YES;
				CLANG_ENABLE_OBJC_ARC = YES;
				CLANG_WARN_BLOCK_CAPTURE_AUTORELEASING = YES;
				CLANG_WARN_BOOL_CONVERSION = YES;
				CLANG_WARN_COMMA = YES;
				CLANG_WARN_CONSTANT_CONVERSION = YES;
				CLANG_WARN_DIRECT_OBJC_ISA_USAGE = YES_ERROR;
				CLANG_WARN_DOCUMENTATION_COMMENTS = YES;
				CLANG_WARN_EMPTY_BODY = YES;
				CLANG_WARN_ENUM_CONVERSION = YES;
				CLANG_WARN_INFINITE_RECURSION = YES;
				CLANG_WARN_INT_CONVERSION = YES;
				CLANG_WARN_NON_LITERAL_NULL_CONVERSION = YES;
				CLANG_WARN_OBJC_LITERAL_CONVERSION = YES;
				CLANG_WARN_OBJC_ROOT_CLASS = YES_ERROR;
				CLANG_WARN_RANGE_LOOP_ANALYSIS = YES;
				CLANG_WARN_STRICT_PROTOTYPES = YES;
				CLANG_WARN_SUSPICIOUS_MOVE = YES;
				CLANG_WARN_UNGUARDED_AVAILABILITY = YES_AGGRESSIVE;
				CLANG_WARN_UNREACHABLE_CODE = YES;
				CLANG_WARN__DUPLICATE_METHOD_MATCH = YES;
				CODE_SIGN_IDENTITY = "iPhone Developer";
				COPY_PHASE_STRIP = NO;
				DEBUG_INFORMATION_FORMAT = "dwarf-with-dsym";
				ENABLE_BITCODE = NO;
				ENABLE_NS_ASSERTIONS = NO;
				ENABLE_STRICT_OBJC_MSGSEND = YES;
				GCC_C_LANGUAGE_STANDARD = gnu11;
				GCC_NO_COMMON_BLOCKS = YES;
				GCC_WARN_64_TO_32_BIT_CONVERSION = YES;
				GCC_WARN_ABOUT_RETURN_TYPE = YES_ERROR;
				GCC_WARN_UNDECLARED_SELECTOR = YES;
				GCC_WARN_UNINITIALIZED_AUTOS = YES_AGGRESSIVE;
				GCC_WARN_UNUSED_FUNCTION = YES;
				GCC_WARN_UNUSED_VARIABLE = YES;
				IPHONEOS_DEPLOYMENT_TARGET = 11.2;
				MTL_ENABLE_DEBUG_INFO = NO;
				SDKROOT = iphoneos;
				SWIFT_OPTIMIZATION_LEVEL = "-Owholemodule";
				VALIDATE_PRODUCT = YES;
			};
			name = Release;
		};
		8A7FE0AE202A22EC009A12FD /* Debug */ = {
			isa = XCBuildConfiguration;
			buildSettings = {
				ALWAYS_EMBED_SWIFT_STANDARD_LIBRARIES = YES;
				ASSETCATALOG_COMPILER_APPICON_NAME = AppIcon;
				CLANG_ENABLE_MODULES = YES;
				CODE_SIGN_STYLE = Automatic;
				DEVELOPMENT_TEAM = YLWWUD25VZ;
				ENABLE_BITCODE = NO;
				FRAMEWORK_SEARCH_PATHS = (
					"$(inherited)",
					"$(PROJECT_DIR)/Carthage/Build/iOS",
					"$(PROJECT_DIR)/Frameworks",
				);
				HEADER_SEARCH_PATHS = "";
				INFOPLIST_FILE = SwiftyIrohaExapmle/Info.plist;
				LD_RUNPATH_SEARCH_PATHS = "$(inherited) @executable_path/Frameworks";
				LIBRARY_SEARCH_PATHS = (
					"$(inherited)",
					"$(PROJECT_DIR)/libs",
					/usr/local/lib,
				);
				ONLY_ACTIVE_ARCH = NO;
				OTHER_CPLUSPLUSFLAGS = (
					"$(OTHER_CFLAGS)",
					"-DDISABLE_BACKWARD",
				);
				OTHER_LDFLAGS = "$(inherited)";
				PRODUCT_BUNDLE_IDENTIFIER = SwiftyIroha;
				PRODUCT_NAME = "$(TARGET_NAME)";
				SWIFT_INSTALL_OBJC_HEADER = NO;
				SWIFT_OPTIMIZATION_LEVEL = "-Onone";
				SWIFT_VERSION = 4.0;
				SYSTEM_HEADER_SEARCH_PATHS = "$(PROJECT_DIR)/grpc-swift/Sources/CgRPC";
				TARGETED_DEVICE_FAMILY = "1,2";
				VALID_ARCHS = "arm64 armv7 armv7s";
			};
			name = Debug;
		};
		8A7FE0AF202A22EC009A12FD /* Release */ = {
			isa = XCBuildConfiguration;
			buildSettings = {
				ALWAYS_EMBED_SWIFT_STANDARD_LIBRARIES = YES;
				ASSETCATALOG_COMPILER_APPICON_NAME = AppIcon;
				CLANG_ENABLE_MODULES = YES;
				CODE_SIGN_STYLE = Automatic;
				DEVELOPMENT_TEAM = YLWWUD25VZ;
				ENABLE_BITCODE = NO;
				FRAMEWORK_SEARCH_PATHS = (
					"$(inherited)",
					"$(PROJECT_DIR)/Carthage/Build/iOS",
					"$(PROJECT_DIR)/Frameworks",
				);
				HEADER_SEARCH_PATHS = "";
				INFOPLIST_FILE = SwiftyIrohaExapmle/Info.plist;
				LD_RUNPATH_SEARCH_PATHS = "$(inherited) @executable_path/Frameworks";
				LIBRARY_SEARCH_PATHS = (
					"$(inherited)",
					"$(PROJECT_DIR)/libs",
					/usr/local/lib,
				);
				ONLY_ACTIVE_ARCH = NO;
				OTHER_CPLUSPLUSFLAGS = (
					"$(OTHER_CFLAGS)",
					"-DDISABLE_BACKWARD",
				);
				OTHER_LDFLAGS = "$(inherited)";
				PRODUCT_BUNDLE_IDENTIFIER = SwiftyIroha;
				PRODUCT_NAME = "$(TARGET_NAME)";
				SWIFT_INSTALL_OBJC_HEADER = NO;
				SWIFT_VERSION = 4.0;
				SYSTEM_HEADER_SEARCH_PATHS = "$(PROJECT_DIR)/grpc-swift/Sources/CgRPC";
				TARGETED_DEVICE_FAMILY = "1,2";
				VALID_ARCHS = "arm64 armv7 armv7s";
			};
			name = Release;
		};
/* End XCBuildConfiguration section */

/* Begin XCConfigurationList section */
		8A7FE096202A22EC009A12FD /* Build configuration list for PBXProject "SwiftyIrohaExample" */ = {
			isa = XCConfigurationList;
			buildConfigurations = (
				8A7FE0AB202A22EC009A12FD /* Debug */,
				8A7FE0AC202A22EC009A12FD /* Release */,
			);
			defaultConfigurationIsVisible = 0;
			defaultConfigurationName = Release;
		};
		8A7FE0AD202A22EC009A12FD /* Build configuration list for PBXNativeTarget "SwiftyIrohaExample" */ = {
			isa = XCConfigurationList;
			buildConfigurations = (
				8A7FE0AE202A22EC009A12FD /* Debug */,
				8A7FE0AF202A22EC009A12FD /* Release */,
			);
			defaultConfigurationIsVisible = 0;
			defaultConfigurationName = Release;
		};
/* End XCConfigurationList section */
	};
	rootObject = 8A7FE093202A22EC009A12FD /* Project object */;
}
