// !$*UTF8*$!
{
	archiveVersion = 1;
	classes = {
	};
	objectVersion = 48;
	objects = {

/* Begin PBXBuildFile section */
		06DCBD973B179EDB065DE282 /* Pods_SwiftyIroha.framework in Frameworks */ = {isa = PBXBuildFile; fileRef = 4A39CA2F52249F2DA1F43AA1 /* Pods_SwiftyIroha.framework */; };
		8A37473820A0E14F005D623F /* AppDelegate.swift in Sources */ = {isa = PBXBuildFile; fileRef = 8A37473720A0E14F005D623F /* AppDelegate.swift */; };
		8A37473A20A0E14F005D623F /* ViewController.swift in Sources */ = {isa = PBXBuildFile; fileRef = 8A37473920A0E14F005D623F /* ViewController.swift */; };
		8A37473F20A0E14F005D623F /* Assets.xcassets in Resources */ = {isa = PBXBuildFile; fileRef = 8A37473E20A0E14F005D623F /* Assets.xcassets */; };
		8A37474220A0E14F005D623F /* LaunchScreen.storyboard in Resources */ = {isa = PBXBuildFile; fileRef = 8A37474020A0E14F005D623F /* LaunchScreen.storyboard */; };
		8A37477020A0E297005D623F /* block.pb.swift in Sources */ = {isa = PBXBuildFile; fileRef = 8A37476720A0E297005D623F /* block.pb.swift */; };
		8A37477120A0E297005D623F /* iroha.protocol.client.pb.swift in Sources */ = {isa = PBXBuildFile; fileRef = 8A37476820A0E297005D623F /* iroha.protocol.client.pb.swift */; };
		8A37477220A0E297005D623F /* endpoint.pb.swift in Sources */ = {isa = PBXBuildFile; fileRef = 8A37476920A0E297005D623F /* endpoint.pb.swift */; };
		8A37477320A0E297005D623F /* ordering.pb.swift in Sources */ = {isa = PBXBuildFile; fileRef = 8A37476A20A0E297005D623F /* ordering.pb.swift */; };
		8A37477420A0E297005D623F /* primitive.pb.swift in Sources */ = {isa = PBXBuildFile; fileRef = 8A37476B20A0E297005D623F /* primitive.pb.swift */; };
		8A37477520A0E297005D623F /* commands.pb.swift in Sources */ = {isa = PBXBuildFile; fileRef = 8A37476C20A0E297005D623F /* commands.pb.swift */; };
		8A37477620A0E297005D623F /* loader.pb.swift in Sources */ = {isa = PBXBuildFile; fileRef = 8A37476D20A0E297005D623F /* loader.pb.swift */; };
		8A37477720A0E297005D623F /* queries.pb.swift in Sources */ = {isa = PBXBuildFile; fileRef = 8A37476E20A0E297005D623F /* queries.pb.swift */; };
		8A37477820A0E297005D623F /* responses.pb.swift in Sources */ = {isa = PBXBuildFile; fileRef = 8A37476F20A0E297005D623F /* responses.pb.swift */; };
		8A52511120A4D38500ED2309 /* SwiftyIroha.framework in Frameworks */ = {isa = PBXBuildFile; fileRef = 8AEDF20D203CA1AF001D7448 /* SwiftyIroha.framework */; };
		8A52511220A4D38500ED2309 /* SwiftyIroha.framework in Embed Frameworks */ = {isa = PBXBuildFile; fileRef = 8AEDF20D203CA1AF001D7448 /* SwiftyIroha.framework */; settings = {ATTRIBUTES = (CodeSignOnCopy, RemoveHeadersOnCopy, ); }; };
		8A5EFCE320487764004ACDD4 /* SwiftyIroha.podspec in Resources */ = {isa = PBXBuildFile; fileRef = 8A5EFCE220487764004ACDD4 /* SwiftyIroha.podspec */; };
		8A7F6DBE20A0E85A0083FFC0 /* Main.storyboard in Resources */ = {isa = PBXBuildFile; fileRef = 8A7F6DBD20A0E85A0083FFC0 /* Main.storyboard */; };
		8A9B9F0A206ACC0E0052CAD4 /* ObjC.h in Headers */ = {isa = PBXBuildFile; fileRef = 8A9B9F07206ACC0E0052CAD4 /* ObjC.h */; settings = {ATTRIBUTES = (Public, ); }; };
		8A9B9F0B206ACC0E0052CAD4 /* ObjC.mm in Sources */ = {isa = PBXBuildFile; fileRef = 8A9B9F09206ACC0E0052CAD4 /* ObjC.mm */; };
		8AB823DC20403B11001FF63C /* IRPrivateKey.h in Headers */ = {isa = PBXBuildFile; fileRef = 8AEDF252203CA205001D7448 /* IRPrivateKey.h */; settings = {ATTRIBUTES = (Public, ); }; };
		8AB823E220403C24001FF63C /* IRUnsignedQuery.mm in Sources */ = {isa = PBXBuildFile; fileRef = 8AEDF245203CA205001D7448 /* IRUnsignedQuery.mm */; };
		8AB823E320403C24001FF63C /* IRModelCrypto.mm in Sources */ = {isa = PBXBuildFile; fileRef = 8AEDF248203CA205001D7448 /* IRModelCrypto.mm */; };
		8AE1B0432066DCED00F412E4 /* IrohaTransactionBuilderError.swift in Sources */ = {isa = PBXBuildFile; fileRef = 8AE1B0422066DCED00F412E4 /* IrohaTransactionBuilderError.swift */; };
		8AE1B0462066E22E00F412E4 /* IrohaQueryBuilderError.swift in Sources */ = {isa = PBXBuildFile; fileRef = 8AE1B0452066E22E00F412E4 /* IrohaQueryBuilderError.swift */; };
		8AEDF21E203CA1AF001D7448 /* SwiftyIroha.h in Headers */ = {isa = PBXBuildFile; fileRef = 8AEDF210203CA1AF001D7448 /* SwiftyIroha.h */; settings = {ATTRIBUTES = (Public, ); }; };
		8AEDF25D203CA205001D7448 /* IrohaTransactionPreparation.swift in Sources */ = {isa = PBXBuildFile; fileRef = 8AEDF22C203CA205001D7448 /* IrohaTransactionPreparation.swift */; };
		8AEDF25E203CA205001D7448 /* IrohaTransactionBuilder.swift in Sources */ = {isa = PBXBuildFile; fileRef = 8AEDF22E203CA205001D7448 /* IrohaTransactionBuilder.swift */; };
		8AEDF25F203CA205001D7448 /* IrohaUnsignedTransaction.swift in Sources */ = {isa = PBXBuildFile; fileRef = 8AEDF230203CA205001D7448 /* IrohaUnsignedTransaction.swift */; };
		8AEDF260203CA205001D7448 /* IrohaPublicKey.swift in Sources */ = {isa = PBXBuildFile; fileRef = 8AEDF233203CA205001D7448 /* IrohaPublicKey.swift */; };
		8AEDF261203CA205001D7448 /* IrohaModelCrypto.swift in Sources */ = {isa = PBXBuildFile; fileRef = 8AEDF234203CA205001D7448 /* IrohaModelCrypto.swift */; };
		8AEDF262203CA205001D7448 /* IrohaKeypair.swift in Sources */ = {isa = PBXBuildFile; fileRef = 8AEDF236203CA205001D7448 /* IrohaKeypair.swift */; };
		8AEDF263203CA205001D7448 /* IrohaPrivateKey.swift in Sources */ = {isa = PBXBuildFile; fileRef = 8AEDF238203CA205001D7448 /* IrohaPrivateKey.swift */; };
		8AEDF264203CA205001D7448 /* IrohaQueryBuilder.swift in Sources */ = {isa = PBXBuildFile; fileRef = 8AEDF23B203CA205001D7448 /* IrohaQueryBuilder.swift */; };
		8AEDF265203CA205001D7448 /* IrohaUnsignedQuery.swift in Sources */ = {isa = PBXBuildFile; fileRef = 8AEDF23D203CA205001D7448 /* IrohaUnsignedQuery.swift */; };
		8AEDF266203CA205001D7448 /* IrohaQueryPreparation.swift in Sources */ = {isa = PBXBuildFile; fileRef = 8AEDF23F203CA205001D7448 /* IrohaQueryPreparation.swift */; };
		8AEDF267203CA205001D7448 /* IRModelTransactionBuilder.h in Headers */ = {isa = PBXBuildFile; fileRef = 8AEDF242203CA205001D7448 /* IRModelTransactionBuilder.h */; settings = {ATTRIBUTES = (Public, ); }; };
		8AEDF268203CA205001D7448 /* IRModelTransactionBuilder.mm in Sources */ = {isa = PBXBuildFile; fileRef = 8AEDF243203CA205001D7448 /* IRModelTransactionBuilder.mm */; };
		8AEDF26A203CA205001D7448 /* IRUnsignedQuery.h in Headers */ = {isa = PBXBuildFile; fileRef = 8AEDF246203CA205001D7448 /* IRUnsignedQuery.h */; settings = {ATTRIBUTES = (Public, ); }; };
		8AEDF26C203CA205001D7448 /* IRModelCrypto.h in Headers */ = {isa = PBXBuildFile; fileRef = 8AEDF249203CA205001D7448 /* IRModelCrypto.h */; settings = {ATTRIBUTES = (Public, ); }; };
		8AEDF26D203CA205001D7448 /* IRPublicKey.m in Sources */ = {isa = PBXBuildFile; fileRef = 8AEDF24C203CA205001D7448 /* IRPublicKey.m */; };
		8AEDF26E203CA205001D7448 /* IRPublicKey.h in Headers */ = {isa = PBXBuildFile; fileRef = 8AEDF24D203CA205001D7448 /* IRPublicKey.h */; settings = {ATTRIBUTES = (Public, ); }; };
		8AEDF26F203CA205001D7448 /* IRKeypair.h in Headers */ = {isa = PBXBuildFile; fileRef = 8AEDF24E203CA205001D7448 /* IRKeypair.h */; settings = {ATTRIBUTES = (Public, ); }; };
		8AEDF270203CA205001D7448 /* IRKeypair.mm in Sources */ = {isa = PBXBuildFile; fileRef = 8AEDF24F203CA205001D7448 /* IRKeypair.mm */; };
		8AEDF271203CA205001D7448 /* IRPrivateKey.m in Sources */ = {isa = PBXBuildFile; fileRef = 8AEDF251203CA205001D7448 /* IRPrivateKey.m */; };
		8AEDF273203CA205001D7448 /* IRModelQueryBuilder.mm in Sources */ = {isa = PBXBuildFile; fileRef = 8AEDF254203CA205001D7448 /* IRModelQueryBuilder.mm */; };
		8AEDF274203CA205001D7448 /* IRModelQueryBuilder.h in Headers */ = {isa = PBXBuildFile; fileRef = 8AEDF255203CA205001D7448 /* IRModelQueryBuilder.h */; settings = {ATTRIBUTES = (Public, ); }; };
		8AEDF275203CA205001D7448 /* IRModelProto.mm in Sources */ = {isa = PBXBuildFile; fileRef = 8AEDF257203CA205001D7448 /* IRModelProto.mm */; };
		8AEDF276203CA205001D7448 /* IRModelProto.h in Headers */ = {isa = PBXBuildFile; fileRef = 8AEDF258203CA205001D7448 /* IRModelProto.h */; settings = {ATTRIBUTES = (Public, ); }; };
		8AEDF277203CA205001D7448 /* IRUnsignedtransaction.mm in Sources */ = {isa = PBXBuildFile; fileRef = 8AEDF25A203CA205001D7448 /* IRUnsignedtransaction.mm */; };
		8AEDF278203CA205001D7448 /* IRUnsignedtransaction.h in Headers */ = {isa = PBXBuildFile; fileRef = 8AEDF25B203CA205001D7448 /* IRUnsignedtransaction.h */; settings = {ATTRIBUTES = (Public, ); }; };
		8AF2C8BF205D18B2001288C6 /* README.md in Resources */ = {isa = PBXBuildFile; fileRef = 8AF2C8BD205D18B2001288C6 /* README.md */; };
		AF5E3A015950A1EB5D5A34D4 /* Pods_SwiftyIrohaExample.framework in Frameworks */ = {isa = PBXBuildFile; fileRef = 88A6A03A28B2094268D1A0CA /* Pods_SwiftyIrohaExample.framework */; };
/* End PBXBuildFile section */

/* Begin PBXContainerItemProxy section */
		8A52511320A4D38500ED2309 /* PBXContainerItemProxy */ = {
			isa = PBXContainerItemProxy;
			containerPortal = 8AEDF204203CA1AF001D7448 /* Project object */;
			proxyType = 1;
			remoteGlobalIDString = 8AEDF20C203CA1AF001D7448;
			remoteInfo = SwiftyIroha;
		};
/* End PBXContainerItemProxy section */

/* Begin PBXCopyFilesBuildPhase section */
		8A52511520A4D38500ED2309 /* Embed Frameworks */ = {
			isa = PBXCopyFilesBuildPhase;
			buildActionMask = 2147483647;
			dstPath = "";
			dstSubfolderSpec = 10;
			files = (
				8A52511220A4D38500ED2309 /* SwiftyIroha.framework in Embed Frameworks */,
			);
			name = "Embed Frameworks";
			runOnlyForDeploymentPostprocessing = 0;
		};
/* End PBXCopyFilesBuildPhase section */

/* Begin PBXFileReference section */
		3310E2100DABACD5CD563F10 /* Pods-SwiftyIrohaExample.release.xcconfig */ = {isa = PBXFileReference; includeInIndex = 1; lastKnownFileType = text.xcconfig; name = "Pods-SwiftyIrohaExample.release.xcconfig"; path = "Pods/Target Support Files/Pods-SwiftyIrohaExample/Pods-SwiftyIrohaExample.release.xcconfig"; sourceTree = "<group>"; };
		4A39CA2F52249F2DA1F43AA1 /* Pods_SwiftyIroha.framework */ = {isa = PBXFileReference; explicitFileType = wrapper.framework; includeInIndex = 0; path = Pods_SwiftyIroha.framework; sourceTree = BUILT_PRODUCTS_DIR; };
		6B276009DC1259ADE96BDC36 /* Pods-SwiftyIroha.release.xcconfig */ = {isa = PBXFileReference; includeInIndex = 1; lastKnownFileType = text.xcconfig; name = "Pods-SwiftyIroha.release.xcconfig"; path = "Pods/Target Support Files/Pods-SwiftyIroha/Pods-SwiftyIroha.release.xcconfig"; sourceTree = "<group>"; };
		88A6A03A28B2094268D1A0CA /* Pods_SwiftyIrohaExample.framework */ = {isa = PBXFileReference; explicitFileType = wrapper.framework; includeInIndex = 0; path = Pods_SwiftyIrohaExample.framework; sourceTree = BUILT_PRODUCTS_DIR; };
		8A374652209E399C005D623F /* libshared_model_cryptography.a */ = {isa = PBXFileReference; lastKnownFileType = archive.ar; path = libshared_model_cryptography.a; sourceTree = "<group>"; };
		8A374653209E399C005D623F /* libgenerator.a */ = {isa = PBXFileReference; lastKnownFileType = archive.ar; path = libgenerator.a; sourceTree = "<group>"; };
		8A374654209E399C005D623F /* libschema.a */ = {isa = PBXFileReference; lastKnownFileType = archive.ar; path = libschema.a; sourceTree = "<group>"; };
		8A374655209E399C005D623F /* libbindings.a */ = {isa = PBXFileReference; lastKnownFileType = archive.ar; path = libbindings.a; sourceTree = "<group>"; };
		8A374656209E399C005D623F /* libed25519_crypto.a */ = {isa = PBXFileReference; lastKnownFileType = archive.ar; path = libed25519_crypto.a; sourceTree = "<group>"; };
		8A374657209E399C005D623F /* libshared_model_cryptography_model.a */ = {isa = PBXFileReference; lastKnownFileType = archive.ar; path = libshared_model_cryptography_model.a; sourceTree = "<group>"; };
		8A374658209E399C005D623F /* libshared_model_stateless_validation.a */ = {isa = PBXFileReference; lastKnownFileType = archive.ar; path = libshared_model_stateless_validation.a; sourceTree = "<group>"; };
		8A374659209E399C005D623F /* libprotobuf.a */ = {isa = PBXFileReference; lastKnownFileType = archive.ar; path = libprotobuf.a; sourceTree = "<group>"; };
		8A37465A209E399C005D623F /* libhash.a */ = {isa = PBXFileReference; lastKnownFileType = archive.ar; path = libhash.a; sourceTree = "<group>"; };
		8A37465B209E399C005D623F /* libiroha_amount.a */ = {isa = PBXFileReference; lastKnownFileType = archive.ar; path = libiroha_amount.a; sourceTree = "<group>"; };
		8A37465C209E399C005D623F /* libed25519.a */ = {isa = PBXFileReference; lastKnownFileType = archive.ar; path = libed25519.a; sourceTree = "<group>"; };
		8A374669209E427F005D623F /* libshared_model_cryptography.a */ = {isa = PBXFileReference; lastKnownFileType = archive.ar; path = libshared_model_cryptography.a; sourceTree = "<group>"; };
		8A37466A209E427F005D623F /* libgenerator.a */ = {isa = PBXFileReference; lastKnownFileType = archive.ar; path = libgenerator.a; sourceTree = "<group>"; };
		8A37466B209E427F005D623F /* libschema.a */ = {isa = PBXFileReference; lastKnownFileType = archive.ar; path = libschema.a; sourceTree = "<group>"; };
		8A37466C209E427F005D623F /* libbindings.a */ = {isa = PBXFileReference; lastKnownFileType = archive.ar; path = libbindings.a; sourceTree = "<group>"; };
		8A37466D209E427F005D623F /* libed25519_crypto.a */ = {isa = PBXFileReference; lastKnownFileType = archive.ar; path = libed25519_crypto.a; sourceTree = "<group>"; };
		8A37466E209E427F005D623F /* libshared_model_cryptography_model.a */ = {isa = PBXFileReference; lastKnownFileType = archive.ar; path = libshared_model_cryptography_model.a; sourceTree = "<group>"; };
		8A37466F209E427F005D623F /* libshared_model_stateless_validation.a */ = {isa = PBXFileReference; lastKnownFileType = archive.ar; path = libshared_model_stateless_validation.a; sourceTree = "<group>"; };
		8A374670209E427F005D623F /* libprotobuf.a */ = {isa = PBXFileReference; lastKnownFileType = archive.ar; path = libprotobuf.a; sourceTree = "<group>"; };
		8A374671209E427F005D623F /* libhash.a */ = {isa = PBXFileReference; lastKnownFileType = archive.ar; path = libhash.a; sourceTree = "<group>"; };
		8A374672209E427F005D623F /* libiroha_amount.a */ = {isa = PBXFileReference; lastKnownFileType = archive.ar; path = libiroha_amount.a; sourceTree = "<group>"; };
		8A374673209E427F005D623F /* libed25519.a */ = {isa = PBXFileReference; lastKnownFileType = archive.ar; path = libed25519.a; sourceTree = "<group>"; };
		8A37473520A0E14F005D623F /* SwiftyIrohaExample.app */ = {isa = PBXFileReference; explicitFileType = wrapper.application; includeInIndex = 0; path = SwiftyIrohaExample.app; sourceTree = BUILT_PRODUCTS_DIR; };
		8A37473720A0E14F005D623F /* AppDelegate.swift */ = {isa = PBXFileReference; lastKnownFileType = sourcecode.swift; path = AppDelegate.swift; sourceTree = "<group>"; };
		8A37473920A0E14F005D623F /* ViewController.swift */ = {isa = PBXFileReference; lastKnownFileType = sourcecode.swift; path = ViewController.swift; sourceTree = "<group>"; };
		8A37473E20A0E14F005D623F /* Assets.xcassets */ = {isa = PBXFileReference; lastKnownFileType = folder.assetcatalog; path = Assets.xcassets; sourceTree = "<group>"; };
		8A37474120A0E14F005D623F /* Base */ = {isa = PBXFileReference; lastKnownFileType = file.storyboard; name = Base; path = Base.lproj/LaunchScreen.storyboard; sourceTree = "<group>"; };
		8A37474320A0E14F005D623F /* Info.plist */ = {isa = PBXFileReference; lastKnownFileType = text.plist.xml; path = Info.plist; sourceTree = "<group>"; };
		8A37476720A0E297005D623F /* block.pb.swift */ = {isa = PBXFileReference; fileEncoding = 4; lastKnownFileType = sourcecode.swift; path = block.pb.swift; sourceTree = "<group>"; };
		8A37476820A0E297005D623F /* iroha.protocol.client.pb.swift */ = {isa = PBXFileReference; fileEncoding = 4; lastKnownFileType = sourcecode.swift; path = iroha.protocol.client.pb.swift; sourceTree = "<group>"; };
		8A37476920A0E297005D623F /* endpoint.pb.swift */ = {isa = PBXFileReference; fileEncoding = 4; lastKnownFileType = sourcecode.swift; path = endpoint.pb.swift; sourceTree = "<group>"; };
		8A37476A20A0E297005D623F /* ordering.pb.swift */ = {isa = PBXFileReference; fileEncoding = 4; lastKnownFileType = sourcecode.swift; path = ordering.pb.swift; sourceTree = "<group>"; };
		8A37476B20A0E297005D623F /* primitive.pb.swift */ = {isa = PBXFileReference; fileEncoding = 4; lastKnownFileType = sourcecode.swift; path = primitive.pb.swift; sourceTree = "<group>"; };
		8A37476C20A0E297005D623F /* commands.pb.swift */ = {isa = PBXFileReference; fileEncoding = 4; lastKnownFileType = sourcecode.swift; path = commands.pb.swift; sourceTree = "<group>"; };
		8A37476D20A0E297005D623F /* loader.pb.swift */ = {isa = PBXFileReference; fileEncoding = 4; lastKnownFileType = sourcecode.swift; path = loader.pb.swift; sourceTree = "<group>"; };
		8A37476E20A0E297005D623F /* queries.pb.swift */ = {isa = PBXFileReference; fileEncoding = 4; lastKnownFileType = sourcecode.swift; path = queries.pb.swift; sourceTree = "<group>"; };
		8A37476F20A0E297005D623F /* responses.pb.swift */ = {isa = PBXFileReference; fileEncoding = 4; lastKnownFileType = sourcecode.swift; path = responses.pb.swift; sourceTree = "<group>"; };
		8A5EFCE220487764004ACDD4 /* SwiftyIroha.podspec */ = {isa = PBXFileReference; fileEncoding = 1; lastKnownFileType = text; path = SwiftyIroha.podspec; sourceTree = "<group>"; };
		8A79EB65205D1D8C00C197F9 /* IrohaQueryBuilderTests.swift */ = {isa = PBXFileReference; lastKnownFileType = sourcecode.swift; path = IrohaQueryBuilderTests.swift; sourceTree = "<group>"; };
		8A7F6DBD20A0E85A0083FFC0 /* Main.storyboard */ = {isa = PBXFileReference; lastKnownFileType = file.storyboard; path = Main.storyboard; sourceTree = "<group>"; };
		8A9B9F07206ACC0E0052CAD4 /* ObjC.h */ = {isa = PBXFileReference; fileEncoding = 4; lastKnownFileType = sourcecode.c.h; path = ObjC.h; sourceTree = "<group>"; };
		8A9B9F09206ACC0E0052CAD4 /* ObjC.mm */ = {isa = PBXFileReference; fileEncoding = 4; lastKnownFileType = sourcecode.cpp.objcpp; path = ObjC.mm; sourceTree = "<group>"; };
		8AB8249820404AD8001FF63C /* SwiftProtobuf.framework */ = {isa = PBXFileReference; lastKnownFileType = wrapper.framework; path = SwiftProtobuf.framework; sourceTree = "<group>"; };
		8AE1AFCD206197D100F412E4 /* IrohaTransactionBuilderTests.swift */ = {isa = PBXFileReference; lastKnownFileType = sourcecode.swift; path = IrohaTransactionBuilderTests.swift; sourceTree = "<group>"; };
		8AE1B0302066C05600F412E4 /* IrohaModelCryptoTests.swift */ = {isa = PBXFileReference; lastKnownFileType = sourcecode.swift; path = IrohaModelCryptoTests.swift; sourceTree = "<group>"; };
		8AE1B0422066DCED00F412E4 /* IrohaTransactionBuilderError.swift */ = {isa = PBXFileReference; lastKnownFileType = sourcecode.swift; path = IrohaTransactionBuilderError.swift; sourceTree = "<group>"; };
		8AE1B0452066E22E00F412E4 /* IrohaQueryBuilderError.swift */ = {isa = PBXFileReference; lastKnownFileType = sourcecode.swift; path = IrohaQueryBuilderError.swift; sourceTree = "<group>"; };
		8AEDF20D203CA1AF001D7448 /* SwiftyIroha.framework */ = {isa = PBXFileReference; explicitFileType = wrapper.framework; includeInIndex = 0; path = SwiftyIroha.framework; sourceTree = BUILT_PRODUCTS_DIR; };
		8AEDF210203CA1AF001D7448 /* SwiftyIroha.h */ = {isa = PBXFileReference; lastKnownFileType = sourcecode.c.h; path = SwiftyIroha.h; sourceTree = "<group>"; };
		8AEDF211203CA1AF001D7448 /* Info.plist */ = {isa = PBXFileReference; lastKnownFileType = text.plist.xml; path = Info.plist; sourceTree = "<group>"; };
		8AEDF21D203CA1AF001D7448 /* Info.plist */ = {isa = PBXFileReference; lastKnownFileType = text.plist.xml; path = Info.plist; sourceTree = "<group>"; };
		8AEDF22C203CA205001D7448 /* IrohaTransactionPreparation.swift */ = {isa = PBXFileReference; fileEncoding = 4; lastKnownFileType = sourcecode.swift; path = IrohaTransactionPreparation.swift; sourceTree = "<group>"; };
		8AEDF22E203CA205001D7448 /* IrohaTransactionBuilder.swift */ = {isa = PBXFileReference; fileEncoding = 4; lastKnownFileType = sourcecode.swift; path = IrohaTransactionBuilder.swift; sourceTree = "<group>"; };
		8AEDF230203CA205001D7448 /* IrohaUnsignedTransaction.swift */ = {isa = PBXFileReference; fileEncoding = 4; lastKnownFileType = sourcecode.swift; path = IrohaUnsignedTransaction.swift; sourceTree = "<group>"; };
		8AEDF233203CA205001D7448 /* IrohaPublicKey.swift */ = {isa = PBXFileReference; fileEncoding = 4; lastKnownFileType = sourcecode.swift; path = IrohaPublicKey.swift; sourceTree = "<group>"; };
		8AEDF234203CA205001D7448 /* IrohaModelCrypto.swift */ = {isa = PBXFileReference; fileEncoding = 4; lastKnownFileType = sourcecode.swift; path = IrohaModelCrypto.swift; sourceTree = "<group>"; };
		8AEDF236203CA205001D7448 /* IrohaKeypair.swift */ = {isa = PBXFileReference; fileEncoding = 4; lastKnownFileType = sourcecode.swift; path = IrohaKeypair.swift; sourceTree = "<group>"; };
		8AEDF238203CA205001D7448 /* IrohaPrivateKey.swift */ = {isa = PBXFileReference; fileEncoding = 4; lastKnownFileType = sourcecode.swift; path = IrohaPrivateKey.swift; sourceTree = "<group>"; };
		8AEDF23B203CA205001D7448 /* IrohaQueryBuilder.swift */ = {isa = PBXFileReference; fileEncoding = 4; lastKnownFileType = sourcecode.swift; path = IrohaQueryBuilder.swift; sourceTree = "<group>"; };
		8AEDF23D203CA205001D7448 /* IrohaUnsignedQuery.swift */ = {isa = PBXFileReference; fileEncoding = 4; lastKnownFileType = sourcecode.swift; path = IrohaUnsignedQuery.swift; sourceTree = "<group>"; };
		8AEDF23F203CA205001D7448 /* IrohaQueryPreparation.swift */ = {isa = PBXFileReference; fileEncoding = 4; lastKnownFileType = sourcecode.swift; path = IrohaQueryPreparation.swift; sourceTree = "<group>"; };
		8AEDF242203CA205001D7448 /* IRModelTransactionBuilder.h */ = {isa = PBXFileReference; fileEncoding = 4; lastKnownFileType = sourcecode.c.h; path = IRModelTransactionBuilder.h; sourceTree = "<group>"; };
		8AEDF243203CA205001D7448 /* IRModelTransactionBuilder.mm */ = {isa = PBXFileReference; fileEncoding = 4; lastKnownFileType = sourcecode.cpp.objcpp; path = IRModelTransactionBuilder.mm; sourceTree = "<group>"; };
		8AEDF245203CA205001D7448 /* IRUnsignedQuery.mm */ = {isa = PBXFileReference; fileEncoding = 4; lastKnownFileType = sourcecode.cpp.objcpp; path = IRUnsignedQuery.mm; sourceTree = "<group>"; };
		8AEDF246203CA205001D7448 /* IRUnsignedQuery.h */ = {isa = PBXFileReference; fileEncoding = 4; lastKnownFileType = sourcecode.c.h; path = IRUnsignedQuery.h; sourceTree = "<group>"; };
		8AEDF248203CA205001D7448 /* IRModelCrypto.mm */ = {isa = PBXFileReference; fileEncoding = 4; lastKnownFileType = sourcecode.cpp.objcpp; path = IRModelCrypto.mm; sourceTree = "<group>"; };
		8AEDF249203CA205001D7448 /* IRModelCrypto.h */ = {isa = PBXFileReference; fileEncoding = 4; lastKnownFileType = sourcecode.c.h; path = IRModelCrypto.h; sourceTree = "<group>"; };
		8AEDF24C203CA205001D7448 /* IRPublicKey.m */ = {isa = PBXFileReference; fileEncoding = 4; lastKnownFileType = sourcecode.c.objc; path = IRPublicKey.m; sourceTree = "<group>"; };
		8AEDF24D203CA205001D7448 /* IRPublicKey.h */ = {isa = PBXFileReference; fileEncoding = 4; lastKnownFileType = sourcecode.c.h; path = IRPublicKey.h; sourceTree = "<group>"; };
		8AEDF24E203CA205001D7448 /* IRKeypair.h */ = {isa = PBXFileReference; fileEncoding = 4; lastKnownFileType = sourcecode.c.h; path = IRKeypair.h; sourceTree = "<group>"; };
		8AEDF24F203CA205001D7448 /* IRKeypair.mm */ = {isa = PBXFileReference; fileEncoding = 4; lastKnownFileType = sourcecode.cpp.objcpp; path = IRKeypair.mm; sourceTree = "<group>"; };
		8AEDF251203CA205001D7448 /* IRPrivateKey.m */ = {isa = PBXFileReference; fileEncoding = 4; lastKnownFileType = sourcecode.c.objc; path = IRPrivateKey.m; sourceTree = "<group>"; };
		8AEDF252203CA205001D7448 /* IRPrivateKey.h */ = {isa = PBXFileReference; fileEncoding = 4; lastKnownFileType = sourcecode.c.h; path = IRPrivateKey.h; sourceTree = "<group>"; };
		8AEDF254203CA205001D7448 /* IRModelQueryBuilder.mm */ = {isa = PBXFileReference; fileEncoding = 4; lastKnownFileType = sourcecode.cpp.objcpp; path = IRModelQueryBuilder.mm; sourceTree = "<group>"; };
		8AEDF255203CA205001D7448 /* IRModelQueryBuilder.h */ = {isa = PBXFileReference; fileEncoding = 4; lastKnownFileType = sourcecode.c.h; path = IRModelQueryBuilder.h; sourceTree = "<group>"; };
		8AEDF257203CA205001D7448 /* IRModelProto.mm */ = {isa = PBXFileReference; fileEncoding = 4; lastKnownFileType = sourcecode.cpp.objcpp; path = IRModelProto.mm; sourceTree = "<group>"; };
		8AEDF258203CA205001D7448 /* IRModelProto.h */ = {isa = PBXFileReference; fileEncoding = 4; lastKnownFileType = sourcecode.c.h; path = IRModelProto.h; sourceTree = "<group>"; };
		8AEDF25A203CA205001D7448 /* IRUnsignedtransaction.mm */ = {isa = PBXFileReference; fileEncoding = 4; lastKnownFileType = sourcecode.cpp.objcpp; path = IRUnsignedtransaction.mm; sourceTree = "<group>"; };
		8AEDF25B203CA205001D7448 /* IRUnsignedtransaction.h */ = {isa = PBXFileReference; fileEncoding = 4; lastKnownFileType = sourcecode.c.h; path = IRUnsignedtransaction.h; sourceTree = "<group>"; };
		8AF2C8BD205D18B2001288C6 /* README.md */ = {isa = PBXFileReference; fileEncoding = 1; lastKnownFileType = net.daringfireball.markdown; path = README.md; sourceTree = "<group>"; };
		C34751E70B833A4A0B0C6926 /* Pods-SwiftyIroha.debug.xcconfig */ = {isa = PBXFileReference; includeInIndex = 1; lastKnownFileType = text.xcconfig; name = "Pods-SwiftyIroha.debug.xcconfig"; path = "Pods/Target Support Files/Pods-SwiftyIroha/Pods-SwiftyIroha.debug.xcconfig"; sourceTree = "<group>"; };
		E4D7177616472BCBD8779315 /* Pods_SwiftyIrohaTests.framework */ = {isa = PBXFileReference; explicitFileType = wrapper.framework; includeInIndex = 0; path = Pods_SwiftyIrohaTests.framework; sourceTree = BUILT_PRODUCTS_DIR; };
		E4F0B471CB95C7DE614A1318 /* Pods-SwiftyIrohaExample.debug.xcconfig */ = {isa = PBXFileReference; includeInIndex = 1; lastKnownFileType = text.xcconfig; name = "Pods-SwiftyIrohaExample.debug.xcconfig"; path = "Pods/Target Support Files/Pods-SwiftyIrohaExample/Pods-SwiftyIrohaExample.debug.xcconfig"; sourceTree = "<group>"; };
/* End PBXFileReference section */

/* Begin PBXFrameworksBuildPhase section */
		8A37473220A0E14F005D623F /* Frameworks */ = {
			isa = PBXFrameworksBuildPhase;
			buildActionMask = 2147483647;
			files = (
				8A52511120A4D38500ED2309 /* SwiftyIroha.framework in Frameworks */,
				AF5E3A015950A1EB5D5A34D4 /* Pods_SwiftyIrohaExample.framework in Frameworks */,
			);
			runOnlyForDeploymentPostprocessing = 0;
		};
		8AEDF209203CA1AF001D7448 /* Frameworks */ = {
			isa = PBXFrameworksBuildPhase;
			buildActionMask = 2147483647;
			files = (
				06DCBD973B179EDB065DE282 /* Pods_SwiftyIroha.framework in Frameworks */,
			);
			runOnlyForDeploymentPostprocessing = 0;
		};
/* End PBXFrameworksBuildPhase section */

/* Begin PBXGroup section */
		21A5AE2EB4B7B8E3CFC32366 /* Pods */ = {
			isa = PBXGroup;
			children = (
				C34751E70B833A4A0B0C6926 /* Pods-SwiftyIroha.debug.xcconfig */,
				6B276009DC1259ADE96BDC36 /* Pods-SwiftyIroha.release.xcconfig */,
				E4F0B471CB95C7DE614A1318 /* Pods-SwiftyIrohaExample.debug.xcconfig */,
				3310E2100DABACD5CD563F10 /* Pods-SwiftyIrohaExample.release.xcconfig */,
			);
			name = Pods;
			sourceTree = "<group>";
		};
		8A374650209E399C005D623F /* libs */ = {
			isa = PBXGroup;
			children = (
				8A374668209E427F005D623F /* iOS */,
				8A374651209E399C005D623F /* Simulator */,
			);
			path = libs;
			sourceTree = "<group>";
		};
		8A374651209E399C005D623F /* Simulator */ = {
			isa = PBXGroup;
			children = (
				8A374652209E399C005D623F /* libshared_model_cryptography.a */,
				8A374653209E399C005D623F /* libgenerator.a */,
				8A374654209E399C005D623F /* libschema.a */,
				8A374655209E399C005D623F /* libbindings.a */,
				8A374656209E399C005D623F /* libed25519_crypto.a */,
				8A374657209E399C005D623F /* libshared_model_cryptography_model.a */,
				8A374658209E399C005D623F /* libshared_model_stateless_validation.a */,
				8A374659209E399C005D623F /* libprotobuf.a */,
				8A37465A209E399C005D623F /* libhash.a */,
				8A37465B209E399C005D623F /* libiroha_amount.a */,
				8A37465C209E399C005D623F /* libed25519.a */,
			);
			path = Simulator;
			sourceTree = "<group>";
		};
		8A374668209E427F005D623F /* iOS */ = {
			isa = PBXGroup;
			children = (
				8A374669209E427F005D623F /* libshared_model_cryptography.a */,
				8A37466A209E427F005D623F /* libgenerator.a */,
				8A37466B209E427F005D623F /* libschema.a */,
				8A37466C209E427F005D623F /* libbindings.a */,
				8A37466D209E427F005D623F /* libed25519_crypto.a */,
				8A37466E209E427F005D623F /* libshared_model_cryptography_model.a */,
				8A37466F209E427F005D623F /* libshared_model_stateless_validation.a */,
				8A374670209E427F005D623F /* libprotobuf.a */,
				8A374671209E427F005D623F /* libhash.a */,
				8A374672209E427F005D623F /* libiroha_amount.a */,
				8A374673209E427F005D623F /* libed25519.a */,
			);
			path = iOS;
			sourceTree = "<group>";
		};
		8A37473620A0E14F005D623F /* SwiftyIrohaExample */ = {
			isa = PBXGroup;
			children = (
				8A37476620A0E227005D623F /* GRPC */,
				8A37473720A0E14F005D623F /* AppDelegate.swift */,
				8A37473920A0E14F005D623F /* ViewController.swift */,
				8A37473E20A0E14F005D623F /* Assets.xcassets */,
				8A37474020A0E14F005D623F /* LaunchScreen.storyboard */,
				8A37474320A0E14F005D623F /* Info.plist */,
				8A7F6DBD20A0E85A0083FFC0 /* Main.storyboard */,
			);
			path = SwiftyIrohaExample;
			sourceTree = "<group>";
		};
		8A37476620A0E227005D623F /* GRPC */ = {
			isa = PBXGroup;
			children = (
				8A37476720A0E297005D623F /* block.pb.swift */,
				8A37476C20A0E297005D623F /* commands.pb.swift */,
				8A37476920A0E297005D623F /* endpoint.pb.swift */,
				8A37476820A0E297005D623F /* iroha.protocol.client.pb.swift */,
				8A37476D20A0E297005D623F /* loader.pb.swift */,
				8A37476A20A0E297005D623F /* ordering.pb.swift */,
				8A37476B20A0E297005D623F /* primitive.pb.swift */,
				8A37476E20A0E297005D623F /* queries.pb.swift */,
				8A37476F20A0E297005D623F /* responses.pb.swift */,
			);
			name = GRPC;
			path = SwiftyIrohaExample/../GRPC;
			sourceTree = "<group>";
		};
		8A79EB6A205D21BA00C197F9 /* QueryBuilder */ = {
			isa = PBXGroup;
			children = (
				8A79EB65205D1D8C00C197F9 /* IrohaQueryBuilderTests.swift */,
			);
			path = QueryBuilder;
			sourceTree = "<group>";
		};
		8AB823DD20403BFF001FF63C /* Frameworks */ = {
			isa = PBXGroup;
			children = (
				8AB8249820404AD8001FF63C /* SwiftProtobuf.framework */,
				4A39CA2F52249F2DA1F43AA1 /* Pods_SwiftyIroha.framework */,
				E4D7177616472BCBD8779315 /* Pods_SwiftyIrohaTests.framework */,
				88A6A03A28B2094268D1A0CA /* Pods_SwiftyIrohaExample.framework */,
			);
			name = Frameworks;
			sourceTree = "<group>";
		};
		8AE1AFCB206197B200F412E4 /* Transaction */ = {
			isa = PBXGroup;
			children = (
				8AE1AFCC206197BC00F412E4 /* TransactionBuilder */,
			);
			path = Transaction;
			sourceTree = "<group>";
		};
		8AE1AFCC206197BC00F412E4 /* TransactionBuilder */ = {
			isa = PBXGroup;
			children = (
				8AE1AFCD206197D100F412E4 /* IrohaTransactionBuilderTests.swift */,
			);
			path = TransactionBuilder;
			sourceTree = "<group>";
		};
		8AE1B02B2066B0A400F412E4 /* Crypto */ = {
			isa = PBXGroup;
			children = (
				8AE1B0302066C05600F412E4 /* IrohaModelCryptoTests.swift */,
			);
			path = Crypto;
			sourceTree = "<group>";
		};
		8AE1B0362066D58000F412E4 /* Exception */ = {
			isa = PBXGroup;
			children = (
				8A9B9F07206ACC0E0052CAD4 /* ObjC.h */,
				8A9B9F09206ACC0E0052CAD4 /* ObjC.mm */,
			);
			path = Exception;
			sourceTree = "<group>";
		};
		8AE1B03D2066DCBC00F412E4 /* Exception */ = {
			isa = PBXGroup;
			children = (
				8AE1B0422066DCED00F412E4 /* IrohaTransactionBuilderError.swift */,
			);
			path = Exception;
			sourceTree = "<group>";
		};
		8AE1B0442066E20900F412E4 /* Exception */ = {
			isa = PBXGroup;
			children = (
				8AE1B0452066E22E00F412E4 /* IrohaQueryBuilderError.swift */,
			);
			path = Exception;
			sourceTree = "<group>";
		};
		8AEDF203203CA1AF001D7448 = {
			isa = PBXGroup;
			children = (
				8A374650209E399C005D623F /* libs */,
				8A37473620A0E14F005D623F /* SwiftyIrohaExample */,
				8AB823DD20403BFF001FF63C /* Frameworks */,
				8AEDF20E203CA1AF001D7448 /* Products */,
				8AEDF20F203CA1AF001D7448 /* SwiftyIroha */,
				8AEDF21A203CA1AF001D7448 /* SwiftyIrohaTests */,
				8AF2C8BD205D18B2001288C6 /* README.md */,
				8A5EFCE220487764004ACDD4 /* SwiftyIroha.podspec */,
				21A5AE2EB4B7B8E3CFC32366 /* Pods */,
			);
			sourceTree = "<group>";
		};
		8AEDF20E203CA1AF001D7448 /* Products */ = {
			isa = PBXGroup;
			children = (
				8AEDF20D203CA1AF001D7448 /* SwiftyIroha.framework */,
				8A37473520A0E14F005D623F /* SwiftyIrohaExample.app */,
			);
			name = Products;
			sourceTree = "<group>";
		};
		8AEDF20F203CA1AF001D7448 /* SwiftyIroha */ = {
			isa = PBXGroup;
			children = (
				8AEDF240203CA205001D7448 /* ObjC++ */,
				8AEDF229203CA205001D7448 /* Swift */,
				8AEDF211203CA1AF001D7448 /* Info.plist */,
				8AEDF210203CA1AF001D7448 /* SwiftyIroha.h */,
			);
			path = SwiftyIroha;
			sourceTree = "<group>";
		};
		8AEDF21A203CA1AF001D7448 /* SwiftyIrohaTests */ = {
			isa = PBXGroup;
			children = (
				8AF2C8C2205D1D42001288C6 /* Swift */,
				8AEDF21D203CA1AF001D7448 /* Info.plist */,
			);
			path = SwiftyIrohaTests;
			sourceTree = "<group>";
		};
		8AEDF229203CA205001D7448 /* Swift */ = {
			isa = PBXGroup;
			children = (
				8AF2C8C4205D1D4C001288C6 /* Crypto */,
				8AEDF231203CA205001D7448 /* ModelCrypto */,
				8AEDF239203CA205001D7448 /* Query */,
				8AEDF22A203CA205001D7448 /* Transaction */,
			);
			path = Swift;
			sourceTree = "<group>";
		};
		8AEDF22A203CA205001D7448 /* Transaction */ = {
			isa = PBXGroup;
			children = (
				8AEDF22D203CA205001D7448 /* TransactionBuilder */,
				8AEDF22B203CA205001D7448 /* TransactionPreparation */,
				8AEDF22F203CA205001D7448 /* Unsignedtransaction */,
			);
			path = Transaction;
			sourceTree = "<group>";
		};
		8AEDF22B203CA205001D7448 /* TransactionPreparation */ = {
			isa = PBXGroup;
			children = (
				8AEDF22C203CA205001D7448 /* IrohaTransactionPreparation.swift */,
			);
			path = TransactionPreparation;
			sourceTree = "<group>";
		};
		8AEDF22D203CA205001D7448 /* TransactionBuilder */ = {
			isa = PBXGroup;
			children = (
				8AE1B03D2066DCBC00F412E4 /* Exception */,
				8AEDF22E203CA205001D7448 /* IrohaTransactionBuilder.swift */,
			);
			path = TransactionBuilder;
			sourceTree = "<group>";
		};
		8AEDF22F203CA205001D7448 /* Unsignedtransaction */ = {
			isa = PBXGroup;
			children = (
				8AEDF230203CA205001D7448 /* IrohaUnsignedTransaction.swift */,
			);
			path = Unsignedtransaction;
			sourceTree = "<group>";
		};
		8AEDF231203CA205001D7448 /* ModelCrypto */ = {
			isa = PBXGroup;
			children = (
				8AEDF235203CA205001D7448 /* Keypair */,
				8AEDF237203CA205001D7448 /* PrivateKey */,
				8AEDF232203CA205001D7448 /* PublicKey */,
			);
			path = ModelCrypto;
			sourceTree = "<group>";
		};
		8AEDF232203CA205001D7448 /* PublicKey */ = {
			isa = PBXGroup;
			children = (
				8AEDF233203CA205001D7448 /* IrohaPublicKey.swift */,
			);
			path = PublicKey;
			sourceTree = "<group>";
		};
		8AEDF235203CA205001D7448 /* Keypair */ = {
			isa = PBXGroup;
			children = (
				8AEDF236203CA205001D7448 /* IrohaKeypair.swift */,
			);
			path = Keypair;
			sourceTree = "<group>";
		};
		8AEDF237203CA205001D7448 /* PrivateKey */ = {
			isa = PBXGroup;
			children = (
				8AEDF238203CA205001D7448 /* IrohaPrivateKey.swift */,
			);
			path = PrivateKey;
			sourceTree = "<group>";
		};
		8AEDF239203CA205001D7448 /* Query */ = {
			isa = PBXGroup;
			children = (
				8AEDF23A203CA205001D7448 /* QueryBuilder */,
				8AEDF23E203CA205001D7448 /* QueryPreparation */,
				8AEDF23C203CA205001D7448 /* UnsignedQuery */,
			);
			path = Query;
			sourceTree = "<group>";
		};
		8AEDF23A203CA205001D7448 /* QueryBuilder */ = {
			isa = PBXGroup;
			children = (
				8AE1B0442066E20900F412E4 /* Exception */,
				8AEDF23B203CA205001D7448 /* IrohaQueryBuilder.swift */,
			);
			path = QueryBuilder;
			sourceTree = "<group>";
		};
		8AEDF23C203CA205001D7448 /* UnsignedQuery */ = {
			isa = PBXGroup;
			children = (
				8AEDF23D203CA205001D7448 /* IrohaUnsignedQuery.swift */,
			);
			path = UnsignedQuery;
			sourceTree = "<group>";
		};
		8AEDF23E203CA205001D7448 /* QueryPreparation */ = {
			isa = PBXGroup;
			children = (
				8AEDF23F203CA205001D7448 /* IrohaQueryPreparation.swift */,
			);
			path = QueryPreparation;
			sourceTree = "<group>";
		};
		8AEDF240203CA205001D7448 /* ObjC++ */ = {
			isa = PBXGroup;
			children = (
				8AE1B0362066D58000F412E4 /* Exception */,
				8AEDF247203CA205001D7448 /* ModelCrypto */,
				8AEDF256203CA205001D7448 /* ModelProto */,
				8AEDF253203CA205001D7448 /* ModelQueryBuilder */,
				8AEDF241203CA205001D7448 /* ModelTransactionBuilder */,
				8AEDF244203CA205001D7448 /* UnsignedQuery */,
				8AEDF259203CA205001D7448 /* UnsignedTransaction */,
			);
			path = "ObjC++";
			sourceTree = "<group>";
		};
		8AEDF241203CA205001D7448 /* ModelTransactionBuilder */ = {
			isa = PBXGroup;
			children = (
				8AEDF242203CA205001D7448 /* IRModelTransactionBuilder.h */,
				8AEDF243203CA205001D7448 /* IRModelTransactionBuilder.mm */,
			);
			path = ModelTransactionBuilder;
			sourceTree = "<group>";
		};
		8AEDF244203CA205001D7448 /* UnsignedQuery */ = {
			isa = PBXGroup;
			children = (
				8AEDF246203CA205001D7448 /* IRUnsignedQuery.h */,
				8AEDF245203CA205001D7448 /* IRUnsignedQuery.mm */,
			);
			path = UnsignedQuery;
			sourceTree = "<group>";
		};
		8AEDF247203CA205001D7448 /* ModelCrypto */ = {
			isa = PBXGroup;
			children = (
				8AEDF24A203CA205001D7448 /* Keypair */,
				8AEDF249203CA205001D7448 /* IRModelCrypto.h */,
				8AEDF248203CA205001D7448 /* IRModelCrypto.mm */,
			);
			path = ModelCrypto;
			sourceTree = "<group>";
		};
		8AEDF24A203CA205001D7448 /* Keypair */ = {
			isa = PBXGroup;
			children = (
				8AEDF250203CA205001D7448 /* PrivateKey */,
				8AEDF24B203CA205001D7448 /* PublicKey */,
				8AEDF24E203CA205001D7448 /* IRKeypair.h */,
				8AEDF24F203CA205001D7448 /* IRKeypair.mm */,
			);
			path = Keypair;
			sourceTree = "<group>";
		};
		8AEDF24B203CA205001D7448 /* PublicKey */ = {
			isa = PBXGroup;
			children = (
				8AEDF24D203CA205001D7448 /* IRPublicKey.h */,
				8AEDF24C203CA205001D7448 /* IRPublicKey.m */,
			);
			path = PublicKey;
			sourceTree = "<group>";
		};
		8AEDF250203CA205001D7448 /* PrivateKey */ = {
			isa = PBXGroup;
			children = (
				8AEDF252203CA205001D7448 /* IRPrivateKey.h */,
				8AEDF251203CA205001D7448 /* IRPrivateKey.m */,
			);
			path = PrivateKey;
			sourceTree = "<group>";
		};
		8AEDF253203CA205001D7448 /* ModelQueryBuilder */ = {
			isa = PBXGroup;
			children = (
				8AEDF255203CA205001D7448 /* IRModelQueryBuilder.h */,
				8AEDF254203CA205001D7448 /* IRModelQueryBuilder.mm */,
			);
			path = ModelQueryBuilder;
			sourceTree = "<group>";
		};
		8AEDF256203CA205001D7448 /* ModelProto */ = {
			isa = PBXGroup;
			children = (
				8AEDF258203CA205001D7448 /* IRModelProto.h */,
				8AEDF257203CA205001D7448 /* IRModelProto.mm */,
			);
			path = ModelProto;
			sourceTree = "<group>";
		};
		8AEDF259203CA205001D7448 /* UnsignedTransaction */ = {
			isa = PBXGroup;
			children = (
				8AEDF25B203CA205001D7448 /* IRUnsignedtransaction.h */,
				8AEDF25A203CA205001D7448 /* IRUnsignedtransaction.mm */,
			);
			path = UnsignedTransaction;
			sourceTree = "<group>";
		};
		8AF2C8B9205D1610001288C6 /* Query */ = {
			isa = PBXGroup;
			children = (
				8A79EB6A205D21BA00C197F9 /* QueryBuilder */,
			);
			path = Query;
			sourceTree = "<group>";
		};
		8AF2C8C2205D1D42001288C6 /* Swift */ = {
			isa = PBXGroup;
			children = (
				8AE1B02B2066B0A400F412E4 /* Crypto */,
				8AF2C8B9205D1610001288C6 /* Query */,
				8AE1AFCB206197B200F412E4 /* Transaction */,
			);
			path = Swift;
			sourceTree = "<group>";
		};
		8AF2C8C4205D1D4C001288C6 /* Crypto */ = {
			isa = PBXGroup;
			children = (
				8AEDF234203CA205001D7448 /* IrohaModelCrypto.swift */,
			);
			path = Crypto;
			sourceTree = "<group>";
		};
/* End PBXGroup section */

/* Begin PBXHeadersBuildPhase section */
		8AEDF20A203CA1AF001D7448 /* Headers */ = {
			isa = PBXHeadersBuildPhase;
			buildActionMask = 2147483647;
			files = (
				8AEDF26F203CA205001D7448 /* IRKeypair.h in Headers */,
				8AEDF274203CA205001D7448 /* IRModelQueryBuilder.h in Headers */,
				8AEDF278203CA205001D7448 /* IRUnsignedtransaction.h in Headers */,
				8AEDF276203CA205001D7448 /* IRModelProto.h in Headers */,
				8AEDF26C203CA205001D7448 /* IRModelCrypto.h in Headers */,
				8A9B9F0A206ACC0E0052CAD4 /* ObjC.h in Headers */,
				8AEDF267203CA205001D7448 /* IRModelTransactionBuilder.h in Headers */,
				8AEDF26E203CA205001D7448 /* IRPublicKey.h in Headers */,
				8AB823DC20403B11001FF63C /* IRPrivateKey.h in Headers */,
				8AEDF26A203CA205001D7448 /* IRUnsignedQuery.h in Headers */,
				8AEDF21E203CA1AF001D7448 /* SwiftyIroha.h in Headers */,
			);
			runOnlyForDeploymentPostprocessing = 0;
		};
/* End PBXHeadersBuildPhase section */

/* Begin PBXNativeTarget section */
		8A37473420A0E14F005D623F /* SwiftyIrohaExample */ = {
			isa = PBXNativeTarget;
			buildConfigurationList = 8A37474420A0E14F005D623F /* Build configuration list for PBXNativeTarget "SwiftyIrohaExample" */;
			buildPhases = (
				130C3E3F391CB360811EFA1F /* [CP] Check Pods Manifest.lock */,
				8A37473120A0E14F005D623F /* Sources */,
				8A37473220A0E14F005D623F /* Frameworks */,
				8A37473320A0E14F005D623F /* Resources */,
				01A9A06A8D0C662638720A0E /* [CP] Embed Pods Frameworks */,
				8A52511520A4D38500ED2309 /* Embed Frameworks */,
			);
			buildRules = (
			);
			dependencies = (
				8A52511420A4D38500ED2309 /* PBXTargetDependency */,
			);
			name = SwiftyIrohaExample;
			productName = SwiftyIrohaExample;
			productReference = 8A37473520A0E14F005D623F /* SwiftyIrohaExample.app */;
			productType = "com.apple.product-type.application";
		};
		8AEDF20C203CA1AF001D7448 /* SwiftyIroha */ = {
			isa = PBXNativeTarget;
			buildConfigurationList = 8AEDF221203CA1AF001D7448 /* Build configuration list for PBXNativeTarget "SwiftyIroha" */;
			buildPhases = (
				0FFBA7E518B10B6E93493744 /* [CP] Check Pods Manifest.lock */,
				8AEDF208203CA1AF001D7448 /* Sources */,
				8AEDF209203CA1AF001D7448 /* Frameworks */,
				8AEDF20A203CA1AF001D7448 /* Headers */,
				8AEDF20B203CA1AF001D7448 /* Resources */,
			);
			buildRules = (
			);
			dependencies = (
			);
			name = SwiftyIroha;
			productName = SwiftyIroha;
			productReference = 8AEDF20D203CA1AF001D7448 /* SwiftyIroha.framework */;
			productType = "com.apple.product-type.framework";
		};
/* End PBXNativeTarget section */

/* Begin PBXProject section */
		8AEDF204203CA1AF001D7448 /* Project object */ = {
			isa = PBXProject;
			attributes = {
				LastSwiftUpdateCheck = 0930;
				LastUpgradeCheck = 0920;
				ORGANIZATIONNAME = Soramitsu;
				TargetAttributes = {
					8A37473420A0E14F005D623F = {
						CreatedOnToolsVersion = 9.3;
						ProvisioningStyle = Automatic;
					};
					8AEDF20C203CA1AF001D7448 = {
						CreatedOnToolsVersion = 9.2;
						ProvisioningStyle = Automatic;
					};
				};
			};
			buildConfigurationList = 8AEDF207203CA1AF001D7448 /* Build configuration list for PBXProject "SwiftyIroha" */;
			compatibilityVersion = "Xcode 8.0";
			developmentRegion = en;
			hasScannedForEncodings = 0;
			knownRegions = (
				en,
				Base,
			);
			mainGroup = 8AEDF203203CA1AF001D7448;
			productRefGroup = 8AEDF20E203CA1AF001D7448 /* Products */;
			projectDirPath = "";
			projectRoot = "";
			targets = (
				8AEDF20C203CA1AF001D7448 /* SwiftyIroha */,
				8A37473420A0E14F005D623F /* SwiftyIrohaExample */,
			);
		};
/* End PBXProject section */

/* Begin PBXResourcesBuildPhase section */
		8A37473320A0E14F005D623F /* Resources */ = {
			isa = PBXResourcesBuildPhase;
			buildActionMask = 2147483647;
			files = (
				8A7F6DBE20A0E85A0083FFC0 /* Main.storyboard in Resources */,
				8A37474220A0E14F005D623F /* LaunchScreen.storyboard in Resources */,
				8A37473F20A0E14F005D623F /* Assets.xcassets in Resources */,
			);
			runOnlyForDeploymentPostprocessing = 0;
		};
		8AEDF20B203CA1AF001D7448 /* Resources */ = {
			isa = PBXResourcesBuildPhase;
			buildActionMask = 2147483647;
			files = (
				8AF2C8BF205D18B2001288C6 /* README.md in Resources */,
				8A5EFCE320487764004ACDD4 /* SwiftyIroha.podspec in Resources */,
			);
			runOnlyForDeploymentPostprocessing = 0;
		};
/* End PBXResourcesBuildPhase section */

/* Begin PBXShellScriptBuildPhase section */
		01A9A06A8D0C662638720A0E /* [CP] Embed Pods Frameworks */ = {
			isa = PBXShellScriptBuildPhase;
			buildActionMask = 2147483647;
			files = (
			);
			inputPaths = (
				"${SRCROOT}/Pods/Target Support Files/Pods-SwiftyIrohaExample/Pods-SwiftyIrohaExample-frameworks.sh",
				"${BUILT_PRODUCTS_DIR}/BoringSSL/openssl.framework",
				"${BUILT_PRODUCTS_DIR}/SwiftGRPC/SwiftGRPC.framework",
				"${BUILT_PRODUCTS_DIR}/SwiftProtobuf/SwiftProtobuf.framework",
				"${BUILT_PRODUCTS_DIR}/gRPC-Core/grpc.framework",
				"${BUILT_PRODUCTS_DIR}/nanopb/nanopb.framework",
			);
			name = "[CP] Embed Pods Frameworks";
			outputPaths = (
				"${TARGET_BUILD_DIR}/${FRAMEWORKS_FOLDER_PATH}/openssl.framework",
				"${TARGET_BUILD_DIR}/${FRAMEWORKS_FOLDER_PATH}/SwiftGRPC.framework",
				"${TARGET_BUILD_DIR}/${FRAMEWORKS_FOLDER_PATH}/SwiftProtobuf.framework",
				"${TARGET_BUILD_DIR}/${FRAMEWORKS_FOLDER_PATH}/grpc.framework",
				"${TARGET_BUILD_DIR}/${FRAMEWORKS_FOLDER_PATH}/nanopb.framework",
			);
			runOnlyForDeploymentPostprocessing = 0;
			shellPath = /bin/sh;
			shellScript = "\"${SRCROOT}/Pods/Target Support Files/Pods-SwiftyIrohaExample/Pods-SwiftyIrohaExample-frameworks.sh\"\n";
			showEnvVarsInLog = 0;
		};
		0FFBA7E518B10B6E93493744 /* [CP] Check Pods Manifest.lock */ = {
			isa = PBXShellScriptBuildPhase;
			buildActionMask = 2147483647;
			files = (
			);
			inputPaths = (
				"${PODS_PODFILE_DIR_PATH}/Podfile.lock",
				"${PODS_ROOT}/Manifest.lock",
			);
			name = "[CP] Check Pods Manifest.lock";
			outputPaths = (
				"$(DERIVED_FILE_DIR)/Pods-SwiftyIroha-checkManifestLockResult.txt",
			);
			runOnlyForDeploymentPostprocessing = 0;
			shellPath = /bin/sh;
			shellScript = "diff \"${PODS_PODFILE_DIR_PATH}/Podfile.lock\" \"${PODS_ROOT}/Manifest.lock\" > /dev/null\nif [ $? != 0 ] ; then\n    # print error to STDERR\n    echo \"error: The sandbox is not in sync with the Podfile.lock. Run 'pod install' or update your CocoaPods installation.\" >&2\n    exit 1\nfi\n# This output is used by Xcode 'outputs' to avoid re-running this script phase.\necho \"SUCCESS\" > \"${SCRIPT_OUTPUT_FILE_0}\"\n";
			showEnvVarsInLog = 0;
		};
		130C3E3F391CB360811EFA1F /* [CP] Check Pods Manifest.lock */ = {
			isa = PBXShellScriptBuildPhase;
			buildActionMask = 2147483647;
			files = (
			);
			inputPaths = (
				"${PODS_PODFILE_DIR_PATH}/Podfile.lock",
				"${PODS_ROOT}/Manifest.lock",
			);
			name = "[CP] Check Pods Manifest.lock";
			outputPaths = (
				"$(DERIVED_FILE_DIR)/Pods-SwiftyIrohaExample-checkManifestLockResult.txt",
			);
			runOnlyForDeploymentPostprocessing = 0;
			shellPath = /bin/sh;
			shellScript = "diff \"${PODS_PODFILE_DIR_PATH}/Podfile.lock\" \"${PODS_ROOT}/Manifest.lock\" > /dev/null\nif [ $? != 0 ] ; then\n    # print error to STDERR\n    echo \"error: The sandbox is not in sync with the Podfile.lock. Run 'pod install' or update your CocoaPods installation.\" >&2\n    exit 1\nfi\n# This output is used by Xcode 'outputs' to avoid re-running this script phase.\necho \"SUCCESS\" > \"${SCRIPT_OUTPUT_FILE_0}\"\n";
			showEnvVarsInLog = 0;
		};
/* End PBXShellScriptBuildPhase section */

/* Begin PBXSourcesBuildPhase section */
		8A37473120A0E14F005D623F /* Sources */ = {
			isa = PBXSourcesBuildPhase;
			buildActionMask = 2147483647;
			files = (
				8A37473A20A0E14F005D623F /* ViewController.swift in Sources */,
				8A37477120A0E297005D623F /* iroha.protocol.client.pb.swift in Sources */,
				8A37477220A0E297005D623F /* endpoint.pb.swift in Sources */,
				8A37477020A0E297005D623F /* block.pb.swift in Sources */,
				8A37477420A0E297005D623F /* primitive.pb.swift in Sources */,
				8A37477820A0E297005D623F /* responses.pb.swift in Sources */,
				8A37477320A0E297005D623F /* ordering.pb.swift in Sources */,
				8A37477520A0E297005D623F /* commands.pb.swift in Sources */,
				8A37477720A0E297005D623F /* queries.pb.swift in Sources */,
				8A37473820A0E14F005D623F /* AppDelegate.swift in Sources */,
				8A37477620A0E297005D623F /* loader.pb.swift in Sources */,
			);
			runOnlyForDeploymentPostprocessing = 0;
		};
		8AEDF208203CA1AF001D7448 /* Sources */ = {
			isa = PBXSourcesBuildPhase;
			buildActionMask = 2147483647;
			files = (
				8AB823E220403C24001FF63C /* IRUnsignedQuery.mm in Sources */,
				8AE1B0462066E22E00F412E4 /* IrohaQueryBuilderError.swift in Sources */,
				8AB823E320403C24001FF63C /* IRModelCrypto.mm in Sources */,
				8AEDF25F203CA205001D7448 /* IrohaUnsignedTransaction.swift in Sources */,
				8AEDF263203CA205001D7448 /* IrohaPrivateKey.swift in Sources */,
				8AEDF264203CA205001D7448 /* IrohaQueryBuilder.swift in Sources */,
				8AE1B0432066DCED00F412E4 /* IrohaTransactionBuilderError.swift in Sources */,
				8AEDF261203CA205001D7448 /* IrohaModelCrypto.swift in Sources */,
				8AEDF270203CA205001D7448 /* IRKeypair.mm in Sources */,
				8AEDF265203CA205001D7448 /* IrohaUnsignedQuery.swift in Sources */,
				8AEDF271203CA205001D7448 /* IRPrivateKey.m in Sources */,
				8AEDF25E203CA205001D7448 /* IrohaTransactionBuilder.swift in Sources */,
				8AEDF266203CA205001D7448 /* IrohaQueryPreparation.swift in Sources */,
				8AEDF262203CA205001D7448 /* IrohaKeypair.swift in Sources */,
				8AEDF268203CA205001D7448 /* IRModelTransactionBuilder.mm in Sources */,
				8AEDF260203CA205001D7448 /* IrohaPublicKey.swift in Sources */,
				8AEDF25D203CA205001D7448 /* IrohaTransactionPreparation.swift in Sources */,
				8AEDF275203CA205001D7448 /* IRModelProto.mm in Sources */,
				8AEDF273203CA205001D7448 /* IRModelQueryBuilder.mm in Sources */,
				8A9B9F0B206ACC0E0052CAD4 /* ObjC.mm in Sources */,
				8AEDF26D203CA205001D7448 /* IRPublicKey.m in Sources */,
				8AEDF277203CA205001D7448 /* IRUnsignedtransaction.mm in Sources */,
			);
			runOnlyForDeploymentPostprocessing = 0;
		};
/* End PBXSourcesBuildPhase section */

/* Begin PBXTargetDependency section */
		8A52511420A4D38500ED2309 /* PBXTargetDependency */ = {
			isa = PBXTargetDependency;
			target = 8AEDF20C203CA1AF001D7448 /* SwiftyIroha */;
			targetProxy = 8A52511320A4D38500ED2309 /* PBXContainerItemProxy */;
		};
/* End PBXTargetDependency section */

/* Begin PBXVariantGroup section */
		8A37474020A0E14F005D623F /* LaunchScreen.storyboard */ = {
			isa = PBXVariantGroup;
			children = (
				8A37474120A0E14F005D623F /* Base */,
			);
			name = LaunchScreen.storyboard;
			sourceTree = "<group>";
		};
/* End PBXVariantGroup section */

/* Begin XCBuildConfiguration section */
		8A37474520A0E14F005D623F /* Debug */ = {
			isa = XCBuildConfiguration;
			baseConfigurationReference = E4F0B471CB95C7DE614A1318 /* Pods-SwiftyIrohaExample.debug.xcconfig */;
			buildSettings = {
				ALWAYS_EMBED_SWIFT_STANDARD_LIBRARIES = YES;
				ASSETCATALOG_COMPILER_APPICON_NAME = AppIcon;
				CLANG_ENABLE_OBJC_WEAK = YES;
				CLANG_WARN_DEPRECATED_OBJC_IMPLEMENTATIONS = YES;
				CLANG_WARN_OBJC_IMPLICIT_RETAIN_SELF = YES;
				CODE_SIGN_STYLE = Automatic;
				DEVELOPMENT_TEAM = YLWWUD25VZ;
				ENABLE_BITCODE = NO;
				INFOPLIST_FILE = SwiftyIrohaExample/Info.plist;
				LD_RUNPATH_SEARCH_PATHS = "$(inherited) @executable_path/Frameworks";
				PRODUCT_BUNDLE_IDENTIFIER = co.jp.soramitsu.SwiftyIrohaExample;
				PRODUCT_NAME = "$(TARGET_NAME)";
				SWIFT_VERSION = 4.0;
				TARGETED_DEVICE_FAMILY = "1,2";
			};
			name = Debug;
		};
		8A37474620A0E14F005D623F /* Release */ = {
			isa = XCBuildConfiguration;
			baseConfigurationReference = 3310E2100DABACD5CD563F10 /* Pods-SwiftyIrohaExample.release.xcconfig */;
			buildSettings = {
				ALWAYS_EMBED_SWIFT_STANDARD_LIBRARIES = YES;
				ASSETCATALOG_COMPILER_APPICON_NAME = AppIcon;
				CLANG_ENABLE_OBJC_WEAK = YES;
				CLANG_WARN_DEPRECATED_OBJC_IMPLEMENTATIONS = YES;
				CLANG_WARN_OBJC_IMPLICIT_RETAIN_SELF = YES;
				CODE_SIGN_STYLE = Automatic;
				DEVELOPMENT_TEAM = YLWWUD25VZ;
				ENABLE_BITCODE = NO;
				INFOPLIST_FILE = SwiftyIrohaExample/Info.plist;
				LD_RUNPATH_SEARCH_PATHS = "$(inherited) @executable_path/Frameworks";
				PRODUCT_BUNDLE_IDENTIFIER = co.jp.soramitsu.SwiftyIrohaExample;
				PRODUCT_NAME = "$(TARGET_NAME)";
				SWIFT_VERSION = 4.0;
				TARGETED_DEVICE_FAMILY = "1,2";
			};
			name = Release;
		};
		8AEDF21F203CA1AF001D7448 /* Debug */ = {
			isa = XCBuildConfiguration;
			buildSettings = {
				ALWAYS_SEARCH_USER_PATHS = NO;
				CLANG_ANALYZER_NONNULL = YES;
				CLANG_ANALYZER_NUMBER_OBJECT_CONVERSION = YES_AGGRESSIVE;
				CLANG_CXX_LANGUAGE_STANDARD = "gnu++14";
				CLANG_CXX_LIBRARY = "libc++";
				CLANG_ENABLE_MODULES = YES;
				CLANG_ENABLE_OBJC_ARC = YES;
				CLANG_WARN_BLOCK_CAPTURE_AUTORELEASING = YES;
				CLANG_WARN_BOOL_CONVERSION = YES;
				CLANG_WARN_COMMA = YES;
				CLANG_WARN_CONSTANT_CONVERSION = YES;
				CLANG_WARN_DIRECT_OBJC_ISA_USAGE = YES_ERROR;
				CLANG_WARN_DOCUMENTATION_COMMENTS = YES;
				CLANG_WARN_EMPTY_BODY = YES;
				CLANG_WARN_ENUM_CONVERSION = YES;
				CLANG_WARN_INFINITE_RECURSION = YES;
				CLANG_WARN_INT_CONVERSION = YES;
				CLANG_WARN_NON_LITERAL_NULL_CONVERSION = YES;
				CLANG_WARN_OBJC_LITERAL_CONVERSION = YES;
				CLANG_WARN_OBJC_ROOT_CLASS = YES_ERROR;
				CLANG_WARN_RANGE_LOOP_ANALYSIS = YES;
				CLANG_WARN_STRICT_PROTOTYPES = YES;
				CLANG_WARN_SUSPICIOUS_MOVE = YES;
				CLANG_WARN_UNGUARDED_AVAILABILITY = YES_AGGRESSIVE;
				CLANG_WARN_UNREACHABLE_CODE = YES;
				CLANG_WARN__DUPLICATE_METHOD_MATCH = YES;
				CODE_SIGN_IDENTITY = "iPhone Developer";
				COPY_PHASE_STRIP = NO;
				CURRENT_PROJECT_VERSION = 1;
				DEBUG_INFORMATION_FORMAT = dwarf;
				ENABLE_STRICT_OBJC_MSGSEND = YES;
				ENABLE_TESTABILITY = YES;
				GCC_C_LANGUAGE_STANDARD = gnu11;
				GCC_DYNAMIC_NO_PIC = NO;
				GCC_NO_COMMON_BLOCKS = YES;
				GCC_OPTIMIZATION_LEVEL = 0;
				GCC_PREPROCESSOR_DEFINITIONS = (
					"DEBUG=1",
					"$(inherited)",
				);
				GCC_WARN_64_TO_32_BIT_CONVERSION = YES;
				GCC_WARN_ABOUT_RETURN_TYPE = YES_ERROR;
				GCC_WARN_UNDECLARED_SELECTOR = YES;
				GCC_WARN_UNINITIALIZED_AUTOS = YES_AGGRESSIVE;
				GCC_WARN_UNUSED_FUNCTION = YES;
				GCC_WARN_UNUSED_VARIABLE = YES;
				HEADER_SEARCH_PATHS = (
					"$(PROJECT_DIR)/headers/schema",
					"$(PROJECT_DIR)/headers/libs",
					"$(PROJECT_DIR)/headers/shared_model",
					"$(PROJECT_DIR)/headers/optional/include",
					"$(PROJECT_DIR)/headers/protobuf/include",
					"$(PROJECT_DIR)/headers/boost/include",
					"$(PROJECT_DIR)/headers/spdlog/include",
					"$(PROJECT_DIR)/headers/old_model",
				);
				IPHONEOS_DEPLOYMENT_TARGET = 11.3;
				MTL_ENABLE_DEBUG_INFO = YES;
				ONLY_ACTIVE_ARCH = YES;
				SDKROOT = iphoneos;
				SWIFT_ACTIVE_COMPILATION_CONDITIONS = DEBUG;
				SWIFT_OPTIMIZATION_LEVEL = "-Onone";
				VERSIONING_SYSTEM = "apple-generic";
				VERSION_INFO_PREFIX = "";
			};
			name = Debug;
		};
		8AEDF220203CA1AF001D7448 /* Release */ = {
			isa = XCBuildConfiguration;
			buildSettings = {
				ALWAYS_SEARCH_USER_PATHS = NO;
				CLANG_ANALYZER_NONNULL = YES;
				CLANG_ANALYZER_NUMBER_OBJECT_CONVERSION = YES_AGGRESSIVE;
				CLANG_CXX_LANGUAGE_STANDARD = "gnu++14";
				CLANG_CXX_LIBRARY = "libc++";
				CLANG_ENABLE_MODULES = YES;
				CLANG_ENABLE_OBJC_ARC = YES;
				CLANG_WARN_BLOCK_CAPTURE_AUTORELEASING = YES;
				CLANG_WARN_BOOL_CONVERSION = YES;
				CLANG_WARN_COMMA = YES;
				CLANG_WARN_CONSTANT_CONVERSION = YES;
				CLANG_WARN_DIRECT_OBJC_ISA_USAGE = YES_ERROR;
				CLANG_WARN_DOCUMENTATION_COMMENTS = YES;
				CLANG_WARN_EMPTY_BODY = YES;
				CLANG_WARN_ENUM_CONVERSION = YES;
				CLANG_WARN_INFINITE_RECURSION = YES;
				CLANG_WARN_INT_CONVERSION = YES;
				CLANG_WARN_NON_LITERAL_NULL_CONVERSION = YES;
				CLANG_WARN_OBJC_LITERAL_CONVERSION = YES;
				CLANG_WARN_OBJC_ROOT_CLASS = YES_ERROR;
				CLANG_WARN_RANGE_LOOP_ANALYSIS = YES;
				CLANG_WARN_STRICT_PROTOTYPES = YES;
				CLANG_WARN_SUSPICIOUS_MOVE = YES;
				CLANG_WARN_UNGUARDED_AVAILABILITY = YES_AGGRESSIVE;
				CLANG_WARN_UNREACHABLE_CODE = YES;
				CLANG_WARN__DUPLICATE_METHOD_MATCH = YES;
				CODE_SIGN_IDENTITY = "iPhone Developer";
				COPY_PHASE_STRIP = NO;
				CURRENT_PROJECT_VERSION = 1;
				DEBUG_INFORMATION_FORMAT = "dwarf-with-dsym";
				ENABLE_NS_ASSERTIONS = NO;
				ENABLE_STRICT_OBJC_MSGSEND = YES;
				GCC_C_LANGUAGE_STANDARD = gnu11;
				GCC_NO_COMMON_BLOCKS = YES;
				GCC_WARN_64_TO_32_BIT_CONVERSION = YES;
				GCC_WARN_ABOUT_RETURN_TYPE = YES_ERROR;
				GCC_WARN_UNDECLARED_SELECTOR = YES;
				GCC_WARN_UNINITIALIZED_AUTOS = YES_AGGRESSIVE;
				GCC_WARN_UNUSED_FUNCTION = YES;
				GCC_WARN_UNUSED_VARIABLE = YES;
				HEADER_SEARCH_PATHS = (
					"$(PROJECT_DIR)/headers/schema",
					"$(PROJECT_DIR)/headers/libs",
					"$(PROJECT_DIR)/headers/shared_model",
					"$(PROJECT_DIR)/headers/optional/include",
					"$(PROJECT_DIR)/headers/protobuf/include",
					"$(PROJECT_DIR)/headers/boost/include",
					"$(PROJECT_DIR)/headers/spdlog/include",
					"$(PROJECT_DIR)/headers/old_model",
				);
				IPHONEOS_DEPLOYMENT_TARGET = 11.3;
				MTL_ENABLE_DEBUG_INFO = NO;
				SDKROOT = iphoneos;
				SWIFT_OPTIMIZATION_LEVEL = "-Owholemodule";
				VALIDATE_PRODUCT = YES;
				VERSIONING_SYSTEM = "apple-generic";
				VERSION_INFO_PREFIX = "";
			};
			name = Release;
		};
		8AEDF222203CA1AF001D7448 /* Debug */ = {
			isa = XCBuildConfiguration;
			baseConfigurationReference = C34751E70B833A4A0B0C6926 /* Pods-SwiftyIroha.debug.xcconfig */;
			buildSettings = {
				CODE_SIGN_IDENTITY = "";
				CODE_SIGN_STYLE = Automatic;
				DEFINES_MODULE = YES;
				DEVELOPMENT_TEAM = YLWWUD25VZ;
				DYLIB_COMPATIBILITY_VERSION = 1;
				DYLIB_CURRENT_VERSION = 1;
				DYLIB_INSTALL_NAME_BASE = "@rpath";
				ENABLE_BITCODE = NO;
				FRAMEWORK_SEARCH_PATHS = (
					"$(inherited)",
					"$(PROJECT_DIR)",
				);
				HEADER_SEARCH_PATHS = (
					"$(PROJECT_DIR)/headers",
					"$(inherited)",
				);
				INFOPLIST_FILE = SwiftyIroha/Info.plist;
				INSTALL_PATH = "$(LOCAL_LIBRARY_DIR)/Frameworks";
				LD_RUNPATH_SEARCH_PATHS = "$(inherited) @executable_path/Frameworks @loader_path/Frameworks";
				LIBRARY_SEARCH_PATHS = (
					"$(inherited)",
					"$(PROJECT_DIR)/libs/iOS",
					"$(PROJECT_DIR)/libs/Simulator",
				);
				OTHER_CPLUSPLUSFLAGS = (
					"$(OTHER_CFLAGS)",
					"-DDISABLE_BACKWARD",
				);
				"OTHER_LDFLAGS[sdk=iphoneos*]" = (
					"$(PROJECT_DIR)/libs/iOS/libbindings.a",
					"$(PROJECT_DIR)/libs/iOS/libshared_model_cryptography.a",
					"$(PROJECT_DIR)/libs/iOS/libed25519.a",
					"$(PROJECT_DIR)/libs/iOS/libgenerator.a",
					"$(PROJECT_DIR)/libs/iOS/libhash.a",
					"$(PROJECT_DIR)/libs/iOS/libiroha_amount.a",
					"$(PROJECT_DIR)/libs/iOS/libprotobuf.a",
					"$(PROJECT_DIR)/libs/iOS/libschema.a",
					"$(PROJECT_DIR)/libs/iOS/libshared_model_cryptography_model.a",
					"$(PROJECT_DIR)/libs/iOS/libshared_model_stateless_validation.a",
					"$(PROJECT_DIR)/libs/iOS/libed25519_crypto.a",
				);
				"OTHER_LDFLAGS[sdk=iphonesimulator*]" = (
					"$(PROJECT_DIR)/libs/Simulator/libshared_model_stateless_validation.a",
					"$(PROJECT_DIR)/libs/Simulator/libshared_model_cryptography_model.a",
					"$(PROJECT_DIR)/libs/Simulator/libschema.a",
					"$(PROJECT_DIR)/libs/Simulator/libed25519_crypto.a",
					"$(PROJECT_DIR)/libs/Simulator/libprotobuf.a",
					"$(PROJECT_DIR)/libs/Simulator/libiroha_amount.a",
					"$(PROJECT_DIR)/libs/Simulator/libhash.a",
					"$(PROJECT_DIR)/libs/Simulator/libgenerator.a",
					"$(PROJECT_DIR)/libs/Simulator/libed25519.a",
					"$(PROJECT_DIR)/libs/Simulator/libshared_model_cryptography.a",
					"$(PROJECT_DIR)/libs/Simulator/libbindings.a",
				);
				PRODUCT_BUNDLE_IDENTIFIER = co.jp.soramitsu.SwiftyIroha;
				PRODUCT_NAME = "$(TARGET_NAME:c99extidentifier)";
				SKIP_INSTALL = YES;
				SWIFT_VERSION = 4.0;
				SYSTEM_HEADER_SEARCH_PATHS = "";
				TARGETED_DEVICE_FAMILY = "1,2";
				VALID_ARCHS = "arm64 armv7 armv7s";
			};
			name = Debug;
		};
		8AEDF223203CA1AF001D7448 /* Release */ = {
			isa = XCBuildConfiguration;
			baseConfigurationReference = 6B276009DC1259ADE96BDC36 /* Pods-SwiftyIroha.release.xcconfig */;
			buildSettings = {
				CODE_SIGN_IDENTITY = "";
				CODE_SIGN_STYLE = Automatic;
				DEFINES_MODULE = YES;
				DEVELOPMENT_TEAM = YLWWUD25VZ;
				DYLIB_COMPATIBILITY_VERSION = 1;
				DYLIB_CURRENT_VERSION = 1;
				DYLIB_INSTALL_NAME_BASE = "@rpath";
				ENABLE_BITCODE = NO;
				FRAMEWORK_SEARCH_PATHS = (
					"$(inherited)",
					"$(PROJECT_DIR)",
				);
				HEADER_SEARCH_PATHS = (
					"$(PROJECT_DIR)/headers",
					"$(inherited)",
				);
				INFOPLIST_FILE = SwiftyIroha/Info.plist;
				INSTALL_PATH = "$(LOCAL_LIBRARY_DIR)/Frameworks";
				LD_RUNPATH_SEARCH_PATHS = "$(inherited) @executable_path/Frameworks @loader_path/Frameworks";
				LIBRARY_SEARCH_PATHS = (
					"$(PROJECT_DIR)/libs/iOS",
					"$(PROJECT_DIR)/libs/Simulator",
				);
				OTHER_CPLUSPLUSFLAGS = (
					"$(OTHER_CFLAGS)",
					"-DDISABLE_BACKWARD",
				);
				"OTHER_LDFLAGS[sdk=iphoneos*]" = (
					"$(PROJECT_DIR)/libs/iOS/libbindings.a",
					"$(PROJECT_DIR)/libs/iOS/libshared_model_cryptography.a",
					"$(PROJECT_DIR)/libs/iOS/libed25519.a",
					"$(PROJECT_DIR)/libs/iOS/libgenerator.a",
					"$(PROJECT_DIR)/libs/iOS/libhash.a",
					"$(PROJECT_DIR)/libs/iOS/libiroha_amount.a",
					"$(PROJECT_DIR)/libs/iOS/libprotobuf.a",
					"$(PROJECT_DIR)/libs/iOS/libschema.a",
					"$(PROJECT_DIR)/libs/iOS/libshared_model_cryptography_model.a",
					"$(PROJECT_DIR)/libs/iOS/libshared_model_stateless_validation.a",
					"$(PROJECT_DIR)/libs/iOS/libed25519_crypto.a",
				);
				"OTHER_LDFLAGS[sdk=iphonesimulator*]" = (
					"$(PROJECT_DIR)/libs/Simulator/libshared_model_stateless_validation.a",
					"$(PROJECT_DIR)/libs/Simulator/libshared_model_cryptography_model.a",
					"$(PROJECT_DIR)/libs/Simulator/libschema.a",
					"$(PROJECT_DIR)/libs/Simulator/libprotobuf.a",
					"$(PROJECT_DIR)/libs/Simulator/libiroha_amount.a",
					"$(PROJECT_DIR)/libs/Simulator/libhash.a",
					"$(PROJECT_DIR)/libs/Simulator/libgenerator.a",
					"$(PROJECT_DIR)/libs/Simulator/libed25519.a",
					"$(PROJECT_DIR)/libs/Simulator/libshared_model_cryptography.a",
					"$(PROJECT_DIR)/libs/Simulator/libbindings.a",
					"$(PROJECT_DIR)/libs/Simulator/libed25519_crypto.a",
				);
				PRODUCT_BUNDLE_IDENTIFIER = co.jp.soramitsu.SwiftyIroha;
				PRODUCT_NAME = "$(TARGET_NAME:c99extidentifier)";
				SKIP_INSTALL = YES;
				SWIFT_VERSION = 4.0;
				SYSTEM_HEADER_SEARCH_PATHS = "";
				TARGETED_DEVICE_FAMILY = "1,2";
				VALID_ARCHS = "arm64 armv7 armv7s";
			};
			name = Release;
		};
/* End XCBuildConfiguration section */

/* Begin XCConfigurationList section */
		8A37474420A0E14F005D623F /* Build configuration list for PBXNativeTarget "SwiftyIrohaExample" */ = {
			isa = XCConfigurationList;
			buildConfigurations = (
				8A37474520A0E14F005D623F /* Debug */,
				8A37474620A0E14F005D623F /* Release */,
			);
			defaultConfigurationIsVisible = 0;
			defaultConfigurationName = Release;
		};
		8AEDF207203CA1AF001D7448 /* Build configuration list for PBXProject "SwiftyIroha" */ = {
			isa = XCConfigurationList;
			buildConfigurations = (
				8AEDF21F203CA1AF001D7448 /* Debug */,
				8AEDF220203CA1AF001D7448 /* Release */,
			);
			defaultConfigurationIsVisible = 0;
			defaultConfigurationName = Release;
		};
		8AEDF221203CA1AF001D7448 /* Build configuration list for PBXNativeTarget "SwiftyIroha" */ = {
			isa = XCConfigurationList;
			buildConfigurations = (
				8AEDF222203CA1AF001D7448 /* Debug */,
				8AEDF223203CA1AF001D7448 /* Release */,
			);
			defaultConfigurationIsVisible = 0;
			defaultConfigurationName = Release;
		};
/* End XCConfigurationList section */
	};
	rootObject = 8AEDF204203CA1AF001D7448 /* Project object */;
}
