// !$*UTF8*$!
{
	archiveVersion = 1;
	classes = {
	};
	objectVersion = 46;
	objects = {

/* Begin PBXBuildFile section */
		74F1E36A1D8DA68F0035760E /* AppDelegate.swift in Sources */ = {isa = PBXBuildFile; fileRef = 74F1E3691D8DA68F0035760E /* AppDelegate.swift */; };
		74F1E36C1D8DA68F0035760E /* ViewController.swift in Sources */ = {isa = PBXBuildFile; fileRef = 74F1E36B1D8DA68F0035760E /* ViewController.swift */; };
		74F1E36F1D8DA68F0035760E /* Main.storyboard in Resources */ = {isa = PBXBuildFile; fileRef = 74F1E36D1D8DA68F0035760E /* Main.storyboard */; };
		74F1E3711D8DA68F0035760E /* Assets.xcassets in Resources */ = {isa = PBXBuildFile; fileRef = 74F1E3701D8DA68F0035760E /* Assets.xcassets */; };
		74F1E3741D8DA6900035760E /* LaunchScreen.storyboard in Resources */ = {isa = PBXBuildFile; fileRef = 74F1E3721D8DA6900035760E /* LaunchScreen.storyboard */; };
		74F1E37F1D8DA6900035760E /* ExampleTests.swift in Sources */ = {isa = PBXBuildFile; fileRef = 74F1E37E1D8DA6900035760E /* ExampleTests.swift */; };
		74F1E38A1D8DA6900035760E /* ExampleUITests.swift in Sources */ = {isa = PBXBuildFile; fileRef = 74F1E3891D8DA6900035760E /* ExampleUITests.swift */; };
		74F1E66D1D8DA9EC0035760E /* IrohaSwift.framework in Frameworks */ = {isa = PBXBuildFile; fileRef = 74F1E6681D8DA9AF0035760E /* IrohaSwift.framework */; };
/* End PBXBuildFile section */

/* Begin PBXContainerItemProxy section */
		74F1E37B1D8DA6900035760E /* PBXContainerItemProxy */ = {
			isa = PBXContainerItemProxy;
			containerPortal = 74F1E35E1D8DA68F0035760E /* Project object */;
			proxyType = 1;
			remoteGlobalIDString = 74F1E3651D8DA68F0035760E;
			remoteInfo = Example;
		};
		74F1E3861D8DA6900035760E /* PBXContainerItemProxy */ = {
			isa = PBXContainerItemProxy;
			containerPortal = 74F1E35E1D8DA68F0035760E /* Project object */;
			proxyType = 1;
			remoteGlobalIDString = 74F1E3651D8DA68F0035760E;
			remoteInfo = Example;
		};
		74F1E6671D8DA9AF0035760E /* PBXContainerItemProxy */ = {
			isa = PBXContainerItemProxy;
			containerPortal = 74F1E6621D8DA9AF0035760E /* IrohaSwift.xcodeproj */;
			proxyType = 2;
			remoteGlobalIDString = 7471C8641D8D942300C151E8;
			remoteInfo = IrohaSwift;
		};
		74F1E6691D8DA9AF0035760E /* PBXContainerItemProxy */ = {
			isa = PBXContainerItemProxy;
			containerPortal = 74F1E6621D8DA9AF0035760E /* IrohaSwift.xcodeproj */;
			proxyType = 2;
			remoteGlobalIDString = 7471C86E1D8D942300C151E8;
			remoteInfo = IrohaSwiftTests;
		};
/* End PBXContainerItemProxy section */

/* Begin PBXFileReference section */
		74F1E3661D8DA68F0035760E /* Example.app */ = {isa = PBXFileReference; explicitFileType = wrapper.application; includeInIndex = 0; path = Example.app; sourceTree = BUILT_PRODUCTS_DIR; };
		74F1E3691D8DA68F0035760E /* AppDelegate.swift */ = {isa = PBXFileReference; lastKnownFileType = sourcecode.swift; path = AppDelegate.swift; sourceTree = "<group>"; };
		74F1E36B1D8DA68F0035760E /* ViewController.swift */ = {isa = PBXFileReference; lastKnownFileType = sourcecode.swift; path = ViewController.swift; sourceTree = "<group>"; };
		74F1E36E1D8DA68F0035760E /* Base */ = {isa = PBXFileReference; lastKnownFileType = file.storyboard; name = Base; path = Base.lproj/Main.storyboard; sourceTree = "<group>"; };
		74F1E3701D8DA68F0035760E /* Assets.xcassets */ = {isa = PBXFileReference; lastKnownFileType = folder.assetcatalog; path = Assets.xcassets; sourceTree = "<group>"; };
		74F1E3731D8DA6900035760E /* Base */ = {isa = PBXFileReference; lastKnownFileType = file.storyboard; name = Base; path = Base.lproj/LaunchScreen.storyboard; sourceTree = "<group>"; };
		74F1E3751D8DA6900035760E /* Info.plist */ = {isa = PBXFileReference; lastKnownFileType = text.plist.xml; path = Info.plist; sourceTree = "<group>"; };
		74F1E37A1D8DA6900035760E /* ExampleTests.xctest */ = {isa = PBXFileReference; explicitFileType = wrapper.cfbundle; includeInIndex = 0; path = ExampleTests.xctest; sourceTree = BUILT_PRODUCTS_DIR; };
		74F1E37E1D8DA6900035760E /* ExampleTests.swift */ = {isa = PBXFileReference; lastKnownFileType = sourcecode.swift; path = ExampleTests.swift; sourceTree = "<group>"; };
		74F1E3801D8DA6900035760E /* Info.plist */ = {isa = PBXFileReference; lastKnownFileType = text.plist.xml; path = Info.plist; sourceTree = "<group>"; };
		74F1E3851D8DA6900035760E /* ExampleUITests.xctest */ = {isa = PBXFileReference; explicitFileType = wrapper.cfbundle; includeInIndex = 0; path = ExampleUITests.xctest; sourceTree = BUILT_PRODUCTS_DIR; };
		74F1E3891D8DA6900035760E /* ExampleUITests.swift */ = {isa = PBXFileReference; lastKnownFileType = sourcecode.swift; path = ExampleUITests.swift; sourceTree = "<group>"; };
		74F1E38B1D8DA6900035760E /* Info.plist */ = {isa = PBXFileReference; lastKnownFileType = text.plist.xml; path = Info.plist; sourceTree = "<group>"; };
		74F1E6621D8DA9AF0035760E /* IrohaSwift.xcodeproj */ = {isa = PBXFileReference; lastKnownFileType = "wrapper.pb-project"; name = IrohaSwift.xcodeproj; path = ../IrohaSwift.xcodeproj; sourceTree = "<group>"; };
/* End PBXFileReference section */

/* Begin PBXFrameworksBuildPhase section */
		74F1E3631D8DA68F0035760E /* Frameworks */ = {
			isa = PBXFrameworksBuildPhase;
			buildActionMask = 2147483647;
			files = (
				74F1E66D1D8DA9EC0035760E /* IrohaSwift.framework in Frameworks */,
			);
			runOnlyForDeploymentPostprocessing = 0;
		};
		74F1E3771D8DA6900035760E /* Frameworks */ = {
			isa = PBXFrameworksBuildPhase;
			buildActionMask = 2147483647;
			files = (
			);
			runOnlyForDeploymentPostprocessing = 0;
		};
		74F1E3821D8DA6900035760E /* Frameworks */ = {
			isa = PBXFrameworksBuildPhase;
			buildActionMask = 2147483647;
			files = (
			);
			runOnlyForDeploymentPostprocessing = 0;
		};
/* End PBXFrameworksBuildPhase section */

/* Begin PBXGroup section */
		74F1E35D1D8DA68F0035760E = {
			isa = PBXGroup;
			children = (
				74F1E3681D8DA68F0035760E /* Example */,
				74F1E37D1D8DA6900035760E /* ExampleTests */,
				74F1E3881D8DA6900035760E /* ExampleUITests */,
				74F1E3671D8DA68F0035760E /* Products */,
				74F1E6621D8DA9AF0035760E /* IrohaSwift.xcodeproj */,
			);
			sourceTree = "<group>";
		};
		74F1E3671D8DA68F0035760E /* Products */ = {
			isa = PBXGroup;
			children = (
				74F1E3661D8DA68F0035760E /* Example.app */,
				74F1E37A1D8DA6900035760E /* ExampleTests.xctest */,
				74F1E3851D8DA6900035760E /* ExampleUITests.xctest */,
			);
			name = Products;
			sourceTree = "<group>";
		};
		74F1E3681D8DA68F0035760E /* Example */ = {
			isa = PBXGroup;
			children = (
				74F1E3691D8DA68F0035760E /* AppDelegate.swift */,
				74F1E36B1D8DA68F0035760E /* ViewController.swift */,
				74F1E36D1D8DA68F0035760E /* Main.storyboard */,
				74F1E3701D8DA68F0035760E /* Assets.xcassets */,
				74F1E3721D8DA6900035760E /* LaunchScreen.storyboard */,
				74F1E3751D8DA6900035760E /* Info.plist */,
			);
			path = Example;
			sourceTree = "<group>";
		};
		74F1E37D1D8DA6900035760E /* ExampleTests */ = {
			isa = PBXGroup;
			children = (
				74F1E37E1D8DA6900035760E /* ExampleTests.swift */,
				74F1E3801D8DA6900035760E /* Info.plist */,
			);
			path = ExampleTests;
			sourceTree = "<group>";
		};
		74F1E3881D8DA6900035760E /* ExampleUITests */ = {
			isa = PBXGroup;
			children = (
				74F1E3891D8DA6900035760E /* ExampleUITests.swift */,
				74F1E38B1D8DA6900035760E /* Info.plist */,
			);
			path = ExampleUITests;
			sourceTree = "<group>";
		};
		74F1E6631D8DA9AF0035760E /* Products */ = {
			isa = PBXGroup;
			children = (
				74F1E6681D8DA9AF0035760E /* IrohaSwift.framework */,
				74F1E66A1D8DA9AF0035760E /* IrohaSwiftTests.xctest */,
			);
			name = Products;
			sourceTree = "<group>";
		};
/* End PBXGroup section */

/* Begin PBXNativeTarget section */
		74F1E3651D8DA68F0035760E /* Example */ = {
			isa = PBXNativeTarget;
			buildConfigurationList = 74F1E38E1D8DA6900035760E /* Build configuration list for PBXNativeTarget "Example" */;
			buildPhases = (
				74F1E3621D8DA68F0035760E /* Sources */,
				74F1E3631D8DA68F0035760E /* Frameworks */,
				74F1E3641D8DA68F0035760E /* Resources */,
			);
			buildRules = (
			);
			dependencies = (
			);
			name = Example;
			productName = Example;
			productReference = 74F1E3661D8DA68F0035760E /* Example.app */;
			productType = "com.apple.product-type.application";
		};
		74F1E3791D8DA6900035760E /* ExampleTests */ = {
			isa = PBXNativeTarget;
			buildConfigurationList = 74F1E3911D8DA6900035760E /* Build configuration list for PBXNativeTarget "ExampleTests" */;
			buildPhases = (
				74F1E3761D8DA6900035760E /* Sources */,
				74F1E3771D8DA6900035760E /* Frameworks */,
				74F1E3781D8DA6900035760E /* Resources */,
			);
			buildRules = (
			);
			dependencies = (
				74F1E37C1D8DA6900035760E /* PBXTargetDependency */,
			);
			name = ExampleTests;
			productName = ExampleTests;
			productReference = 74F1E37A1D8DA6900035760E /* ExampleTests.xctest */;
			productType = "com.apple.product-type.bundle.unit-test";
		};
		74F1E3841D8DA6900035760E /* ExampleUITests */ = {
			isa = PBXNativeTarget;
			buildConfigurationList = 74F1E3941D8DA6900035760E /* Build configuration list for PBXNativeTarget "ExampleUITests" */;
			buildPhases = (
				74F1E3811D8DA6900035760E /* Sources */,
				74F1E3821D8DA6900035760E /* Frameworks */,
				74F1E3831D8DA6900035760E /* Resources */,
			);
			buildRules = (
			);
			dependencies = (
				74F1E3871D8DA6900035760E /* PBXTargetDependency */,
			);
			name = ExampleUITests;
			productName = ExampleUITests;
			productReference = 74F1E3851D8DA6900035760E /* ExampleUITests.xctest */;
			productType = "com.apple.product-type.bundle.ui-testing";
		};
/* End PBXNativeTarget section */

/* Begin PBXProject section */
		74F1E35E1D8DA68F0035760E /* Project object */ = {
			isa = PBXProject;
			attributes = {
				LastSwiftUpdateCheck = 0730;
				LastUpgradeCheck = 0730;
				ORGANIZATIONNAME = "Kaji Satoshi";
				TargetAttributes = {
					74F1E3651D8DA68F0035760E = {
						CreatedOnToolsVersion = 7.3.1;
					};
					74F1E3791D8DA6900035760E = {
						CreatedOnToolsVersion = 7.3.1;
						TestTargetID = 74F1E3651D8DA68F0035760E;
					};
					74F1E3841D8DA6900035760E = {
						CreatedOnToolsVersion = 7.3.1;
						TestTargetID = 74F1E3651D8DA68F0035760E;
					};
				};
			};
			buildConfigurationList = 74F1E3611D8DA68F0035760E /* Build configuration list for PBXProject "Example" */;
			compatibilityVersion = "Xcode 3.2";
			developmentRegion = English;
			hasScannedForEncodings = 0;
			knownRegions = (
				en,
				Base,
			);
			mainGroup = 74F1E35D1D8DA68F0035760E;
			productRefGroup = 74F1E3671D8DA68F0035760E /* Products */;
			projectDirPath = "";
			projectReferences = (
				{
					ProductGroup = 74F1E6631D8DA9AF0035760E /* Products */;
					ProjectRef = 74F1E6621D8DA9AF0035760E /* IrohaSwift.xcodeproj */;
				},
			);
			projectRoot = "";
			targets = (
				74F1E3651D8DA68F0035760E /* Example */,
				74F1E3791D8DA6900035760E /* ExampleTests */,
				74F1E3841D8DA6900035760E /* ExampleUITests */,
			);
		};
/* End PBXProject section */

/* Begin PBXReferenceProxy section */
		74F1E6681D8DA9AF0035760E /* IrohaSwift.framework */ = {
			isa = PBXReferenceProxy;
			fileType = wrapper.framework;
			path = IrohaSwift.framework;
			remoteRef = 74F1E6671D8DA9AF0035760E /* PBXContainerItemProxy */;
			sourceTree = BUILT_PRODUCTS_DIR;
		};
		74F1E66A1D8DA9AF0035760E /* IrohaSwiftTests.xctest */ = {
			isa = PBXReferenceProxy;
			fileType = wrapper.cfbundle;
			path = IrohaSwiftTests.xctest;
			remoteRef = 74F1E6691D8DA9AF0035760E /* PBXContainerItemProxy */;
			sourceTree = BUILT_PRODUCTS_DIR;
		};
/* End PBXReferenceProxy section */

/* Begin PBXResourcesBuildPhase section */
		74F1E3641D8DA68F0035760E /* Resources */ = {
			isa = PBXResourcesBuildPhase;
			buildActionMask = 2147483647;
			files = (
				74F1E3741D8DA6900035760E /* LaunchScreen.storyboard in Resources */,
				74F1E3711D8DA68F0035760E /* Assets.xcassets in Resources */,
				74F1E36F1D8DA68F0035760E /* Main.storyboard in Resources */,
			);
			runOnlyForDeploymentPostprocessing = 0;
		};
		74F1E3781D8DA6900035760E /* Resources */ = {
			isa = PBXResourcesBuildPhase;
			buildActionMask = 2147483647;
			files = (
			);
			runOnlyForDeploymentPostprocessing = 0;
		};
		74F1E3831D8DA6900035760E /* Resources */ = {
			isa = PBXResourcesBuildPhase;
			buildActionMask = 2147483647;
			files = (
			);
			runOnlyForDeploymentPostprocessing = 0;
		};
/* End PBXResourcesBuildPhase section */

/* Begin PBXSourcesBuildPhase section */
		74F1E3621D8DA68F0035760E /* Sources */ = {
			isa = PBXSourcesBuildPhase;
			buildActionMask = 2147483647;
			files = (
				74F1E36C1D8DA68F0035760E /* ViewController.swift in Sources */,
				74F1E36A1D8DA68F0035760E /* AppDelegate.swift in Sources */,
			);
			runOnlyForDeploymentPostprocessing = 0;
		};
		74F1E3761D8DA6900035760E /* Sources */ = {
			isa = PBXSourcesBuildPhase;
			buildActionMask = 2147483647;
			files = (
				74F1E37F1D8DA6900035760E /* ExampleTests.swift in Sources */,
			);
			runOnlyForDeploymentPostprocessing = 0;
		};
		74F1E3811D8DA6900035760E /* Sources */ = {
			isa = PBXSourcesBuildPhase;
			buildActionMask = 2147483647;
			files = (
				74F1E38A1D8DA6900035760E /* ExampleUITests.swift in Sources */,
			);
			runOnlyForDeploymentPostprocessing = 0;
		};
/* End PBXSourcesBuildPhase section */

/* Begin PBXTargetDependency section */
		74F1E37C1D8DA6900035760E /* PBXTargetDependency */ = {
			isa = PBXTargetDependency;
			target = 74F1E3651D8DA68F0035760E /* Example */;
			targetProxy = 74F1E37B1D8DA6900035760E /* PBXContainerItemProxy */;
		};
		74F1E3871D8DA6900035760E /* PBXTargetDependency */ = {
			isa = PBXTargetDependency;
			target = 74F1E3651D8DA68F0035760E /* Example */;
			targetProxy = 74F1E3861D8DA6900035760E /* PBXContainerItemProxy */;
		};
/* End PBXTargetDependency section */

/* Begin PBXVariantGroup section */
		74F1E36D1D8DA68F0035760E /* Main.storyboard */ = {
			isa = PBXVariantGroup;
			children = (
				74F1E36E1D8DA68F0035760E /* Base */,
			);
			name = Main.storyboard;
			sourceTree = "<group>";
		};
		74F1E3721D8DA6900035760E /* LaunchScreen.storyboard */ = {
			isa = PBXVariantGroup;
			children = (
				74F1E3731D8DA6900035760E /* Base */,
			);
			name = LaunchScreen.storyboard;
			sourceTree = "<group>";
		};
/* End PBXVariantGroup section */

/* Begin XCBuildConfiguration section */
		74F1E38C1D8DA6900035760E /* Debug */ = {
			isa = XCBuildConfiguration;
			buildSettings = {
				ALWAYS_SEARCH_USER_PATHS = NO;
				CLANG_ANALYZER_NONNULL = YES;
				CLANG_CXX_LANGUAGE_STANDARD = "gnu++0x";
				CLANG_CXX_LIBRARY = "libc++";
				CLANG_ENABLE_MODULES = YES;
				CLANG_ENABLE_OBJC_ARC = YES;
				CLANG_WARN_BOOL_CONVERSION = YES;
				CLANG_WARN_CONSTANT_CONVERSION = YES;
				CLANG_WARN_DIRECT_OBJC_ISA_USAGE = YES_ERROR;
				CLANG_WARN_EMPTY_BODY = YES;
				CLANG_WARN_ENUM_CONVERSION = YES;
				CLANG_WARN_INT_CONVERSION = YES;
				CLANG_WARN_OBJC_ROOT_CLASS = YES_ERROR;
				CLANG_WARN_UNREACHABLE_CODE = YES;
				CLANG_WARN__DUPLICATE_METHOD_MATCH = YES;
				"CODE_SIGN_IDENTITY[sdk=iphoneos*]" = "iPhone Developer";
				COPY_PHASE_STRIP = NO;
				DEBUG_INFORMATION_FORMAT = dwarf;
				ENABLE_STRICT_OBJC_MSGSEND = YES;
				ENABLE_TESTABILITY = YES;
				GCC_C_LANGUAGE_STANDARD = gnu99;
				GCC_DYNAMIC_NO_PIC = NO;
				GCC_NO_COMMON_BLOCKS = YES;
				GCC_OPTIMIZATION_LEVEL = 0;
				GCC_PREPROCESSOR_DEFINITIONS = (
					"DEBUG=1",
					"$(inherited)",
				);
				GCC_WARN_64_TO_32_BIT_CONVERSION = YES;
				GCC_WARN_ABOUT_RETURN_TYPE = YES_ERROR;
				GCC_WARN_UNDECLARED_SELECTOR = YES;
				GCC_WARN_UNINITIALIZED_AUTOS = YES_AGGRESSIVE;
				GCC_WARN_UNUSED_FUNCTION = YES;
				GCC_WARN_UNUSED_VARIABLE = YES;
				IPHONEOS_DEPLOYMENT_TARGET = 9.3;
				MTL_ENABLE_DEBUG_INFO = YES;
				ONLY_ACTIVE_ARCH = YES;
				SDKROOT = iphoneos;
				SWIFT_OPTIMIZATION_LEVEL = "-Onone";
			};
			name = Debug;
		};
		74F1E38D1D8DA6900035760E /* Release */ = {
			isa = XCBuildConfiguration;
			buildSettings = {
				ALWAYS_SEARCH_USER_PATHS = NO;
				CLANG_ANALYZER_NONNULL = YES;
				CLANG_CXX_LANGUAGE_STANDARD = "gnu++0x";
				CLANG_CXX_LIBRARY = "libc++";
				CLANG_ENABLE_MODULES = YES;
				CLANG_ENABLE_OBJC_ARC = YES;
				CLANG_WARN_BOOL_CONVERSION = YES;
				CLANG_WARN_CONSTANT_CONVERSION = YES;
				CLANG_WARN_DIRECT_OBJC_ISA_USAGE = YES_ERROR;
				CLANG_WARN_EMPTY_BODY = YES;
				CLANG_WARN_ENUM_CONVERSION = YES;
				CLANG_WARN_INT_CONVERSION = YES;
				CLANG_WARN_OBJC_ROOT_CLASS = YES_ERROR;
				CLANG_WARN_UNREACHABLE_CODE = YES;
				CLANG_WARN__DUPLICATE_METHOD_MATCH = YES;
				"CODE_SIGN_IDENTITY[sdk=iphoneos*]" = "iPhone Developer";
				COPY_PHASE_STRIP = NO;
				DEBUG_INFORMATION_FORMAT = "dwarf-with-dsym";
				ENABLE_NS_ASSERTIONS = NO;
				ENABLE_STRICT_OBJC_MSGSEND = YES;
				GCC_C_LANGUAGE_STANDARD = gnu99;
				GCC_NO_COMMON_BLOCKS = YES;
				GCC_WARN_64_TO_32_BIT_CONVERSION = YES;
				GCC_WARN_ABOUT_RETURN_TYPE = YES_ERROR;
				GCC_WARN_UNDECLARED_SELECTOR = YES;
				GCC_WARN_UNINITIALIZED_AUTOS = YES_AGGRESSIVE;
				GCC_WARN_UNUSED_FUNCTION = YES;
				GCC_WARN_UNUSED_VARIABLE = YES;
				IPHONEOS_DEPLOYMENT_TARGET = 9.3;
				MTL_ENABLE_DEBUG_INFO = NO;
				SDKROOT = iphoneos;
				VALIDATE_PRODUCT = YES;
			};
			name = Release;
		};
		74F1E38F1D8DA6900035760E /* Debug */ = {
			isa = XCBuildConfiguration;
			buildSettings = {
				ASSETCATALOG_COMPILER_APPICON_NAME = AppIcon;
				FRAMEWORK_SEARCH_PATHS = "";
				INFOPLIST_FILE = Example/Info.plist;
				LD_RUNPATH_SEARCH_PATHS = "$(inherited) @executable_path/Frameworks";
				PRODUCT_BUNDLE_IDENTIFIER = co.jp.soramitsu.Example;
				PRODUCT_NAME = "$(TARGET_NAME)";
			};
			name = Debug;
		};
		74F1E3901D8DA6900035760E /* Release */ = {
			isa = XCBuildConfiguration;
			buildSettings = {
				ASSETCATALOG_COMPILER_APPICON_NAME = AppIcon;
				FRAMEWORK_SEARCH_PATHS = "";
				INFOPLIST_FILE = Example/Info.plist;
				LD_RUNPATH_SEARCH_PATHS = "$(inherited) @executable_path/Frameworks";
				PRODUCT_BUNDLE_IDENTIFIER = co.jp.soramitsu.Example;
				PRODUCT_NAME = "$(TARGET_NAME)";
			};
			name = Release;
		};
		74F1E3921D8DA6900035760E /* Debug */ = {
			isa = XCBuildConfiguration;
			buildSettings = {
				BUNDLE_LOADER = "$(TEST_HOST)";
				INFOPLIST_FILE = ExampleTests/Info.plist;
				LD_RUNPATH_SEARCH_PATHS = "$(inherited) @executable_path/Frameworks @loader_path/Frameworks";
				PRODUCT_BUNDLE_IDENTIFIER = co.jp.soramitsu.ExampleTests;
				PRODUCT_NAME = "$(TARGET_NAME)";
				TEST_HOST = "$(BUILT_PRODUCTS_DIR)/Example.app/Example";
			};
			name = Debug;
		};
		74F1E3931D8DA6900035760E /* Release */ = {
			isa = XCBuildConfiguration;
			buildSettings = {
				BUNDLE_LOADER = "$(TEST_HOST)";
				INFOPLIST_FILE = ExampleTests/Info.plist;
				LD_RUNPATH_SEARCH_PATHS = "$(inherited) @executable_path/Frameworks @loader_path/Frameworks";
				PRODUCT_BUNDLE_IDENTIFIER = co.jp.soramitsu.ExampleTests;
				PRODUCT_NAME = "$(TARGET_NAME)";
				TEST_HOST = "$(BUILT_PRODUCTS_DIR)/Example.app/Example";
			};
			name = Release;
		};
		74F1E3951D8DA6900035760E /* Debug */ = {
			isa = XCBuildConfiguration;
			buildSettings = {
				INFOPLIST_FILE = ExampleUITests/Info.plist;
				LD_RUNPATH_SEARCH_PATHS = "$(inherited) @executable_path/Frameworks @loader_path/Frameworks";
				PRODUCT_BUNDLE_IDENTIFIER = co.jp.soramitsu.ExampleUITests;
				PRODUCT_NAME = "$(TARGET_NAME)";
				TEST_TARGET_NAME = Example;
			};
			name = Debug;
		};
		74F1E3961D8DA6900035760E /* Release */ = {
			isa = XCBuildConfiguration;
			buildSettings = {
				INFOPLIST_FILE = ExampleUITests/Info.plist;
				LD_RUNPATH_SEARCH_PATHS = "$(inherited) @executable_path/Frameworks @loader_path/Frameworks";
				PRODUCT_BUNDLE_IDENTIFIER = co.jp.soramitsu.ExampleUITests;
				PRODUCT_NAME = "$(TARGET_NAME)";
				TEST_TARGET_NAME = Example;
			};
			name = Release;
		};
/* End XCBuildConfiguration section */

/* Begin XCConfigurationList section */
		74F1E3611D8DA68F0035760E /* Build configuration list for PBXProject "Example" */ = {
			isa = XCConfigurationList;
			buildConfigurations = (
				74F1E38C1D8DA6900035760E /* Debug */,
				74F1E38D1D8DA6900035760E /* Release */,
			);
			defaultConfigurationIsVisible = 0;
			defaultConfigurationName = Release;
		};
		74F1E38E1D8DA6900035760E /* Build configuration list for PBXNativeTarget "Example" */ = {
			isa = XCConfigurationList;
			buildConfigurations = (
				74F1E38F1D8DA6900035760E /* Debug */,
				74F1E3901D8DA6900035760E /* Release */,
			);
			defaultConfigurationIsVisible = 0;
		};
		74F1E3911D8DA6900035760E /* Build configuration list for PBXNativeTarget "ExampleTests" */ = {
			isa = XCConfigurationList;
			buildConfigurations = (
				74F1E3921D8DA6900035760E /* Debug */,
				74F1E3931D8DA6900035760E /* Release */,
			);
			defaultConfigurationIsVisible = 0;
		};
		74F1E3941D8DA6900035760E /* Build configuration list for PBXNativeTarget "ExampleUITests" */ = {
			isa = XCConfigurationList;
			buildConfigurations = (
				74F1E3951D8DA6900035760E /* Debug */,
				74F1E3961D8DA6900035760E /* Release */,
			);
			defaultConfigurationIsVisible = 0;
		};
/* End XCConfigurationList section */
	};
	rootObject = 74F1E35E1D8DA68F0035760E /* Project object */;
}
